// !$*UTF8*$!
{
	archiveVersion = 1;
	classes = {
	};
	objectVersion = 46;
	objects = {

/* Begin PBXBuildFile section */
		BE279CF61CDF1D4D00D4FCFB /* KYDrawerController.swift in Sources */ = {isa = PBXBuildFile; fileRef = BE279CF31CDF1D4D00D4FCFB /* KYDrawerController.swift */; };
		BE279CF71CDF1D4D00D4FCFB /* KYEmbedDrawerControllerSegue.swift in Sources */ = {isa = PBXBuildFile; fileRef = BE279CF41CDF1D4D00D4FCFB /* KYEmbedDrawerControllerSegue.swift */; };
		BE279CF81CDF1D4D00D4FCFB /* KYEmbedMainControllerSegue.swift in Sources */ = {isa = PBXBuildFile; fileRef = BE279CF51CDF1D4D00D4FCFB /* KYEmbedMainControllerSegue.swift */; };
		BE279CFA1CDF1E1C00D4FCFB /* MenuTableViewControl.swift in Sources */ = {isa = PBXBuildFile; fileRef = BE279CF91CDF1E1C00D4FCFB /* MenuTableViewControl.swift */; };
		BE28D4AA1CF17B1600976490 /* PNBar.swift in Sources */ = {isa = PBXBuildFile; fileRef = BE28D49D1CF17B1600976490 /* PNBar.swift */; };
		BE28D4AB1CF17B1600976490 /* PNBarChart.swift in Sources */ = {isa = PBXBuildFile; fileRef = BE28D49E1CF17B1600976490 /* PNBarChart.swift */; };
		BE28D4AC1CF17B1600976490 /* PNChartConfig.swift in Sources */ = {isa = PBXBuildFile; fileRef = BE28D49F1CF17B1600976490 /* PNChartConfig.swift */; };
		BE28D4AD1CF17B1600976490 /* PNChartDelegate.swift in Sources */ = {isa = PBXBuildFile; fileRef = BE28D4A01CF17B1600976490 /* PNChartDelegate.swift */; };
		BE28D4AE1CF17B1600976490 /* PNChartLabel.swift in Sources */ = {isa = PBXBuildFile; fileRef = BE28D4A31CF17B1600976490 /* PNChartLabel.swift */; };
		BE28D4AF1CF17B1600976490 /* PNLineChart.swift in Sources */ = {isa = PBXBuildFile; fileRef = BE28D4A41CF17B1600976490 /* PNLineChart.swift */; };
		BE28D4B01CF17B1600976490 /* PNLineChartData.swift in Sources */ = {isa = PBXBuildFile; fileRef = BE28D4A51CF17B1600976490 /* PNLineChartData.swift */; };
		BE28D4B11CF17B1600976490 /* PNValue.swift in Sources */ = {isa = PBXBuildFile; fileRef = BE28D4A61CF17B1600976490 /* PNValue.swift */; };
		BE28D4B21CF17B1600976490 /* view.swift in Sources */ = {isa = PBXBuildFile; fileRef = BE28D4A71CF17B1600976490 /* view.swift */; };
		BE4F02391CEF365F00126237 /* Info.plist in Resources */ = {isa = PBXBuildFile; fileRef = BE4F02361CEF365F00126237 /* Info.plist */; };
		BE4F023A1CEF365F00126237 /* RoundTableviewCell.swift in Sources */ = {isa = PBXBuildFile; fileRef = BE4F02381CEF365F00126237 /* RoundTableviewCell.swift */; };
		BE5FE7A71CCF5C5400BC5F86 /* ProjectModel.swift in Sources */ = {isa = PBXBuildFile; fileRef = BE5FE7A61CCF5C5400BC5F86 /* ProjectModel.swift */; };
		BE5FE7A91CCF8A0E00BC5F86 /* TagModel.swift in Sources */ = {isa = PBXBuildFile; fileRef = BE5FE7A81CCF8A0E00BC5F86 /* TagModel.swift */; };
		BE68E5491CE9B658006A1750 /* TagsViewController.swift in Sources */ = {isa = PBXBuildFile; fileRef = BE68E5481CE9B658006A1750 /* TagsViewController.swift */; };
		BE6E09311CD9C2B5008AABCD /* TagMapModel.swift in Sources */ = {isa = PBXBuildFile; fileRef = BE6E09301CD9C2B5008AABCD /* TagMapModel.swift */; };
		BE6E09331CD9C373008AABCD /* ProcessModel.swift in Sources */ = {isa = PBXBuildFile; fileRef = BE6E09321CD9C373008AABCD /* ProcessModel.swift */; };
		BE6E09351CD9D45E008AABCD /* ProjectTableViewController.swift in Sources */ = {isa = PBXBuildFile; fileRef = BE6E09341CD9D45E008AABCD /* ProjectTableViewController.swift */; };
		BE6E09371CD9D6FF008AABCD /* ProjectTableViewCell.swift in Sources */ = {isa = PBXBuildFile; fileRef = BE6E09361CD9D6FF008AABCD /* ProjectTableViewCell.swift */; };
		BE6EEBB71CF4220E0085A9E7 /* StatisticsViewController.swift in Sources */ = {isa = PBXBuildFile; fileRef = BE6EEBB61CF4220E0085A9E7 /* StatisticsViewController.swift */; };
		BE7DF7FF1CEC922000DB1CBB /* RRAddTagView.swift in Sources */ = {isa = PBXBuildFile; fileRef = BE7DF7FC1CEC922000DB1CBB /* RRAddTagView.swift */; };
		BE7DF8001CEC922000DB1CBB /* RRTagCollectionViewCell.swift in Sources */ = {isa = PBXBuildFile; fileRef = BE7DF7FD1CEC922000DB1CBB /* RRTagCollectionViewCell.swift */; };
		BE7DF8011CEC922000DB1CBB /* RRTagController.swift in Sources */ = {isa = PBXBuildFile; fileRef = BE7DF7FE1CEC922000DB1CBB /* RRTagController.swift */; };
		BE93C1061CE84F1700766DD4 /* SQLiteManager.swift in Sources */ = {isa = PBXBuildFile; fileRef = BE93C1051CE84F1700766DD4 /* SQLiteManager.swift */; };
		BEA520A01CCF417F00FFE43E /* AppDelegate.swift in Sources */ = {isa = PBXBuildFile; fileRef = BEA5209F1CCF417F00FFE43E /* AppDelegate.swift */; };
		BEA520A51CCF417F00FFE43E /* Main.storyboard in Resources */ = {isa = PBXBuildFile; fileRef = BEA520A31CCF417F00FFE43E /* Main.storyboard */; };
		BEA520A81CCF417F00FFE43E /* PlanIt.xcdatamodeld in Sources */ = {isa = PBXBuildFile; fileRef = BEA520A61CCF417F00FFE43E /* PlanIt.xcdatamodeld */; };
		BEA520AA1CCF417F00FFE43E /* Assets.xcassets in Resources */ = {isa = PBXBuildFile; fileRef = BEA520A91CCF417F00FFE43E /* Assets.xcassets */; };
		BEA520AD1CCF417F00FFE43E /* LaunchScreen.storyboard in Resources */ = {isa = PBXBuildFile; fileRef = BEA520AB1CCF417F00FFE43E /* LaunchScreen.storyboard */; };
		BEA520B81CCF417F00FFE43E /* PlanItTests.swift in Sources */ = {isa = PBXBuildFile; fileRef = BEA520B71CCF417F00FFE43E /* PlanItTests.swift */; };
		BEA520C31CCF417F00FFE43E /* PlanItUITests.swift in Sources */ = {isa = PBXBuildFile; fileRef = BEA520C21CCF417F00FFE43E /* PlanItUITests.swift */; };
		BEB033ED1CE058B4001128D3 /* EditProjectTableViewController.swift in Sources */ = {isa = PBXBuildFile; fileRef = BEB033EC1CE058B4001128D3 /* EditProjectTableViewController.swift */; };
		BEB8B3271CF57870002A20FE /* CloseButton.swift in Sources */ = {isa = PBXBuildFile; fileRef = BEB8B3221CF57870002A20FE /* CloseButton.swift */; };
		BEB8B3291CF57870002A20FE /* TagListView.swift in Sources */ = {isa = PBXBuildFile; fileRef = BEB8B3251CF57870002A20FE /* TagListView.swift */; };
		BEB8B32A1CF57870002A20FE /* TagView.swift in Sources */ = {isa = PBXBuildFile; fileRef = BEB8B3261CF57870002A20FE /* TagView.swift */; };
		BED9DB341CD87D05007043AA /* libsqlite3.dylib in Frameworks */ = {isa = PBXBuildFile; fileRef = BED9DB321CD87D05007043AA /* libsqlite3.dylib */; };
		BEF016A11CF03453004DC646 /* JKBlurPopup.swift in Sources */ = {isa = PBXBuildFile; fileRef = BEF016A01CF03453004DC646 /* JKBlurPopup.swift */; };
		BEF2F0A31CDC885800E21264 /* PieChartView.swift in Sources */ = {isa = PBXBuildFile; fileRef = BEF2F0A21CDC885800E21264 /* PieChartView.swift */; };
/* End PBXBuildFile section */

/* Begin PBXContainerItemProxy section */
		BEA520B41CCF417F00FFE43E /* PBXContainerItemProxy */ = {
			isa = PBXContainerItemProxy;
			containerPortal = BEA520941CCF417F00FFE43E /* Project object */;
			proxyType = 1;
			remoteGlobalIDString = BEA5209B1CCF417F00FFE43E;
			remoteInfo = PlanIt;
		};
		BEA520BF1CCF417F00FFE43E /* PBXContainerItemProxy */ = {
			isa = PBXContainerItemProxy;
			containerPortal = BEA520941CCF417F00FFE43E /* Project object */;
			proxyType = 1;
			remoteGlobalIDString = BEA5209B1CCF417F00FFE43E;
			remoteInfo = PlanIt;
		};
/* End PBXContainerItemProxy section */

/* Begin PBXFileReference section */
		BE279CF21CDF1D0D00D4FCFB /* PlanIt-Bridging-Header.h */ = {isa = PBXFileReference; lastKnownFileType = sourcecode.c.h; path = "PlanIt-Bridging-Header.h"; sourceTree = "<group>"; };
		BE279CF31CDF1D4D00D4FCFB /* KYDrawerController.swift */ = {isa = PBXFileReference; fileEncoding = 4; lastKnownFileType = sourcecode.swift; name = KYDrawerController.swift; path = KYDrawerController/Classes/KYDrawerController.swift; sourceTree = "<group>"; };
		BE279CF41CDF1D4D00D4FCFB /* KYEmbedDrawerControllerSegue.swift */ = {isa = PBXFileReference; fileEncoding = 4; lastKnownFileType = sourcecode.swift; name = KYEmbedDrawerControllerSegue.swift; path = KYDrawerController/Classes/KYEmbedDrawerControllerSegue.swift; sourceTree = "<group>"; };
		BE279CF51CDF1D4D00D4FCFB /* KYEmbedMainControllerSegue.swift */ = {isa = PBXFileReference; fileEncoding = 4; lastKnownFileType = sourcecode.swift; name = KYEmbedMainControllerSegue.swift; path = KYDrawerController/Classes/KYEmbedMainControllerSegue.swift; sourceTree = "<group>"; };
		BE279CF91CDF1E1C00D4FCFB /* MenuTableViewControl.swift */ = {isa = PBXFileReference; fileEncoding = 4; lastKnownFileType = sourcecode.swift; path = MenuTableViewControl.swift; sourceTree = "<group>"; };
		BE28D49D1CF17B1600976490 /* PNBar.swift */ = {isa = PBXFileReference; fileEncoding = 4; lastKnownFileType = sourcecode.swift; path = PNBar.swift; sourceTree = "<group>"; };
		BE28D49E1CF17B1600976490 /* PNBarChart.swift */ = {isa = PBXFileReference; fileEncoding = 4; lastKnownFileType = sourcecode.swift; path = PNBarChart.swift; sourceTree = "<group>"; };
		BE28D49F1CF17B1600976490 /* PNChartConfig.swift */ = {isa = PBXFileReference; fileEncoding = 4; lastKnownFileType = sourcecode.swift; path = PNChartConfig.swift; sourceTree = "<group>"; };
		BE28D4A01CF17B1600976490 /* PNChartDelegate.swift */ = {isa = PBXFileReference; fileEncoding = 4; lastKnownFileType = sourcecode.swift; path = PNChartDelegate.swift; sourceTree = "<group>"; };
		BE28D4A11CF17B1600976490 /* PNChartSwift.h */ = {isa = PBXFileReference; fileEncoding = 4; lastKnownFileType = sourcecode.c.h; path = PNChartSwift.h; sourceTree = "<group>"; };
		BE28D4A31CF17B1600976490 /* PNChartLabel.swift */ = {isa = PBXFileReference; fileEncoding = 4; lastKnownFileType = sourcecode.swift; path = PNChartLabel.swift; sourceTree = "<group>"; };
		BE28D4A41CF17B1600976490 /* PNLineChart.swift */ = {isa = PBXFileReference; fileEncoding = 4; lastKnownFileType = sourcecode.swift; path = PNLineChart.swift; sourceTree = "<group>"; };
		BE28D4A51CF17B1600976490 /* PNLineChartData.swift */ = {isa = PBXFileReference; fileEncoding = 4; lastKnownFileType = sourcecode.swift; path = PNLineChartData.swift; sourceTree = "<group>"; };
		BE28D4A61CF17B1600976490 /* PNValue.swift */ = {isa = PBXFileReference; fileEncoding = 4; lastKnownFileType = sourcecode.swift; path = PNValue.swift; sourceTree = "<group>"; };
		BE28D4A71CF17B1600976490 /* view.swift */ = {isa = PBXFileReference; fileEncoding = 4; lastKnownFileType = sourcecode.swift; path = view.swift; sourceTree = "<group>"; };
		BE4F02361CEF365F00126237 /* Info.plist */ = {isa = PBXFileReference; fileEncoding = 4; lastKnownFileType = text.plist.xml; path = Info.plist; sourceTree = "<group>"; };
		BE4F02371CEF365F00126237 /* RoundTableviewCell.h */ = {isa = PBXFileReference; fileEncoding = 4; lastKnownFileType = sourcecode.c.h; path = RoundTableviewCell.h; sourceTree = "<group>"; };
		BE4F02381CEF365F00126237 /* RoundTableviewCell.swift */ = {isa = PBXFileReference; fileEncoding = 4; lastKnownFileType = sourcecode.swift; path = RoundTableviewCell.swift; sourceTree = "<group>"; };
		BE5FE7A61CCF5C5400BC5F86 /* ProjectModel.swift */ = {isa = PBXFileReference; fileEncoding = 4; lastKnownFileType = sourcecode.swift; path = ProjectModel.swift; sourceTree = "<group>"; };
		BE5FE7A81CCF8A0E00BC5F86 /* TagModel.swift */ = {isa = PBXFileReference; fileEncoding = 4; lastKnownFileType = sourcecode.swift; path = TagModel.swift; sourceTree = "<group>"; };
		BE68E5481CE9B658006A1750 /* TagsViewController.swift */ = {isa = PBXFileReference; fileEncoding = 4; lastKnownFileType = sourcecode.swift; path = TagsViewController.swift; sourceTree = "<group>"; };
		BE6E09301CD9C2B5008AABCD /* TagMapModel.swift */ = {isa = PBXFileReference; fileEncoding = 4; lastKnownFileType = sourcecode.swift; path = TagMapModel.swift; sourceTree = "<group>"; };
		BE6E09321CD9C373008AABCD /* ProcessModel.swift */ = {isa = PBXFileReference; fileEncoding = 4; lastKnownFileType = sourcecode.swift; path = ProcessModel.swift; sourceTree = "<group>"; };
		BE6E09341CD9D45E008AABCD /* ProjectTableViewController.swift */ = {isa = PBXFileReference; fileEncoding = 4; lastKnownFileType = sourcecode.swift; path = ProjectTableViewController.swift; sourceTree = "<group>"; };
		BE6E09361CD9D6FF008AABCD /* ProjectTableViewCell.swift */ = {isa = PBXFileReference; fileEncoding = 4; lastKnownFileType = sourcecode.swift; path = ProjectTableViewCell.swift; sourceTree = "<group>"; };
		BE6EEBB61CF4220E0085A9E7 /* StatisticsViewController.swift */ = {isa = PBXFileReference; fileEncoding = 4; lastKnownFileType = sourcecode.swift; path = StatisticsViewController.swift; sourceTree = "<group>"; };
		BE7DF7FC1CEC922000DB1CBB /* RRAddTagView.swift */ = {isa = PBXFileReference; fileEncoding = 4; lastKnownFileType = sourcecode.swift; path = RRAddTagView.swift; sourceTree = "<group>"; };
		BE7DF7FD1CEC922000DB1CBB /* RRTagCollectionViewCell.swift */ = {isa = PBXFileReference; fileEncoding = 4; lastKnownFileType = sourcecode.swift; path = RRTagCollectionViewCell.swift; sourceTree = "<group>"; };
		BE7DF7FE1CEC922000DB1CBB /* RRTagController.swift */ = {isa = PBXFileReference; fileEncoding = 4; lastKnownFileType = sourcecode.swift; path = RRTagController.swift; sourceTree = "<group>"; };
		BE93C1051CE84F1700766DD4 /* SQLiteManager.swift */ = {isa = PBXFileReference; fileEncoding = 4; lastKnownFileType = sourcecode.swift; path = SQLiteManager.swift; sourceTree = "<group>"; };
		BEA5209C1CCF417F00FFE43E /* PlanIt.app */ = {isa = PBXFileReference; explicitFileType = wrapper.application; includeInIndex = 0; path = PlanIt.app; sourceTree = BUILT_PRODUCTS_DIR; };
		BEA5209F1CCF417F00FFE43E /* AppDelegate.swift */ = {isa = PBXFileReference; lastKnownFileType = sourcecode.swift; path = AppDelegate.swift; sourceTree = "<group>"; };
		BEA520A41CCF417F00FFE43E /* Base */ = {isa = PBXFileReference; lastKnownFileType = file.storyboard; name = Base; path = Base.lproj/Main.storyboard; sourceTree = "<group>"; };
		BEA520A71CCF417F00FFE43E /* PlanIt.xcdatamodel */ = {isa = PBXFileReference; lastKnownFileType = wrapper.xcdatamodel; path = PlanIt.xcdatamodel; sourceTree = "<group>"; };
		BEA520A91CCF417F00FFE43E /* Assets.xcassets */ = {isa = PBXFileReference; lastKnownFileType = folder.assetcatalog; path = Assets.xcassets; sourceTree = "<group>"; };
		BEA520AC1CCF417F00FFE43E /* Base */ = {isa = PBXFileReference; lastKnownFileType = file.storyboard; name = Base; path = Base.lproj/LaunchScreen.storyboard; sourceTree = "<group>"; };
		BEA520AE1CCF417F00FFE43E /* Info.plist */ = {isa = PBXFileReference; lastKnownFileType = text.plist.xml; path = Info.plist; sourceTree = "<group>"; };
		BEA520B31CCF417F00FFE43E /* PlanItTests.xctest */ = {isa = PBXFileReference; explicitFileType = wrapper.cfbundle; includeInIndex = 0; path = PlanItTests.xctest; sourceTree = BUILT_PRODUCTS_DIR; };
		BEA520B71CCF417F00FFE43E /* PlanItTests.swift */ = {isa = PBXFileReference; lastKnownFileType = sourcecode.swift; path = PlanItTests.swift; sourceTree = "<group>"; };
		BEA520B91CCF417F00FFE43E /* Info.plist */ = {isa = PBXFileReference; lastKnownFileType = text.plist.xml; path = Info.plist; sourceTree = "<group>"; };
		BEA520BE1CCF417F00FFE43E /* PlanItUITests.xctest */ = {isa = PBXFileReference; explicitFileType = wrapper.cfbundle; includeInIndex = 0; path = PlanItUITests.xctest; sourceTree = BUILT_PRODUCTS_DIR; };
		BEA520C21CCF417F00FFE43E /* PlanItUITests.swift */ = {isa = PBXFileReference; lastKnownFileType = sourcecode.swift; path = PlanItUITests.swift; sourceTree = "<group>"; };
		BEA520C41CCF417F00FFE43E /* Info.plist */ = {isa = PBXFileReference; lastKnownFileType = text.plist.xml; path = Info.plist; sourceTree = "<group>"; };
		BEB033EC1CE058B4001128D3 /* EditProjectTableViewController.swift */ = {isa = PBXFileReference; fileEncoding = 4; lastKnownFileType = sourcecode.swift; path = EditProjectTableViewController.swift; sourceTree = "<group>"; };
		BEB8B3221CF57870002A20FE /* CloseButton.swift */ = {isa = PBXFileReference; fileEncoding = 4; lastKnownFileType = sourcecode.swift; path = CloseButton.swift; sourceTree = "<group>"; };
		BEB8B3241CF57870002A20FE /* TagListView.h */ = {isa = PBXFileReference; fileEncoding = 4; lastKnownFileType = sourcecode.c.h; path = TagListView.h; sourceTree = "<group>"; };
		BEB8B3251CF57870002A20FE /* TagListView.swift */ = {isa = PBXFileReference; fileEncoding = 4; lastKnownFileType = sourcecode.swift; path = TagListView.swift; sourceTree = "<group>"; };
		BEB8B3261CF57870002A20FE /* TagView.swift */ = {isa = PBXFileReference; fileEncoding = 4; lastKnownFileType = sourcecode.swift; path = TagView.swift; sourceTree = "<group>"; };
		BED9DB321CD87D05007043AA /* libsqlite3.dylib */ = {isa = PBXFileReference; lastKnownFileType = "compiled.mach-o.dylib"; name = libsqlite3.dylib; path = usr/lib/libsqlite3.dylib; sourceTree = SOURCE_ROOT; };
		BEF016A01CF03453004DC646 /* JKBlurPopup.swift */ = {isa = PBXFileReference; fileEncoding = 4; lastKnownFileType = sourcecode.swift; path = JKBlurPopup.swift; sourceTree = "<group>"; };
		BEF2F0A21CDC885800E21264 /* PieChartView.swift */ = {isa = PBXFileReference; fileEncoding = 4; lastKnownFileType = sourcecode.swift; name = PieChartView.swift; path = ../Projects/PieChartView.swift; sourceTree = "<group>"; };
/* End PBXFileReference section */

/* Begin PBXFrameworksBuildPhase section */
		BEA520991CCF417F00FFE43E /* Frameworks */ = {
			isa = PBXFrameworksBuildPhase;
			buildActionMask = 2147483647;
			files = (
				BED9DB341CD87D05007043AA /* libsqlite3.dylib in Frameworks */,
			);
			runOnlyForDeploymentPostprocessing = 0;
		};
		BEA520B01CCF417F00FFE43E /* Frameworks */ = {
			isa = PBXFrameworksBuildPhase;
			buildActionMask = 2147483647;
			files = (
			);
			runOnlyForDeploymentPostprocessing = 0;
		};
		BEA520BB1CCF417F00FFE43E /* Frameworks */ = {
			isa = PBXFrameworksBuildPhase;
			buildActionMask = 2147483647;
			files = (
			);
			runOnlyForDeploymentPostprocessing = 0;
		};
/* End PBXFrameworksBuildPhase section */

/* Begin PBXGroup section */
		BE279CEB1CDF1AE700D4FCFB /* KYDrawerController */ = {
			isa = PBXGroup;
			children = (
				BE279CF31CDF1D4D00D4FCFB /* KYDrawerController.swift */,
				BE279CF41CDF1D4D00D4FCFB /* KYEmbedDrawerControllerSegue.swift */,
				BE279CF51CDF1D4D00D4FCFB /* KYEmbedMainControllerSegue.swift */,
			);
			name = KYDrawerController;
			sourceTree = "<group>";
		};
		BE28D4991CF17B1600976490 /* PNChartSwift */ = {
			isa = PBXGroup;
			children = (
				BE28D49C1CF17B1600976490 /* PNBarChart */,
				BE28D49F1CF17B1600976490 /* PNChartConfig.swift */,
				BE28D4A01CF17B1600976490 /* PNChartDelegate.swift */,
				BE28D4A11CF17B1600976490 /* PNChartSwift.h */,
				BE28D4A21CF17B1600976490 /* PNLineChart */,
				BE28D4A61CF17B1600976490 /* PNValue.swift */,
				BE28D4A71CF17B1600976490 /* view.swift */,
			);
			path = PNChartSwift;
			sourceTree = "<group>";
		};
		BE28D49C1CF17B1600976490 /* PNBarChart */ = {
			isa = PBXGroup;
			children = (
				BE28D49D1CF17B1600976490 /* PNBar.swift */,
				BE28D49E1CF17B1600976490 /* PNBarChart.swift */,
			);
			path = PNBarChart;
			sourceTree = "<group>";
		};
		BE28D4A21CF17B1600976490 /* PNLineChart */ = {
			isa = PBXGroup;
			children = (
				BE28D4A31CF17B1600976490 /* PNChartLabel.swift */,
				BE28D4A41CF17B1600976490 /* PNLineChart.swift */,
				BE28D4A51CF17B1600976490 /* PNLineChartData.swift */,
			);
			path = PNLineChart;
			sourceTree = "<group>";
		};
		BE4F02351CEF365F00126237 /* RoundTableviewCell */ = {
			isa = PBXGroup;
			children = (
				BE4F02361CEF365F00126237 /* Info.plist */,
				BE4F02371CEF365F00126237 /* RoundTableviewCell.h */,
				BE4F02381CEF365F00126237 /* RoundTableviewCell.swift */,
			);
			path = RoundTableviewCell;
			sourceTree = "<group>";
		};
		BE68E5471CE9B5E6006A1750 /* Tag(标签) */ = {
			isa = PBXGroup;
			children = (
				BE68E5481CE9B658006A1750 /* TagsViewController.swift */,
			);
			name = "Tag(标签)";
			path = Tag;
			sourceTree = "<group>";
		};
		BE7DF7FB1CEC922000DB1CBB /* RRTagController */ = {
			isa = PBXGroup;
			children = (
				BE7DF7FC1CEC922000DB1CBB /* RRAddTagView.swift */,
				BE7DF7FD1CEC922000DB1CBB /* RRTagCollectionViewCell.swift */,
				BE7DF7FE1CEC922000DB1CBB /* RRTagController.swift */,
			);
			path = RRTagController;
			sourceTree = "<group>";
		};
		BE802AEE1CCF4B2B0092F2DE /* Classes */ = {
			isa = PBXGroup;
			children = (
				BE802AEF1CCF4B2B0092F2DE /* BusinessModel(业务模型) */,
				BE802AF21CCF4B2B0092F2DE /* UI(界面) */,
				BE802B001CCF56AB0092F2DE /* Extension(扩展) */,
				BE802AF01CCF4B2B0092F2DE /* imageFile(大图片) */,
				BE802AF11CCF4B2B0092F2DE /* Tools(工具) */,
				BE802AF31CCF4B2B0092F2DE /* Venders(第三方库) */,
			);
			path = Classes;
			sourceTree = "<group>";
		};
		BE802AEF1CCF4B2B0092F2DE /* BusinessModel(业务模型) */ = {
			isa = PBXGroup;
			children = (
				BE6E09321CD9C373008AABCD /* ProcessModel.swift */,
				BE5FE7A61CCF5C5400BC5F86 /* ProjectModel.swift */,
				BE6E09301CD9C2B5008AABCD /* TagMapModel.swift */,
				BE5FE7A81CCF8A0E00BC5F86 /* TagModel.swift */,
				BE93C1051CE84F1700766DD4 /* SQLiteManager.swift */,
			);
			name = "BusinessModel(业务模型)";
			path = BusinessModel;
			sourceTree = "<group>";
		};
		BE802AF01CCF4B2B0092F2DE /* imageFile(大图片) */ = {
			isa = PBXGroup;
			children = (
			);
			name = "imageFile(大图片)";
			path = imageFile;
			sourceTree = "<group>";
		};
		BE802AF11CCF4B2B0092F2DE /* Tools(工具) */ = {
			isa = PBXGroup;
			children = (
			);
			name = "Tools(工具)";
			path = Tools;
			sourceTree = "<group>";
		};
		BE802AF21CCF4B2B0092F2DE /* UI(界面) */ = {
			isa = PBXGroup;
			children = (
				BE68E5471CE9B5E6006A1750 /* Tag(标签) */,
				BE802AF81CCF55540092F2DE /* extension(扩展) */,
				BE802AF91CCF55540092F2DE /* History(添加历史) */,
				BE802AFA1CCF55540092F2DE /* Main(公共) */,
				BE802AFB1CCF55540092F2DE /* EditProject(修改项目) */,
				BE802AFC1CCF55540092F2DE /* Options(设置) */,
				BE802AFD1CCF55540092F2DE /* Other(其他) */,
				BE802AFE1CCF55540092F2DE /* Projects(项目列表) */,
				BE802AFF1CCF55540092F2DE /* Statistics(统计) */,
			);
			name = "UI(界面)";
			path = UI;
			sourceTree = "<group>";
		};
		BE802AF31CCF4B2B0092F2DE /* Venders(第三方库) */ = {
			isa = PBXGroup;
			children = (
				BEB8B3211CF57870002A20FE /* TagListView */,
				BE28D4991CF17B1600976490 /* PNChartSwift */,
				BEF0169F1CF03453004DC646 /* JKBlurPopup */,
				BE4F02351CEF365F00126237 /* RoundTableviewCell */,
				BE7DF7FB1CEC922000DB1CBB /* RRTagController */,
				BE279CEB1CDF1AE700D4FCFB /* KYDrawerController */,
			);
			name = "Venders(第三方库)";
			path = Venders;
			sourceTree = "<group>";
		};
		BE802AF81CCF55540092F2DE /* extension(扩展) */ = {
			isa = PBXGroup;
			children = (
			);
			name = "extension(扩展)";
			path = extension;
			sourceTree = "<group>";
		};
		BE802AF91CCF55540092F2DE /* History(添加历史) */ = {
			isa = PBXGroup;
			children = (
			);
			name = "History(添加历史)";
			path = History;
			sourceTree = "<group>";
		};
		BE802AFA1CCF55540092F2DE /* Main(公共) */ = {
			isa = PBXGroup;
			children = (
				BE279CF91CDF1E1C00D4FCFB /* MenuTableViewControl.swift */,
			);
			name = "Main(公共)";
			path = Main;
			sourceTree = "<group>";
		};
		BE802AFB1CCF55540092F2DE /* EditProject(修改项目) */ = {
			isa = PBXGroup;
			children = (
				BEB033EC1CE058B4001128D3 /* EditProjectTableViewController.swift */,
			);
			name = "EditProject(修改项目)";
			path = NewProject;
			sourceTree = "<group>";
		};
		BE802AFC1CCF55540092F2DE /* Options(设置) */ = {
			isa = PBXGroup;
			children = (
			);
			name = "Options(设置)";
			path = Options;
			sourceTree = "<group>";
		};
		BE802AFD1CCF55540092F2DE /* Other(其他) */ = {
			isa = PBXGroup;
			children = (
				BEF2F0A21CDC885800E21264 /* PieChartView.swift */,
			);
			name = "Other(其他)";
			path = Other;
			sourceTree = "<group>";
		};
		BE802AFE1CCF55540092F2DE /* Projects(项目列表) */ = {
			isa = PBXGroup;
			children = (
				BE6E09341CD9D45E008AABCD /* ProjectTableViewController.swift */,
				BE6E09361CD9D6FF008AABCD /* ProjectTableViewCell.swift */,
			);
			name = "Projects(项目列表)";
			path = Projects;
			sourceTree = "<group>";
		};
		BE802AFF1CCF55540092F2DE /* Statistics(统计) */ = {
			isa = PBXGroup;
			children = (
				BE6EEBB61CF4220E0085A9E7 /* StatisticsViewController.swift */,
			);
			name = "Statistics(统计)";
			path = Statistics;
			sourceTree = "<group>";
		};
		BE802B001CCF56AB0092F2DE /* Extension(扩展) */ = {
			isa = PBXGroup;
			children = (
			);
			name = "Extension(扩展)";
			path = Venders/Extension;
			sourceTree = "<group>";
		};
		BEA520931CCF417F00FFE43E = {
			isa = PBXGroup;
			children = (
				BEA5209E1CCF417F00FFE43E /* PlanIt */,
				BEA520B61CCF417F00FFE43E /* PlanItTests */,
				BEA520C11CCF417F00FFE43E /* PlanItUITests */,
				BEA5209D1CCF417F00FFE43E /* Products */,
			);
			sourceTree = "<group>";
		};
		BEA5209D1CCF417F00FFE43E /* Products */ = {
			isa = PBXGroup;
			children = (
				BEA5209C1CCF417F00FFE43E /* PlanIt.app */,
				BEA520B31CCF417F00FFE43E /* PlanItTests.xctest */,
				BEA520BE1CCF417F00FFE43E /* PlanItUITests.xctest */,
			);
			name = Products;
			sourceTree = "<group>";
		};
		BEA5209E1CCF417F00FFE43E /* PlanIt */ = {
			isa = PBXGroup;
			children = (
				BE802AEE1CCF4B2B0092F2DE /* Classes */,
				BEA520D01CCF418B00FFE43E /* Support Files */,
				BED9DB331CD87D05007043AA /* Frameworks */,
			);
			path = PlanIt;
			sourceTree = "<group>";
		};
		BEA520B61CCF417F00FFE43E /* PlanItTests */ = {
			isa = PBXGroup;
			children = (
				BEA520B71CCF417F00FFE43E /* PlanItTests.swift */,
				BEA520B91CCF417F00FFE43E /* Info.plist */,
			);
			path = PlanItTests;
			sourceTree = "<group>";
		};
		BEA520C11CCF417F00FFE43E /* PlanItUITests */ = {
			isa = PBXGroup;
			children = (
				BEA520C21CCF417F00FFE43E /* PlanItUITests.swift */,
				BEA520C41CCF417F00FFE43E /* Info.plist */,
			);
			path = PlanItUITests;
			sourceTree = "<group>";
		};
		BEA520D01CCF418B00FFE43E /* Support Files */ = {
			isa = PBXGroup;
			children = (
				BEA5209F1CCF417F00FFE43E /* AppDelegate.swift */,
				BEA520A91CCF417F00FFE43E /* Assets.xcassets */,
				BEA520AE1CCF417F00FFE43E /* Info.plist */,
				BEA520AB1CCF417F00FFE43E /* LaunchScreen.storyboard */,
				BEA520A31CCF417F00FFE43E /* Main.storyboard */,
				BE279CF21CDF1D0D00D4FCFB /* PlanIt-Bridging-Header.h */,
				BEA520A61CCF417F00FFE43E /* PlanIt.xcdatamodeld */,
			);
			name = "Support Files";
			sourceTree = "<group>";
		};
		BEB8B3211CF57870002A20FE /* TagListView */ = {
			isa = PBXGroup;
			children = (
				BEB8B3221CF57870002A20FE /* CloseButton.swift */,
				BEB8B3241CF57870002A20FE /* TagListView.h */,
				BEB8B3251CF57870002A20FE /* TagListView.swift */,
				BEB8B3261CF57870002A20FE /* TagView.swift */,
			);
			path = TagListView;
			sourceTree = "<group>";
		};
		BED9DB331CD87D05007043AA /* Frameworks */ = {
			isa = PBXGroup;
			children = (
				BED9DB321CD87D05007043AA /* libsqlite3.dylib */,
			);
			name = Frameworks;
			path = "../../../../SQLiteDB-master/Examples/iOS";
			sourceTree = "<group>";
		};
		BEF0169F1CF03453004DC646 /* JKBlurPopup */ = {
			isa = PBXGroup;
			children = (
				BEF016A01CF03453004DC646 /* JKBlurPopup.swift */,
			);
			path = JKBlurPopup;
			sourceTree = "<group>";
		};
/* End PBXGroup section */

/* Begin PBXNativeTarget section */
		BEA5209B1CCF417F00FFE43E /* PlanIt */ = {
			isa = PBXNativeTarget;
			buildConfigurationList = BEA520C71CCF417F00FFE43E /* Build configuration list for PBXNativeTarget "PlanIt" */;
			buildPhases = (
				BEA520981CCF417F00FFE43E /* Sources */,
				BEA520991CCF417F00FFE43E /* Frameworks */,
				BEA5209A1CCF417F00FFE43E /* Resources */,
			);
			buildRules = (
			);
			dependencies = (
			);
			name = PlanIt;
			productName = PlanIt;
			productReference = BEA5209C1CCF417F00FFE43E /* PlanIt.app */;
			productType = "com.apple.product-type.application";
		};
		BEA520B21CCF417F00FFE43E /* PlanItTests */ = {
			isa = PBXNativeTarget;
			buildConfigurationList = BEA520CA1CCF417F00FFE43E /* Build configuration list for PBXNativeTarget "PlanItTests" */;
			buildPhases = (
				BEA520AF1CCF417F00FFE43E /* Sources */,
				BEA520B01CCF417F00FFE43E /* Frameworks */,
				BEA520B11CCF417F00FFE43E /* Resources */,
			);
			buildRules = (
			);
			dependencies = (
				BEA520B51CCF417F00FFE43E /* PBXTargetDependency */,
			);
			name = PlanItTests;
			productName = PlanItTests;
			productReference = BEA520B31CCF417F00FFE43E /* PlanItTests.xctest */;
			productType = "com.apple.product-type.bundle.unit-test";
		};
		BEA520BD1CCF417F00FFE43E /* PlanItUITests */ = {
			isa = PBXNativeTarget;
			buildConfigurationList = BEA520CD1CCF417F00FFE43E /* Build configuration list for PBXNativeTarget "PlanItUITests" */;
			buildPhases = (
				BEA520BA1CCF417F00FFE43E /* Sources */,
				BEA520BB1CCF417F00FFE43E /* Frameworks */,
				BEA520BC1CCF417F00FFE43E /* Resources */,
			);
			buildRules = (
			);
			dependencies = (
				BEA520C01CCF417F00FFE43E /* PBXTargetDependency */,
			);
			name = PlanItUITests;
			productName = PlanItUITests;
			productReference = BEA520BE1CCF417F00FFE43E /* PlanItUITests.xctest */;
			productType = "com.apple.product-type.bundle.ui-testing";
		};
/* End PBXNativeTarget section */

/* Begin PBXProject section */
		BEA520941CCF417F00FFE43E /* Project object */ = {
			isa = PBXProject;
			attributes = {
				LastSwiftUpdateCheck = 0710;
				LastUpgradeCheck = 0710;
				ORGANIZATIONNAME = Ken;
				TargetAttributes = {
					BEA5209B1CCF417F00FFE43E = {
						CreatedOnToolsVersion = 7.1.1;
					};
					BEA520B21CCF417F00FFE43E = {
						CreatedOnToolsVersion = 7.1.1;
						TestTargetID = BEA5209B1CCF417F00FFE43E;
					};
					BEA520BD1CCF417F00FFE43E = {
						CreatedOnToolsVersion = 7.1.1;
						TestTargetID = BEA5209B1CCF417F00FFE43E;
					};
				};
			};
			buildConfigurationList = BEA520971CCF417F00FFE43E /* Build configuration list for PBXProject "PlanIt" */;
			compatibilityVersion = "Xcode 3.2";
			developmentRegion = English;
			hasScannedForEncodings = 0;
			knownRegions = (
				en,
				Base,
			);
			mainGroup = BEA520931CCF417F00FFE43E;
			productRefGroup = BEA5209D1CCF417F00FFE43E /* Products */;
			projectDirPath = "";
			projectRoot = "";
			targets = (
				BEA5209B1CCF417F00FFE43E /* PlanIt */,
				BEA520B21CCF417F00FFE43E /* PlanItTests */,
				BEA520BD1CCF417F00FFE43E /* PlanItUITests */,
			);
		};
/* End PBXProject section */

/* Begin PBXResourcesBuildPhase section */
		BEA5209A1CCF417F00FFE43E /* Resources */ = {
			isa = PBXResourcesBuildPhase;
			buildActionMask = 2147483647;
			files = (
				BE4F02391CEF365F00126237 /* Info.plist in Resources */,
				BEA520AD1CCF417F00FFE43E /* LaunchScreen.storyboard in Resources */,
				BEA520AA1CCF417F00FFE43E /* Assets.xcassets in Resources */,
				BEA520A51CCF417F00FFE43E /* Main.storyboard in Resources */,
			);
			runOnlyForDeploymentPostprocessing = 0;
		};
		BEA520B11CCF417F00FFE43E /* Resources */ = {
			isa = PBXResourcesBuildPhase;
			buildActionMask = 2147483647;
			files = (
			);
			runOnlyForDeploymentPostprocessing = 0;
		};
		BEA520BC1CCF417F00FFE43E /* Resources */ = {
			isa = PBXResourcesBuildPhase;
			buildActionMask = 2147483647;
			files = (
			);
			runOnlyForDeploymentPostprocessing = 0;
		};
/* End PBXResourcesBuildPhase section */

/* Begin PBXSourcesBuildPhase section */
		BEA520981CCF417F00FFE43E /* Sources */ = {
			isa = PBXSourcesBuildPhase;
			buildActionMask = 2147483647;
			files = (
				BEF2F0A31CDC885800E21264 /* PieChartView.swift in Sources */,
				BE28D4AE1CF17B1600976490 /* PNChartLabel.swift in Sources */,
				BE28D4B01CF17B1600976490 /* PNLineChartData.swift in Sources */,
				BE28D4AA1CF17B1600976490 /* PNBar.swift in Sources */,
				BE7DF7FF1CEC922000DB1CBB /* RRAddTagView.swift in Sources */,
				BE28D4B11CF17B1600976490 /* PNValue.swift in Sources */,
				BE4F023A1CEF365F00126237 /* RoundTableviewCell.swift in Sources */,
				BEB8B3291CF57870002A20FE /* TagListView.swift in Sources */,
				BE28D4AD1CF17B1600976490 /* PNChartDelegate.swift in Sources */,
				BE28D4AC1CF17B1600976490 /* PNChartConfig.swift in Sources */,
				BE6EEBB71CF4220E0085A9E7 /* StatisticsViewController.swift in Sources */,
				BE68E5491CE9B658006A1750 /* TagsViewController.swift in Sources */,
				BE7DF8011CEC922000DB1CBB /* RRTagController.swift in Sources */,
				BE6E09351CD9D45E008AABCD /* ProjectTableViewController.swift in Sources */,
				BE279CF81CDF1D4D00D4FCFB /* KYEmbedMainControllerSegue.swift in Sources */,
				BE279CF71CDF1D4D00D4FCFB /* KYEmbedDrawerControllerSegue.swift in Sources */,
				BEA520A01CCF417F00FFE43E /* AppDelegate.swift in Sources */,
				BEB8B32A1CF57870002A20FE /* TagView.swift in Sources */,
				BEA520A81CCF417F00FFE43E /* PlanIt.xcdatamodeld in Sources */,
				BE6E09331CD9C373008AABCD /* ProcessModel.swift in Sources */,
				BE5FE7A91CCF8A0E00BC5F86 /* TagModel.swift in Sources */,
				BE28D4AB1CF17B1600976490 /* PNBarChart.swift in Sources */,
				BE279CF61CDF1D4D00D4FCFB /* KYDrawerController.swift in Sources */,
				BE28D4AF1CF17B1600976490 /* PNLineChart.swift in Sources */,
				BEB033ED1CE058B4001128D3 /* EditProjectTableViewController.swift in Sources */,
				BE5FE7A71CCF5C5400BC5F86 /* ProjectModel.swift in Sources */,
				BE7DF8001CEC922000DB1CBB /* RRTagCollectionViewCell.swift in Sources */,
				BE6E09371CD9D6FF008AABCD /* ProjectTableViewCell.swift in Sources */,
				BEF016A11CF03453004DC646 /* JKBlurPopup.swift in Sources */,
				BE93C1061CE84F1700766DD4 /* SQLiteManager.swift in Sources */,
				BE279CFA1CDF1E1C00D4FCFB /* MenuTableViewControl.swift in Sources */,
				BE28D4B21CF17B1600976490 /* view.swift in Sources */,
				BEB8B3271CF57870002A20FE /* CloseButton.swift in Sources */,
				BE6E09311CD9C2B5008AABCD /* TagMapModel.swift in Sources */,
			);
			runOnlyForDeploymentPostprocessing = 0;
		};
		BEA520AF1CCF417F00FFE43E /* Sources */ = {
			isa = PBXSourcesBuildPhase;
			buildActionMask = 2147483647;
			files = (
				BEA520B81CCF417F00FFE43E /* PlanItTests.swift in Sources */,
			);
			runOnlyForDeploymentPostprocessing = 0;
		};
		BEA520BA1CCF417F00FFE43E /* Sources */ = {
			isa = PBXSourcesBuildPhase;
			buildActionMask = 2147483647;
			files = (
				BEA520C31CCF417F00FFE43E /* PlanItUITests.swift in Sources */,
			);
			runOnlyForDeploymentPostprocessing = 0;
		};
/* End PBXSourcesBuildPhase section */

/* Begin PBXTargetDependency section */
		BEA520B51CCF417F00FFE43E /* PBXTargetDependency */ = {
			isa = PBXTargetDependency;
			target = BEA5209B1CCF417F00FFE43E /* PlanIt */;
			targetProxy = BEA520B41CCF417F00FFE43E /* PBXContainerItemProxy */;
		};
		BEA520C01CCF417F00FFE43E /* PBXTargetDependency */ = {
			isa = PBXTargetDependency;
			target = BEA5209B1CCF417F00FFE43E /* PlanIt */;
			targetProxy = BEA520BF1CCF417F00FFE43E /* PBXContainerItemProxy */;
		};
/* End PBXTargetDependency section */

/* Begin PBXVariantGroup section */
		BEA520A31CCF417F00FFE43E /* Main.storyboard */ = {
			isa = PBXVariantGroup;
			children = (
				BEA520A41CCF417F00FFE43E /* Base */,
			);
			name = Main.storyboard;
			sourceTree = "<group>";
		};
		BEA520AB1CCF417F00FFE43E /* LaunchScreen.storyboard */ = {
			isa = PBXVariantGroup;
			children = (
				BEA520AC1CCF417F00FFE43E /* Base */,
			);
			name = LaunchScreen.storyboard;
			sourceTree = "<group>";
		};
/* End PBXVariantGroup section */

/* Begin XCBuildConfiguration section */
		BEA520C51CCF417F00FFE43E /* Debug */ = {
			isa = XCBuildConfiguration;
			buildSettings = {
				ALWAYS_SEARCH_USER_PATHS = NO;
				CLANG_CXX_LANGUAGE_STANDARD = "gnu++0x";
				CLANG_CXX_LIBRARY = "libc++";
				CLANG_ENABLE_MODULES = YES;
				CLANG_ENABLE_OBJC_ARC = YES;
				CLANG_WARN_BOOL_CONVERSION = YES;
				CLANG_WARN_CONSTANT_CONVERSION = YES;
				CLANG_WARN_DIRECT_OBJC_ISA_USAGE = YES_ERROR;
				CLANG_WARN_EMPTY_BODY = YES;
				CLANG_WARN_ENUM_CONVERSION = YES;
				CLANG_WARN_INT_CONVERSION = YES;
				CLANG_WARN_OBJC_ROOT_CLASS = YES_ERROR;
				CLANG_WARN_UNREACHABLE_CODE = YES;
				CLANG_WARN__DUPLICATE_METHOD_MATCH = YES;
				"CODE_SIGN_IDENTITY[sdk=iphoneos*]" = "iPhone Developer";
				COPY_PHASE_STRIP = NO;
				DEBUG_INFORMATION_FORMAT = dwarf;
				ENABLE_STRICT_OBJC_MSGSEND = YES;
				ENABLE_TESTABILITY = YES;
				GCC_C_LANGUAGE_STANDARD = gnu99;
				GCC_DYNAMIC_NO_PIC = NO;
				GCC_NO_COMMON_BLOCKS = YES;
				GCC_OPTIMIZATION_LEVEL = 0;
				GCC_PREPROCESSOR_DEFINITIONS = (
					"DEBUG=1",
					"$(inherited)",
				);
				GCC_WARN_64_TO_32_BIT_CONVERSION = YES;
				GCC_WARN_ABOUT_RETURN_TYPE = YES_ERROR;
				GCC_WARN_UNDECLARED_SELECTOR = YES;
				GCC_WARN_UNINITIALIZED_AUTOS = YES_AGGRESSIVE;
				GCC_WARN_UNUSED_FUNCTION = YES;
				GCC_WARN_UNUSED_VARIABLE = YES;
				IPHONEOS_DEPLOYMENT_TARGET = 9.1;
				MTL_ENABLE_DEBUG_INFO = YES;
				ONLY_ACTIVE_ARCH = YES;
				SDKROOT = iphoneos;
				SWIFT_OPTIMIZATION_LEVEL = "-Onone";
				TARGETED_DEVICE_FAMILY = "1,2";
			};
			name = Debug;
		};
		BEA520C61CCF417F00FFE43E /* Release */ = {
			isa = XCBuildConfiguration;
			buildSettings = {
				ALWAYS_SEARCH_USER_PATHS = NO;
				CLANG_CXX_LANGUAGE_STANDARD = "gnu++0x";
				CLANG_CXX_LIBRARY = "libc++";
				CLANG_ENABLE_MODULES = YES;
				CLANG_ENABLE_OBJC_ARC = YES;
				CLANG_WARN_BOOL_CONVERSION = YES;
				CLANG_WARN_CONSTANT_CONVERSION = YES;
				CLANG_WARN_DIRECT_OBJC_ISA_USAGE = YES_ERROR;
				CLANG_WARN_EMPTY_BODY = YES;
				CLANG_WARN_ENUM_CONVERSION = YES;
				CLANG_WARN_INT_CONVERSION = YES;
				CLANG_WARN_OBJC_ROOT_CLASS = YES_ERROR;
				CLANG_WARN_UNREACHABLE_CODE = YES;
				CLANG_WARN__DUPLICATE_METHOD_MATCH = YES;
				"CODE_SIGN_IDENTITY[sdk=iphoneos*]" = "iPhone Developer";
				COPY_PHASE_STRIP = NO;
				DEBUG_INFORMATION_FORMAT = "dwarf-with-dsym";
				ENABLE_NS_ASSERTIONS = NO;
				ENABLE_STRICT_OBJC_MSGSEND = YES;
				GCC_C_LANGUAGE_STANDARD = gnu99;
				GCC_NO_COMMON_BLOCKS = YES;
				GCC_WARN_64_TO_32_BIT_CONVERSION = YES;
				GCC_WARN_ABOUT_RETURN_TYPE = YES_ERROR;
				GCC_WARN_UNDECLARED_SELECTOR = YES;
				GCC_WARN_UNINITIALIZED_AUTOS = YES_AGGRESSIVE;
				GCC_WARN_UNUSED_FUNCTION = YES;
				GCC_WARN_UNUSED_VARIABLE = YES;
				IPHONEOS_DEPLOYMENT_TARGET = 9.1;
				MTL_ENABLE_DEBUG_INFO = NO;
				SDKROOT = iphoneos;
				TARGETED_DEVICE_FAMILY = "1,2";
				VALIDATE_PRODUCT = YES;
			};
			name = Release;
		};
		BEA520C81CCF417F00FFE43E /* Debug */ = {
			isa = XCBuildConfiguration;
			buildSettings = {
				ASSETCATALOG_COMPILER_APPICON_NAME = AppIcon;
				CLANG_ENABLE_MODULES = YES;
				INFOPLIST_FILE = PlanIt/Info.plist;
				IPHONEOS_DEPLOYMENT_TARGET = 8.0;
				LD_RUNPATH_SEARCH_PATHS = "$(inherited) @executable_path/Frameworks";
				LIBRARY_SEARCH_PATHS = (
					"$(inherited)",
					"$(PROJECT_DIR)/usr/lib",
				);
				PRODUCT_BUNDLE_IDENTIFIER = Moji.PlanIt;
				PRODUCT_NAME = "$(TARGET_NAME)";
				SWIFT_OBJC_BRIDGING_HEADER = "PlanIt-Bridging-Header.h";
				SWIFT_OPTIMIZATION_LEVEL = "-Onone";
			};
			name = Debug;
		};
		BEA520C91CCF417F00FFE43E /* Release */ = {
			isa = XCBuildConfiguration;
			buildSettings = {
				ASSETCATALOG_COMPILER_APPICON_NAME = AppIcon;
				CLANG_ENABLE_MODULES = YES;
				INFOPLIST_FILE = PlanIt/Info.plist;
				IPHONEOS_DEPLOYMENT_TARGET = 8.0;
				LD_RUNPATH_SEARCH_PATHS = "$(inherited) @executable_path/Frameworks";
				LIBRARY_SEARCH_PATHS = (
					"$(inherited)",
					"$(PROJECT_DIR)/usr/lib",
				);
				PRODUCT_BUNDLE_IDENTIFIER = Moji.PlanIt;
				PRODUCT_NAME = "$(TARGET_NAME)";
				SWIFT_OBJC_BRIDGING_HEADER = "PlanIt-Bridging-Header.h";
			};
			name = Release;
		};
		BEA520CB1CCF417F00FFE43E /* Debug */ = {
			isa = XCBuildConfiguration;
			buildSettings = {
				BUNDLE_LOADER = "$(TEST_HOST)";
				INFOPLIST_FILE = PlanItTests/Info.plist;
				LD_RUNPATH_SEARCH_PATHS = "$(inherited) @executable_path/Frameworks @loader_path/Frameworks";
				PRODUCT_BUNDLE_IDENTIFIER = Moji.PlanItTests;
				PRODUCT_NAME = "$(TARGET_NAME)";
				TEST_HOST = "$(BUILT_PRODUCTS_DIR)/PlanIt.app/PlanIt";
			};
			name = Debug;
		};
		BEA520CC1CCF417F00FFE43E /* Release */ = {
			isa = XCBuildConfiguration;
			buildSettings = {
				BUNDLE_LOADER = "$(TEST_HOST)";
				INFOPLIST_FILE = PlanItTests/Info.plist;
				LD_RUNPATH_SEARCH_PATHS = "$(inherited) @executable_path/Frameworks @loader_path/Frameworks";
				PRODUCT_BUNDLE_IDENTIFIER = Moji.PlanItTests;
				PRODUCT_NAME = "$(TARGET_NAME)";
				TEST_HOST = "$(BUILT_PRODUCTS_DIR)/PlanIt.app/PlanIt";
			};
			name = Release;
		};
		BEA520CE1CCF417F00FFE43E /* Debug */ = {
			isa = XCBuildConfiguration;
			buildSettings = {
				INFOPLIST_FILE = PlanItUITests/Info.plist;
				LD_RUNPATH_SEARCH_PATHS = "$(inherited) @executable_path/Frameworks @loader_path/Frameworks";
				PRODUCT_BUNDLE_IDENTIFIER = Moji.PlanItUITests;
				PRODUCT_NAME = "$(TARGET_NAME)";
				TEST_TARGET_NAME = PlanIt;
				USES_XCTRUNNER = YES;
			};
			name = Debug;
		};
		BEA520CF1CCF417F00FFE43E /* Release */ = {
			isa = XCBuildConfiguration;
			buildSettings = {
				INFOPLIST_FILE = PlanItUITests/Info.plist;
				LD_RUNPATH_SEARCH_PATHS = "$(inherited) @executable_path/Frameworks @loader_path/Frameworks";
				PRODUCT_BUNDLE_IDENTIFIER = Moji.PlanItUITests;
				PRODUCT_NAME = "$(TARGET_NAME)";
				TEST_TARGET_NAME = PlanIt;
				USES_XCTRUNNER = YES;
			};
			name = Release;
		};
/* End XCBuildConfiguration section */

/* Begin XCConfigurationList section */
		BEA520971CCF417F00FFE43E /* Build configuration list for PBXProject "PlanIt" */ = {
			isa = XCConfigurationList;
			buildConfigurations = (
				BEA520C51CCF417F00FFE43E /* Debug */,
				BEA520C61CCF417F00FFE43E /* Release */,
			);
			defaultConfigurationIsVisible = 0;
			defaultConfigurationName = Release;
		};
		BEA520C71CCF417F00FFE43E /* Build configuration list for PBXNativeTarget "PlanIt" */ = {
			isa = XCConfigurationList;
			buildConfigurations = (
				BEA520C81CCF417F00FFE43E /* Debug */,
				BEA520C91CCF417F00FFE43E /* Release */,
			);
			defaultConfigurationIsVisible = 0;
			defaultConfigurationName = Release;
		};
		BEA520CA1CCF417F00FFE43E /* Build configuration list for PBXNativeTarget "PlanItTests" */ = {
			isa = XCConfigurationList;
			buildConfigurations = (
				BEA520CB1CCF417F00FFE43E /* Debug */,
				BEA520CC1CCF417F00FFE43E /* Release */,
			);
			defaultConfigurationIsVisible = 0;
			defaultConfigurationName = Release;
		};
		BEA520CD1CCF417F00FFE43E /* Build configuration list for PBXNativeTarget "PlanItUITests" */ = {
			isa = XCConfigurationList;
			buildConfigurations = (
				BEA520CE1CCF417F00FFE43E /* Debug */,
				BEA520CF1CCF417F00FFE43E /* Release */,
			);
			defaultConfigurationIsVisible = 0;
			defaultConfigurationName = Release;
		};
/* End XCConfigurationList section */

/* Begin XCVersionGroup section */
		BEA520A61CCF417F00FFE43E /* PlanIt.xcdatamodeld */ = {
			isa = XCVersionGroup;
			children = (
				BEA520A71CCF417F00FFE43E /* PlanIt.xcdatamodel */,
			);
			currentVersion = BEA520A71CCF417F00FFE43E /* PlanIt.xcdatamodel */;
			path = PlanIt.xcdatamodeld;
			sourceTree = "<group>";
			versionGroupType = wrapper.xcdatamodel;
		};
/* End XCVersionGroup section */
	};
	rootObject = BEA520941CCF417F00FFE43E /* Project object */;
}
