// !$*UTF8*$!
{
	archiveVersion = 1;
	classes = {
	};
	objectVersion = 46;
	objects = {

/* Begin PBXBuildFile section */
		0AA8C566706EFBEE8F482108 /* Pods_PlanIt.framework in Frameworks */ = {isa = PBXBuildFile; fileRef = 75936E3A3A1A3413A5114395 /* Pods_PlanIt.framework */; };
		367B7B3D1D4675C80035B099 /* AboutViewController.swift in Sources */ = {isa = PBXBuildFile; fileRef = 367B7B3C1D4675C80035B099 /* AboutViewController.swift */; };
		36AD31941DB35D7400183458 /* InfoPlist.strings in Resources */ = {isa = PBXBuildFile; fileRef = 36AD31961DB35D7400183458 /* InfoPlist.strings */; };
		36AD319B1DB3636E00183458 /* Localizable.strings in Resources */ = {isa = PBXBuildFile; fileRef = 36AD319D1DB3636E00183458 /* Localizable.strings */; };
		BE004A5F1D2A43A400556E85 /* TagTableViewCell.swift in Sources */ = {isa = PBXBuildFile; fileRef = BE004A5E1D2A43A400556E85 /* TagTableViewCell.swift */; };
		BE1C16061D2CCC3800A4B4A5 /* OptionsTableViewController.swift in Sources */ = {isa = PBXBuildFile; fileRef = BE1C16051D2CCC3800A4B4A5 /* OptionsTableViewController.swift */; };
		BE1C16081D2CCC4200A4B4A5 /* WebviewController.swift in Sources */ = {isa = PBXBuildFile; fileRef = BE1C16071D2CCC4200A4B4A5 /* WebviewController.swift */; };
		BE24E5C11D6820E1007CB5D6 /* DynamicBlurView.swift in Sources */ = {isa = PBXBuildFile; fileRef = BE24E5C01D6820E1007CB5D6 /* DynamicBlurView.swift */; };
		BE279CF61CDF1D4D00D4FCFB /* KYDrawerController.swift in Sources */ = {isa = PBXBuildFile; fileRef = BE279CF31CDF1D4D00D4FCFB /* KYDrawerController.swift */; };
		BE279CF71CDF1D4D00D4FCFB /* KYEmbedDrawerControllerSegue.swift in Sources */ = {isa = PBXBuildFile; fileRef = BE279CF41CDF1D4D00D4FCFB /* KYEmbedDrawerControllerSegue.swift */; };
		BE279CF81CDF1D4D00D4FCFB /* KYEmbedMainControllerSegue.swift in Sources */ = {isa = PBXBuildFile; fileRef = BE279CF51CDF1D4D00D4FCFB /* KYEmbedMainControllerSegue.swift */; };
		BE279CFA1CDF1E1C00D4FCFB /* MenuTableViewControl.swift in Sources */ = {isa = PBXBuildFile; fileRef = BE279CF91CDF1E1C00D4FCFB /* MenuTableViewControl.swift */; };
		BE31C12E1D21168800A1A47B /* WaveLoadingIndicator.swift in Sources */ = {isa = PBXBuildFile; fileRef = BE31C12D1D21168800A1A47B /* WaveLoadingIndicator.swift */; };
		BE3B754D1D278B3900F7AEC3 /* KDCircularProgress.swift in Sources */ = {isa = PBXBuildFile; fileRef = BE3B754C1D278B3900F7AEC3 /* KDCircularProgress.swift */; };
		BE3F86EE1D676F94002FACA2 /* UILabel+mojiLabel.swift.swift in Sources */ = {isa = PBXBuildFile; fileRef = BE3F86ED1D676F94002FACA2 /* UILabel+mojiLabel.swift.swift */; };
		BE3F86F61D67826D002FACA2 /* Info.plist in Resources */ = {isa = PBXBuildFile; fileRef = BE3F86F31D67826D002FACA2 /* Info.plist */; };
		BE3F86F71D67826D002FACA2 /* UICollectionViewLeftAlignedLayout.m in Sources */ = {isa = PBXBuildFile; fileRef = BE3F86F51D67826D002FACA2 /* UICollectionViewLeftAlignedLayout.m */; };
		BE45A9F91CF98845007FD5DE /* ProcessesTableViewController.swift in Sources */ = {isa = PBXBuildFile; fileRef = BE45A9F81CF98845007FD5DE /* ProcessesTableViewController.swift */; };
		BE4EDFFF1D41F7D2003EA7A0 /* MBProgressHUD.m in Sources */ = {isa = PBXBuildFile; fileRef = BE4EDFFE1D41F7D2003EA7A0 /* MBProgressHUD.m */; };
		BE4F023A1CEF365F00126237 /* RoundTableviewCell.swift in Sources */ = {isa = PBXBuildFile; fileRef = BE4F02381CEF365F00126237 /* RoundTableviewCell.swift */; };
		BE5FE7A71CCF5C5400BC5F86 /* ProjectModel.swift in Sources */ = {isa = PBXBuildFile; fileRef = BE5FE7A61CCF5C5400BC5F86 /* ProjectModel.swift */; };
		BE5FE7A91CCF8A0E00BC5F86 /* TagModel.swift in Sources */ = {isa = PBXBuildFile; fileRef = BE5FE7A81CCF8A0E00BC5F86 /* TagModel.swift */; };
		BE68E5491CE9B658006A1750 /* TagsViewController.swift in Sources */ = {isa = PBXBuildFile; fileRef = BE68E5481CE9B658006A1750 /* TagsViewController.swift */; };
		BE6A1A681D3CC83200E39B7B /* WActivityIndicator.swift in Sources */ = {isa = PBXBuildFile; fileRef = BE6A1A651D3CC83200E39B7B /* WActivityIndicator.swift */; };
		BE6A1A691D3CC83200E39B7B /* WIndicator.swift in Sources */ = {isa = PBXBuildFile; fileRef = BE6A1A661D3CC83200E39B7B /* WIndicator.swift */; };
		BE6A1A6A1D3CC83200E39B7B /* WIndicatorText.swift in Sources */ = {isa = PBXBuildFile; fileRef = BE6A1A671D3CC83200E39B7B /* WIndicatorText.swift */; };
		BE6CA73F1E2A1A42001975FA /* iCloud.m in Sources */ = {isa = PBXBuildFile; fileRef = BE6CA73C1E2A1A42001975FA /* iCloud.m */; };
		BE6CA7401E2A1A42001975FA /* iCloudDocument.m in Sources */ = {isa = PBXBuildFile; fileRef = BE6CA73E1E2A1A42001975FA /* iCloudDocument.m */; };
		BE6CA7421E2A1F0B001975FA /* Bugly.framework in Frameworks */ = {isa = PBXBuildFile; fileRef = BE6CA7411E2A1F0B001975FA /* Bugly.framework */; };
		BE6CA7441E2A1F4B001975FA /* Security.framework in Frameworks */ = {isa = PBXBuildFile; fileRef = BE6CA7431E2A1F4B001975FA /* Security.framework */; };
		BE6E09311CD9C2B5008AABCD /* TagMapModel.swift in Sources */ = {isa = PBXBuildFile; fileRef = BE6E09301CD9C2B5008AABCD /* TagMapModel.swift */; };
		BE6E09331CD9C373008AABCD /* ProcessModel.swift in Sources */ = {isa = PBXBuildFile; fileRef = BE6E09321CD9C373008AABCD /* ProcessModel.swift */; };
		BE6E09351CD9D45E008AABCD /* ProjectViewController.swift in Sources */ = {isa = PBXBuildFile; fileRef = BE6E09341CD9D45E008AABCD /* ProjectViewController.swift */; };
		BE6E09371CD9D6FF008AABCD /* ProjectTableViewCell.swift in Sources */ = {isa = PBXBuildFile; fileRef = BE6E09361CD9D6FF008AABCD /* ProjectTableViewCell.swift */; };
		BE6EEBB71CF4220E0085A9E7 /* StatisticsViewController.swift in Sources */ = {isa = PBXBuildFile; fileRef = BE6EEBB61CF4220E0085A9E7 /* StatisticsViewController.swift */; };
		BE79BCC61D2D38B2001512D6 /* NSDate+mojiDate.swift in Sources */ = {isa = PBXBuildFile; fileRef = BE79BCC21D2D38B2001512D6 /* NSDate+mojiDate.swift */; };
		BE79BCC71D2D38B2001512D6 /* String+mojiString.swift in Sources */ = {isa = PBXBuildFile; fileRef = BE79BCC31D2D38B2001512D6 /* String+mojiString.swift */; };
		BE79BCC81D2D38B2001512D6 /* UIColor+colorFromHex.swift in Sources */ = {isa = PBXBuildFile; fileRef = BE79BCC41D2D38B2001512D6 /* UIColor+colorFromHex.swift */; };
		BE79BCC91D2D38B2001512D6 /* UIViewController+mojiView.swift in Sources */ = {isa = PBXBuildFile; fileRef = BE79BCC51D2D38B2001512D6 /* UIViewController+mojiView.swift */; };
		BE79BCCB1D2D38E6001512D6 /* UIImage+mojiImage.swift in Sources */ = {isa = PBXBuildFile; fileRef = BE79BCCA1D2D38E6001512D6 /* UIImage+mojiImage.swift */; };
		BE7DF7FF1CEC922000DB1CBB /* RRAddTagView.swift in Sources */ = {isa = PBXBuildFile; fileRef = BE7DF7FC1CEC922000DB1CBB /* RRAddTagView.swift */; };
		BE7DF8001CEC922000DB1CBB /* RRTagCollectionViewCell.swift in Sources */ = {isa = PBXBuildFile; fileRef = BE7DF7FD1CEC922000DB1CBB /* RRTagCollectionViewCell.swift */; };
		BE7DF8011CEC922000DB1CBB /* RRTagController.swift in Sources */ = {isa = PBXBuildFile; fileRef = BE7DF7FE1CEC922000DB1CBB /* RRTagController.swift */; };
		BE8A3DE51DA3E25F00355461 /* DateTool.swift in Sources */ = {isa = PBXBuildFile; fileRef = BE8A3DE41DA3E25F00355461 /* DateTool.swift */; };
		BE93C1061CE84F1700766DD4 /* SQLiteManager.swift in Sources */ = {isa = PBXBuildFile; fileRef = BE93C1051CE84F1700766DD4 /* SQLiteManager.swift */; };
		BE977A811D17B87200D6899C /* CellBackgroundView.swift in Sources */ = {isa = PBXBuildFile; fileRef = BE977A801D17B87200D6899C /* CellBackgroundView.swift */; };
		BE9ACE781D0BE2420097A76F /* Global.swift in Sources */ = {isa = PBXBuildFile; fileRef = BE9ACE771D0BE2420097A76F /* Global.swift */; };
		BE9ACE7A1D0C03B30097A76F /* PieChartView.swift in Sources */ = {isa = PBXBuildFile; fileRef = BE9ACE791D0C03B30097A76F /* PieChartView.swift */; };
		BEA025221DA5D77500175B2B /* UserDefaultTool.swift in Sources */ = {isa = PBXBuildFile; fileRef = BEA025211DA5D77500175B2B /* UserDefaultTool.swift */; };
		BEA520A01CCF417F00FFE43E /* AppDelegate.swift in Sources */ = {isa = PBXBuildFile; fileRef = BEA5209F1CCF417F00FFE43E /* AppDelegate.swift */; };
		BEA520A51CCF417F00FFE43E /* Main.storyboard in Resources */ = {isa = PBXBuildFile; fileRef = BEA520A31CCF417F00FFE43E /* Main.storyboard */; };
		BEA520A81CCF417F00FFE43E /* PlanIt.xcdatamodeld in Sources */ = {isa = PBXBuildFile; fileRef = BEA520A61CCF417F00FFE43E /* PlanIt.xcdatamodeld */; };
		BEA520AA1CCF417F00FFE43E /* Assets.xcassets in Resources */ = {isa = PBXBuildFile; fileRef = BEA520A91CCF417F00FFE43E /* Assets.xcassets */; };
		BEA520AD1CCF417F00FFE43E /* LaunchScreen.storyboard in Resources */ = {isa = PBXBuildFile; fileRef = BEA520AB1CCF417F00FFE43E /* LaunchScreen.storyboard */; };
		BEA520B81CCF417F00FFE43E /* PlanItTests.swift in Sources */ = {isa = PBXBuildFile; fileRef = BEA520B71CCF417F00FFE43E /* PlanItTests.swift */; };
		BEA520C31CCF417F00FFE43E /* PlanItUITests.swift in Sources */ = {isa = PBXBuildFile; fileRef = BEA520C21CCF417F00FFE43E /* PlanItUITests.swift */; };
		BEACC90D1D5F7FF70093FB94 /* GuideViewController.swift in Sources */ = {isa = PBXBuildFile; fileRef = BEACC90C1D5F7FF70093FB94 /* GuideViewController.swift */; };
		BEB033ED1CE058B4001128D3 /* EditProjectTableViewController.swift in Sources */ = {isa = PBXBuildFile; fileRef = BEB033EC1CE058B4001128D3 /* EditProjectTableViewController.swift */; };
		BEB8B3271CF57870002A20FE /* CloseButton.swift in Sources */ = {isa = PBXBuildFile; fileRef = BEB8B3221CF57870002A20FE /* CloseButton.swift */; };
		BEB8B3291CF57870002A20FE /* TagListView.swift in Sources */ = {isa = PBXBuildFile; fileRef = BEB8B3251CF57870002A20FE /* TagListView.swift */; };
		BEB8B32A1CF57870002A20FE /* TagView.swift in Sources */ = {isa = PBXBuildFile; fileRef = BEB8B3261CF57870002A20FE /* TagView.swift */; };
		BECBB80A1DBDEAA900736904 /* .gitkeep in Resources */ = {isa = PBXBuildFile; fileRef = BECBB7F61DBDEAA900736904 /* .gitkeep */; };
		BECBB80B1DBDEAA900736904 /* .gitkeep in Resources */ = {isa = PBXBuildFile; fileRef = BECBB7F81DBDEAA900736904 /* .gitkeep */; };
		BECBB80C1DBDEAA900736904 /* FXBlurView.m in Sources */ = {isa = PBXBuildFile; fileRef = BECBB7FA1DBDEAA900736904 /* FXBlurView.m */; };
		BECBB80D1DBDEAA900736904 /* InteractiveTransition.swift in Sources */ = {isa = PBXBuildFile; fileRef = BECBB7FB1DBDEAA900736904 /* InteractiveTransition.swift */; };
		BECBB80E1DBDEAA900736904 /* PopupDialog+Keyboard.swift in Sources */ = {isa = PBXBuildFile; fileRef = BECBB7FC1DBDEAA900736904 /* PopupDialog+Keyboard.swift */; };
		BECBB80F1DBDEAA900736904 /* PopupDialog.swift in Sources */ = {isa = PBXBuildFile; fileRef = BECBB7FD1DBDEAA900736904 /* PopupDialog.swift */; };
		BECBB8101DBDEAA900736904 /* PopupDialogButton.swift in Sources */ = {isa = PBXBuildFile; fileRef = BECBB7FE1DBDEAA900736904 /* PopupDialogButton.swift */; };
		BECBB8111DBDEAA900736904 /* PopupDialogContainerView.swift in Sources */ = {isa = PBXBuildFile; fileRef = BECBB7FF1DBDEAA900736904 /* PopupDialogContainerView.swift */; };
		BECBB8121DBDEAA900736904 /* PopupDialogDefaultButtons.swift in Sources */ = {isa = PBXBuildFile; fileRef = BECBB8001DBDEAA900736904 /* PopupDialogDefaultButtons.swift */; };
		BECBB8131DBDEAA900736904 /* PopupDialogDefaultView.swift in Sources */ = {isa = PBXBuildFile; fileRef = BECBB8011DBDEAA900736904 /* PopupDialogDefaultView.swift */; };
		BECBB8141DBDEAA900736904 /* PopupDialogDefaultViewController.swift in Sources */ = {isa = PBXBuildFile; fileRef = BECBB8021DBDEAA900736904 /* PopupDialogDefaultViewController.swift */; };
		BECBB8151DBDEAA900736904 /* PopupDialogOverlayView.swift in Sources */ = {isa = PBXBuildFile; fileRef = BECBB8031DBDEAA900736904 /* PopupDialogOverlayView.swift */; };
		BECBB8161DBDEAA900736904 /* PresentationController.swift in Sources */ = {isa = PBXBuildFile; fileRef = BECBB8041DBDEAA900736904 /* PresentationController.swift */; };
		BECBB8171DBDEAA900736904 /* PresentationManager.swift in Sources */ = {isa = PBXBuildFile; fileRef = BECBB8051DBDEAA900736904 /* PresentationManager.swift */; };
		BECBB8181DBDEAA900736904 /* TransitionAnimations.swift in Sources */ = {isa = PBXBuildFile; fileRef = BECBB8061DBDEAA900736904 /* TransitionAnimations.swift */; };
		BECBB8191DBDEAA900736904 /* TransitionAnimator.swift in Sources */ = {isa = PBXBuildFile; fileRef = BECBB8071DBDEAA900736904 /* TransitionAnimator.swift */; };
		BECBB81A1DBDEAA900736904 /* UIView+Animations.swift in Sources */ = {isa = PBXBuildFile; fileRef = BECBB8081DBDEAA900736904 /* UIView+Animations.swift */; };
		BECBB81B1DBDEAA900736904 /* UIViewController+Visibility.swift in Sources */ = {isa = PBXBuildFile; fileRef = BECBB8091DBDEAA900736904 /* UIViewController+Visibility.swift */; };
		BECFC3071CFABE2400D8C4C8 /* ScrollableGraphView.swift in Sources */ = {isa = PBXBuildFile; fileRef = BECFC3061CFABE2400D8C4C8 /* ScrollableGraphView.swift */; };
		BECFC30B1CFAD43B00D8C4C8 /* ProcessTableViewCell.swift in Sources */ = {isa = PBXBuildFile; fileRef = BECFC30A1CFAD43B00D8C4C8 /* ProcessTableViewCell.swift */; };
		BECFC30D1CFADBCD00D8C4C8 /* ProcessDateModel.swift in Sources */ = {isa = PBXBuildFile; fileRef = BECFC30C1CFADBCD00D8C4C8 /* ProcessDateModel.swift */; };
		BED76F601D167AFB00C8B521 /* AddProcessTableViewController.swift in Sources */ = {isa = PBXBuildFile; fileRef = BED76F5F1D167AFB00C8B521 /* AddProcessTableViewController.swift */; };
		BEE477FE1D1FC8CA00EF8C44 /* ChangeTagsViewControl.swift in Sources */ = {isa = PBXBuildFile; fileRef = BEE477FD1D1FC8CA00EF8C44 /* ChangeTagsViewControl.swift */; };
		BEFD57E41D4DCA3C00CAD595 /* libc++.tbd in Frameworks */ = {isa = PBXBuildFile; fileRef = BEFD57E31D4DCA3C00CAD595 /* libc++.tbd */; };
		BEFD57E61D4DCA4A00CAD595 /* libz.tbd in Frameworks */ = {isa = PBXBuildFile; fileRef = BEFD57E51D4DCA4A00CAD595 /* libz.tbd */; };
		BEFD57E81D4DCA5500CAD595 /* SystemConfiguration.framework in Frameworks */ = {isa = PBXBuildFile; fileRef = BEFD57E71D4DCA5500CAD595 /* SystemConfiguration.framework */; };
		BEFD58071D4DD10900CAD595 /* libsqlite3.tbd in Frameworks */ = {isa = PBXBuildFile; fileRef = BEFD58061D4DD10900CAD595 /* libsqlite3.tbd */; };
		BEFD58091D4DDEDC00CAD595 /* UMMobClick.framework in Frameworks */ = {isa = PBXBuildFile; fileRef = BEFD58081D4DDEDC00CAD595 /* UMMobClick.framework */; };
		BEFD580F1D4DE13400CAD595 /* CoreTelephony.framework in Frameworks */ = {isa = PBXBuildFile; fileRef = BEFD580E1D4DE13400CAD595 /* CoreTelephony.framework */; };
/* End PBXBuildFile section */

/* Begin PBXContainerItemProxy section */
		BEA520B41CCF417F00FFE43E /* PBXContainerItemProxy */ = {
			isa = PBXContainerItemProxy;
			containerPortal = BEA520941CCF417F00FFE43E /* Project object */;
			proxyType = 1;
			remoteGlobalIDString = BEA5209B1CCF417F00FFE43E;
			remoteInfo = PlanIt;
		};
		BEA520BF1CCF417F00FFE43E /* PBXContainerItemProxy */ = {
			isa = PBXContainerItemProxy;
			containerPortal = BEA520941CCF417F00FFE43E /* Project object */;
			proxyType = 1;
			remoteGlobalIDString = BEA5209B1CCF417F00FFE43E;
			remoteInfo = PlanIt;
		};
/* End PBXContainerItemProxy section */

/* Begin PBXFileReference section */
		09589BE40F48A418B19A9511 /* Pods-PlanIt.release.xcconfig */ = {isa = PBXFileReference; includeInIndex = 1; lastKnownFileType = text.xcconfig; name = "Pods-PlanIt.release.xcconfig"; path = "Pods/Target Support Files/Pods-PlanIt/Pods-PlanIt.release.xcconfig"; sourceTree = "<group>"; };
		36006BD01D3BC5D800E08324 /* PlanIt-Bridging-Header.h */ = {isa = PBXFileReference; fileEncoding = 4; lastKnownFileType = sourcecode.c.h; path = "PlanIt-Bridging-Header.h"; sourceTree = SOURCE_ROOT; };
		36006BDD1D3BC84E00E08324 /* WActivityIndicator.swift */ = {isa = PBXFileReference; fileEncoding = 4; lastKnownFileType = sourcecode.swift; name = WActivityIndicator.swift; path = "Pods/../../../../Desktop/WIndicator-master/indicatorDemo/WActivityIndicator.swift"; sourceTree = "<group>"; };
		36006BDE1D3BC84E00E08324 /* WIndicator.swift */ = {isa = PBXFileReference; fileEncoding = 4; lastKnownFileType = sourcecode.swift; name = WIndicator.swift; path = "Pods/../../../../Desktop/WIndicator-master/indicatorDemo/WIndicator.swift"; sourceTree = "<group>"; };
		36006BDF1D3BC84E00E08324 /* WIndicatorText.swift */ = {isa = PBXFileReference; fileEncoding = 4; lastKnownFileType = sourcecode.swift; name = WIndicatorText.swift; path = "Pods/../../../../Desktop/WIndicator-master/indicatorDemo/WIndicatorText.swift"; sourceTree = "<group>"; };
		3673984D1E07C21900B0490F /* zh-Hans */ = {isa = PBXFileReference; lastKnownFileType = text.plist.strings; name = "zh-Hans"; path = "zh-Hans.lproj/Main.strings"; sourceTree = "<group>"; };
		3673984F1E07C22100B0490F /* zh-Hant */ = {isa = PBXFileReference; lastKnownFileType = text.plist.strings; name = "zh-Hant"; path = "zh-Hant.lproj/Main.strings"; sourceTree = "<group>"; };
		367B7B3C1D4675C80035B099 /* AboutViewController.swift */ = {isa = PBXFileReference; fileEncoding = 4; lastKnownFileType = sourcecode.swift; path = AboutViewController.swift; sourceTree = "<group>"; };
		36AD318E1DB35BB500183458 /* zh-Hans */ = {isa = PBXFileReference; lastKnownFileType = text.plist.strings; name = "zh-Hans"; path = "zh-Hans.lproj/LaunchScreen.strings"; sourceTree = "<group>"; };
		36AD31901DB35BFC00183458 /* zh-Hant */ = {isa = PBXFileReference; lastKnownFileType = text.plist.strings; name = "zh-Hant"; path = "zh-Hant.lproj/LaunchScreen.strings"; sourceTree = "<group>"; };
		36AD31951DB35D7400183458 /* en */ = {isa = PBXFileReference; lastKnownFileType = text.plist.strings; name = en; path = en.lproj/InfoPlist.strings; sourceTree = "<group>"; };
		36AD31971DB35D9B00183458 /* zh-Hans */ = {isa = PBXFileReference; lastKnownFileType = text.plist.strings; name = "zh-Hans"; path = "zh-Hans.lproj/InfoPlist.strings"; sourceTree = "<group>"; };
		36AD31981DB35DA000183458 /* zh-Hant */ = {isa = PBXFileReference; lastKnownFileType = text.plist.strings; name = "zh-Hant"; path = "zh-Hant.lproj/InfoPlist.strings"; sourceTree = "<group>"; };
		36AD319C1DB3636E00183458 /* en */ = {isa = PBXFileReference; lastKnownFileType = text.plist.strings; name = en; path = en.lproj/Localizable.strings; sourceTree = "<group>"; };
		36AD319E1DB3637000183458 /* zh-Hans */ = {isa = PBXFileReference; lastKnownFileType = text.plist.strings; name = "zh-Hans"; path = "zh-Hans.lproj/Localizable.strings"; sourceTree = "<group>"; };
		36AD319F1DB3637100183458 /* zh-Hant */ = {isa = PBXFileReference; lastKnownFileType = text.plist.strings; name = "zh-Hant"; path = "zh-Hant.lproj/Localizable.strings"; sourceTree = "<group>"; };
		5F835661849BEA352693A738 /* Pods-PlanIt.debug.xcconfig */ = {isa = PBXFileReference; includeInIndex = 1; lastKnownFileType = text.xcconfig; name = "Pods-PlanIt.debug.xcconfig"; path = "Pods/Target Support Files/Pods-PlanIt/Pods-PlanIt.debug.xcconfig"; sourceTree = "<group>"; };
		75936E3A3A1A3413A5114395 /* Pods_PlanIt.framework */ = {isa = PBXFileReference; explicitFileType = wrapper.framework; includeInIndex = 0; path = Pods_PlanIt.framework; sourceTree = BUILT_PRODUCTS_DIR; };
		BE004A5E1D2A43A400556E85 /* TagTableViewCell.swift */ = {isa = PBXFileReference; fileEncoding = 4; lastKnownFileType = sourcecode.swift; path = TagTableViewCell.swift; sourceTree = "<group>"; };
		BE1C16051D2CCC3800A4B4A5 /* OptionsTableViewController.swift */ = {isa = PBXFileReference; fileEncoding = 4; lastKnownFileType = sourcecode.swift; path = OptionsTableViewController.swift; sourceTree = "<group>"; };
		BE1C16071D2CCC4200A4B4A5 /* WebviewController.swift */ = {isa = PBXFileReference; fileEncoding = 4; lastKnownFileType = sourcecode.swift; path = WebviewController.swift; sourceTree = "<group>"; };
		BE24E5C01D6820E1007CB5D6 /* DynamicBlurView.swift */ = {isa = PBXFileReference; fileEncoding = 4; lastKnownFileType = sourcecode.swift; path = DynamicBlurView.swift; sourceTree = "<group>"; };
		BE279CF31CDF1D4D00D4FCFB /* KYDrawerController.swift */ = {isa = PBXFileReference; fileEncoding = 4; lastKnownFileType = sourcecode.swift; name = KYDrawerController.swift; path = KYDrawerController/Classes/KYDrawerController.swift; sourceTree = "<group>"; };
		BE279CF41CDF1D4D00D4FCFB /* KYEmbedDrawerControllerSegue.swift */ = {isa = PBXFileReference; fileEncoding = 4; lastKnownFileType = sourcecode.swift; name = KYEmbedDrawerControllerSegue.swift; path = KYDrawerController/Classes/KYEmbedDrawerControllerSegue.swift; sourceTree = "<group>"; };
		BE279CF51CDF1D4D00D4FCFB /* KYEmbedMainControllerSegue.swift */ = {isa = PBXFileReference; fileEncoding = 4; lastKnownFileType = sourcecode.swift; name = KYEmbedMainControllerSegue.swift; path = KYDrawerController/Classes/KYEmbedMainControllerSegue.swift; sourceTree = "<group>"; };
		BE279CF91CDF1E1C00D4FCFB /* MenuTableViewControl.swift */ = {isa = PBXFileReference; fileEncoding = 4; lastKnownFileType = sourcecode.swift; path = MenuTableViewControl.swift; sourceTree = "<group>"; };
		BE31C12D1D21168800A1A47B /* WaveLoadingIndicator.swift */ = {isa = PBXFileReference; fileEncoding = 4; lastKnownFileType = sourcecode.swift; path = WaveLoadingIndicator.swift; sourceTree = "<group>"; };
		BE3B754C1D278B3900F7AEC3 /* KDCircularProgress.swift */ = {isa = PBXFileReference; fileEncoding = 4; lastKnownFileType = sourcecode.swift; path = KDCircularProgress.swift; sourceTree = "<group>"; };
		BE3F86ED1D676F94002FACA2 /* UILabel+mojiLabel.swift.swift */ = {isa = PBXFileReference; fileEncoding = 4; lastKnownFileType = sourcecode.swift; path = "UILabel+mojiLabel.swift.swift"; sourceTree = "<group>"; };
		BE3F86F31D67826D002FACA2 /* Info.plist */ = {isa = PBXFileReference; fileEncoding = 4; lastKnownFileType = text.plist.xml; path = Info.plist; sourceTree = "<group>"; };
		BE3F86F41D67826D002FACA2 /* UICollectionViewLeftAlignedLayout.h */ = {isa = PBXFileReference; fileEncoding = 4; lastKnownFileType = sourcecode.c.h; path = UICollectionViewLeftAlignedLayout.h; sourceTree = "<group>"; };
		BE3F86F51D67826D002FACA2 /* UICollectionViewLeftAlignedLayout.m */ = {isa = PBXFileReference; fileEncoding = 4; lastKnownFileType = sourcecode.c.objc; path = UICollectionViewLeftAlignedLayout.m; sourceTree = "<group>"; };
		BE45A9F81CF98845007FD5DE /* ProcessesTableViewController.swift */ = {isa = PBXFileReference; fileEncoding = 4; lastKnownFileType = sourcecode.swift; name = ProcessesTableViewController.swift; path = ../Statistics/ProcessesTableViewController.swift; sourceTree = "<group>"; };
		BE4EDFFD1D41F7D2003EA7A0 /* MBProgressHUD.h */ = {isa = PBXFileReference; fileEncoding = 4; lastKnownFileType = sourcecode.c.h; path = MBProgressHUD.h; sourceTree = "<group>"; };
		BE4EDFFE1D41F7D2003EA7A0 /* MBProgressHUD.m */ = {isa = PBXFileReference; fileEncoding = 4; lastKnownFileType = sourcecode.c.objc; path = MBProgressHUD.m; sourceTree = "<group>"; };
		BE4F02371CEF365F00126237 /* RoundTableviewCell.h */ = {isa = PBXFileReference; fileEncoding = 4; lastKnownFileType = sourcecode.c.h; path = RoundTableviewCell.h; sourceTree = "<group>"; };
		BE4F02381CEF365F00126237 /* RoundTableviewCell.swift */ = {isa = PBXFileReference; fileEncoding = 4; lastKnownFileType = sourcecode.swift; path = RoundTableviewCell.swift; sourceTree = "<group>"; };
		BE5FE7A61CCF5C5400BC5F86 /* ProjectModel.swift */ = {isa = PBXFileReference; fileEncoding = 4; lastKnownFileType = sourcecode.swift; path = ProjectModel.swift; sourceTree = "<group>"; };
		BE5FE7A81CCF8A0E00BC5F86 /* TagModel.swift */ = {isa = PBXFileReference; fileEncoding = 4; lastKnownFileType = sourcecode.swift; path = TagModel.swift; sourceTree = "<group>"; };
		BE68E5481CE9B658006A1750 /* TagsViewController.swift */ = {isa = PBXFileReference; fileEncoding = 4; lastKnownFileType = sourcecode.swift; path = TagsViewController.swift; sourceTree = "<group>"; };
		BE6A1A651D3CC83200E39B7B /* WActivityIndicator.swift */ = {isa = PBXFileReference; fileEncoding = 4; lastKnownFileType = sourcecode.swift; path = WActivityIndicator.swift; sourceTree = "<group>"; };
		BE6A1A661D3CC83200E39B7B /* WIndicator.swift */ = {isa = PBXFileReference; fileEncoding = 4; lastKnownFileType = sourcecode.swift; path = WIndicator.swift; sourceTree = "<group>"; };
		BE6A1A671D3CC83200E39B7B /* WIndicatorText.swift */ = {isa = PBXFileReference; fileEncoding = 4; lastKnownFileType = sourcecode.swift; path = WIndicatorText.swift; sourceTree = "<group>"; };
		BE6CA73B1E2A1A42001975FA /* iCloud.h */ = {isa = PBXFileReference; fileEncoding = 4; lastKnownFileType = sourcecode.c.h; path = iCloud.h; sourceTree = "<group>"; };
		BE6CA73C1E2A1A42001975FA /* iCloud.m */ = {isa = PBXFileReference; fileEncoding = 4; lastKnownFileType = sourcecode.c.objc; path = iCloud.m; sourceTree = "<group>"; };
		BE6CA73D1E2A1A42001975FA /* iCloudDocument.h */ = {isa = PBXFileReference; fileEncoding = 4; lastKnownFileType = sourcecode.c.h; path = iCloudDocument.h; sourceTree = "<group>"; };
		BE6CA73E1E2A1A42001975FA /* iCloudDocument.m */ = {isa = PBXFileReference; fileEncoding = 4; lastKnownFileType = sourcecode.c.objc; path = iCloudDocument.m; sourceTree = "<group>"; };
		BE6CA7411E2A1F0B001975FA /* Bugly.framework */ = {isa = PBXFileReference; lastKnownFileType = wrapper.framework; path = Bugly.framework; sourceTree = "<group>"; };
		BE6CA7431E2A1F4B001975FA /* Security.framework */ = {isa = PBXFileReference; lastKnownFileType = wrapper.framework; name = Security.framework; path = System/Library/Frameworks/Security.framework; sourceTree = SDKROOT; };
		BE6E09301CD9C2B5008AABCD /* TagMapModel.swift */ = {isa = PBXFileReference; fileEncoding = 4; lastKnownFileType = sourcecode.swift; path = TagMapModel.swift; sourceTree = "<group>"; };
		BE6E09321CD9C373008AABCD /* ProcessModel.swift */ = {isa = PBXFileReference; fileEncoding = 4; lastKnownFileType = sourcecode.swift; path = ProcessModel.swift; sourceTree = "<group>"; };
		BE6E09341CD9D45E008AABCD /* ProjectViewController.swift */ = {isa = PBXFileReference; fileEncoding = 4; lastKnownFileType = sourcecode.swift; path = ProjectViewController.swift; sourceTree = "<group>"; };
		BE6E09361CD9D6FF008AABCD /* ProjectTableViewCell.swift */ = {isa = PBXFileReference; fileEncoding = 4; lastKnownFileType = sourcecode.swift; path = ProjectTableViewCell.swift; sourceTree = "<group>"; };
		BE6EEBB61CF4220E0085A9E7 /* StatisticsViewController.swift */ = {isa = PBXFileReference; fileEncoding = 4; lastKnownFileType = sourcecode.swift; path = StatisticsViewController.swift; sourceTree = "<group>"; };
		BE79BCC21D2D38B2001512D6 /* NSDate+mojiDate.swift */ = {isa = PBXFileReference; fileEncoding = 4; lastKnownFileType = sourcecode.swift; path = "NSDate+mojiDate.swift"; sourceTree = "<group>"; };
		BE79BCC31D2D38B2001512D6 /* String+mojiString.swift */ = {isa = PBXFileReference; fileEncoding = 4; lastKnownFileType = sourcecode.swift; path = "String+mojiString.swift"; sourceTree = "<group>"; };
		BE79BCC41D2D38B2001512D6 /* UIColor+colorFromHex.swift */ = {isa = PBXFileReference; fileEncoding = 4; lastKnownFileType = sourcecode.swift; path = "UIColor+colorFromHex.swift"; sourceTree = "<group>"; };
		BE79BCC51D2D38B2001512D6 /* UIViewController+mojiView.swift */ = {isa = PBXFileReference; fileEncoding = 4; lastKnownFileType = sourcecode.swift; path = "UIViewController+mojiView.swift"; sourceTree = "<group>"; };
		BE79BCCA1D2D38E6001512D6 /* UIImage+mojiImage.swift */ = {isa = PBXFileReference; fileEncoding = 4; lastKnownFileType = sourcecode.swift; path = "UIImage+mojiImage.swift"; sourceTree = "<group>"; };
		BE7DF7FC1CEC922000DB1CBB /* RRAddTagView.swift */ = {isa = PBXFileReference; fileEncoding = 4; lastKnownFileType = sourcecode.swift; path = RRAddTagView.swift; sourceTree = "<group>"; };
		BE7DF7FD1CEC922000DB1CBB /* RRTagCollectionViewCell.swift */ = {isa = PBXFileReference; fileEncoding = 4; lastKnownFileType = sourcecode.swift; path = RRTagCollectionViewCell.swift; sourceTree = "<group>"; };
		BE7DF7FE1CEC922000DB1CBB /* RRTagController.swift */ = {isa = PBXFileReference; fileEncoding = 4; lastKnownFileType = sourcecode.swift; path = RRTagController.swift; sourceTree = "<group>"; };
		BE8A3DE41DA3E25F00355461 /* DateTool.swift */ = {isa = PBXFileReference; fileEncoding = 4; lastKnownFileType = sourcecode.swift; name = DateTool.swift; path = PlanIt/DateTool.swift; sourceTree = SOURCE_ROOT; };
		BE93C1051CE84F1700766DD4 /* SQLiteManager.swift */ = {isa = PBXFileReference; fileEncoding = 4; lastKnownFileType = sourcecode.swift; path = SQLiteManager.swift; sourceTree = "<group>"; };
		BE977A801D17B87200D6899C /* CellBackgroundView.swift */ = {isa = PBXFileReference; fileEncoding = 4; lastKnownFileType = sourcecode.swift; path = CellBackgroundView.swift; sourceTree = "<group>"; };
		BE9ACE771D0BE2420097A76F /* Global.swift */ = {isa = PBXFileReference; fileEncoding = 4; lastKnownFileType = sourcecode.swift; name = Global.swift; path = Classes/UI/Main/Global.swift; sourceTree = "<group>"; };
		BE9ACE791D0C03B30097A76F /* PieChartView.swift */ = {isa = PBXFileReference; fileEncoding = 4; lastKnownFileType = sourcecode.swift; name = PieChartView.swift; path = PlanIt/Classes/UI/Projects/PieChartView.swift; sourceTree = SOURCE_ROOT; };
		BE9B42FF1E09547700FCA49C /* Markplan.entitlements */ = {isa = PBXFileReference; lastKnownFileType = text.plist.entitlements; path = Markplan.entitlements; sourceTree = "<group>"; };
		BEA025211DA5D77500175B2B /* UserDefaultTool.swift */ = {isa = PBXFileReference; fileEncoding = 4; lastKnownFileType = sourcecode.swift; name = UserDefaultTool.swift; path = PlanIt/UserDefaultTool.swift; sourceTree = SOURCE_ROOT; };
		BEA5209C1CCF417F00FFE43E /* Markplan.app */ = {isa = PBXFileReference; explicitFileType = wrapper.application; includeInIndex = 0; path = Markplan.app; sourceTree = BUILT_PRODUCTS_DIR; };
		BEA5209F1CCF417F00FFE43E /* AppDelegate.swift */ = {isa = PBXFileReference; lastKnownFileType = sourcecode.swift; path = AppDelegate.swift; sourceTree = "<group>"; };
		BEA520A41CCF417F00FFE43E /* Base */ = {isa = PBXFileReference; lastKnownFileType = file.storyboard; name = Base; path = Base.lproj/Main.storyboard; sourceTree = "<group>"; };
		BEA520A71CCF417F00FFE43E /* PlanIt.xcdatamodel */ = {isa = PBXFileReference; lastKnownFileType = wrapper.xcdatamodel; path = PlanIt.xcdatamodel; sourceTree = "<group>"; };
		BEA520A91CCF417F00FFE43E /* Assets.xcassets */ = {isa = PBXFileReference; lastKnownFileType = folder.assetcatalog; path = Assets.xcassets; sourceTree = "<group>"; };
		BEA520AC1CCF417F00FFE43E /* Base */ = {isa = PBXFileReference; lastKnownFileType = file.storyboard; name = Base; path = Base.lproj/LaunchScreen.storyboard; sourceTree = "<group>"; };
		BEA520AE1CCF417F00FFE43E /* Info.plist */ = {isa = PBXFileReference; lastKnownFileType = text.plist.xml; path = Info.plist; sourceTree = "<group>"; };
		BEA520B31CCF417F00FFE43E /* Markplan.xctest */ = {isa = PBXFileReference; explicitFileType = wrapper.cfbundle; includeInIndex = 0; path = Markplan.xctest; sourceTree = BUILT_PRODUCTS_DIR; };
		BEA520B71CCF417F00FFE43E /* PlanItTests.swift */ = {isa = PBXFileReference; lastKnownFileType = sourcecode.swift; path = PlanItTests.swift; sourceTree = "<group>"; };
		BEA520B91CCF417F00FFE43E /* Info.plist */ = {isa = PBXFileReference; lastKnownFileType = text.plist.xml; path = Info.plist; sourceTree = "<group>"; };
		BEA520BE1CCF417F00FFE43E /* Markplan.xctest */ = {isa = PBXFileReference; explicitFileType = wrapper.cfbundle; includeInIndex = 0; path = Markplan.xctest; sourceTree = BUILT_PRODUCTS_DIR; };
		BEA520C21CCF417F00FFE43E /* PlanItUITests.swift */ = {isa = PBXFileReference; lastKnownFileType = sourcecode.swift; path = PlanItUITests.swift; sourceTree = "<group>"; };
		BEA520C41CCF417F00FFE43E /* Info.plist */ = {isa = PBXFileReference; lastKnownFileType = text.plist.xml; path = Info.plist; sourceTree = "<group>"; };
		BEAC77631D363300007BBB0E /* Popover.framework */ = {isa = PBXFileReference; lastKnownFileType = wrapper.framework; name = Popover.framework; path = "Pods/../build/Release-iphoneos/Popover/Popover.framework"; sourceTree = "<group>"; };
		BEACC90C1D5F7FF70093FB94 /* GuideViewController.swift */ = {isa = PBXFileReference; fileEncoding = 4; lastKnownFileType = sourcecode.swift; path = GuideViewController.swift; sourceTree = "<group>"; };
		BEB033EC1CE058B4001128D3 /* EditProjectTableViewController.swift */ = {isa = PBXFileReference; fileEncoding = 4; lastKnownFileType = sourcecode.swift; path = EditProjectTableViewController.swift; sourceTree = "<group>"; };
		BEB8B3221CF57870002A20FE /* CloseButton.swift */ = {isa = PBXFileReference; fileEncoding = 4; lastKnownFileType = sourcecode.swift; path = CloseButton.swift; sourceTree = "<group>"; };
		BEB8B3241CF57870002A20FE /* TagListView.h */ = {isa = PBXFileReference; fileEncoding = 4; lastKnownFileType = sourcecode.c.h; path = TagListView.h; sourceTree = "<group>"; };
		BEB8B3251CF57870002A20FE /* TagListView.swift */ = {isa = PBXFileReference; fileEncoding = 4; lastKnownFileType = sourcecode.swift; path = TagListView.swift; sourceTree = "<group>"; };
		BEB8B3261CF57870002A20FE /* TagView.swift */ = {isa = PBXFileReference; fileEncoding = 4; lastKnownFileType = sourcecode.swift; path = TagView.swift; sourceTree = "<group>"; };
		BECBB7F61DBDEAA900736904 /* .gitkeep */ = {isa = PBXFileReference; fileEncoding = 4; lastKnownFileType = text; path = .gitkeep; sourceTree = "<group>"; };
		BECBB7F81DBDEAA900736904 /* .gitkeep */ = {isa = PBXFileReference; fileEncoding = 4; lastKnownFileType = text; path = .gitkeep; sourceTree = "<group>"; };
		BECBB7F91DBDEAA900736904 /* FXBlurView.h */ = {isa = PBXFileReference; fileEncoding = 4; lastKnownFileType = sourcecode.c.h; path = FXBlurView.h; sourceTree = "<group>"; };
		BECBB7FA1DBDEAA900736904 /* FXBlurView.m */ = {isa = PBXFileReference; fileEncoding = 4; lastKnownFileType = sourcecode.c.objc; path = FXBlurView.m; sourceTree = "<group>"; };
		BECBB7FB1DBDEAA900736904 /* InteractiveTransition.swift */ = {isa = PBXFileReference; fileEncoding = 4; lastKnownFileType = sourcecode.swift; path = InteractiveTransition.swift; sourceTree = "<group>"; };
		BECBB7FC1DBDEAA900736904 /* PopupDialog+Keyboard.swift */ = {isa = PBXFileReference; fileEncoding = 4; lastKnownFileType = sourcecode.swift; path = "PopupDialog+Keyboard.swift"; sourceTree = "<group>"; };
		BECBB7FD1DBDEAA900736904 /* PopupDialog.swift */ = {isa = PBXFileReference; fileEncoding = 4; lastKnownFileType = sourcecode.swift; path = PopupDialog.swift; sourceTree = "<group>"; };
		BECBB7FE1DBDEAA900736904 /* PopupDialogButton.swift */ = {isa = PBXFileReference; fileEncoding = 4; lastKnownFileType = sourcecode.swift; path = PopupDialogButton.swift; sourceTree = "<group>"; };
		BECBB7FF1DBDEAA900736904 /* PopupDialogContainerView.swift */ = {isa = PBXFileReference; fileEncoding = 4; lastKnownFileType = sourcecode.swift; path = PopupDialogContainerView.swift; sourceTree = "<group>"; };
		BECBB8001DBDEAA900736904 /* PopupDialogDefaultButtons.swift */ = {isa = PBXFileReference; fileEncoding = 4; lastKnownFileType = sourcecode.swift; path = PopupDialogDefaultButtons.swift; sourceTree = "<group>"; };
		BECBB8011DBDEAA900736904 /* PopupDialogDefaultView.swift */ = {isa = PBXFileReference; fileEncoding = 4; lastKnownFileType = sourcecode.swift; path = PopupDialogDefaultView.swift; sourceTree = "<group>"; };
		BECBB8021DBDEAA900736904 /* PopupDialogDefaultViewController.swift */ = {isa = PBXFileReference; fileEncoding = 4; lastKnownFileType = sourcecode.swift; path = PopupDialogDefaultViewController.swift; sourceTree = "<group>"; };
		BECBB8031DBDEAA900736904 /* PopupDialogOverlayView.swift */ = {isa = PBXFileReference; fileEncoding = 4; lastKnownFileType = sourcecode.swift; path = PopupDialogOverlayView.swift; sourceTree = "<group>"; };
		BECBB8041DBDEAA900736904 /* PresentationController.swift */ = {isa = PBXFileReference; fileEncoding = 4; lastKnownFileType = sourcecode.swift; path = PresentationController.swift; sourceTree = "<group>"; };
		BECBB8051DBDEAA900736904 /* PresentationManager.swift */ = {isa = PBXFileReference; fileEncoding = 4; lastKnownFileType = sourcecode.swift; path = PresentationManager.swift; sourceTree = "<group>"; };
		BECBB8061DBDEAA900736904 /* TransitionAnimations.swift */ = {isa = PBXFileReference; fileEncoding = 4; lastKnownFileType = sourcecode.swift; path = TransitionAnimations.swift; sourceTree = "<group>"; };
		BECBB8071DBDEAA900736904 /* TransitionAnimator.swift */ = {isa = PBXFileReference; fileEncoding = 4; lastKnownFileType = sourcecode.swift; path = TransitionAnimator.swift; sourceTree = "<group>"; };
		BECBB8081DBDEAA900736904 /* UIView+Animations.swift */ = {isa = PBXFileReference; fileEncoding = 4; lastKnownFileType = sourcecode.swift; path = "UIView+Animations.swift"; sourceTree = "<group>"; };
		BECBB8091DBDEAA900736904 /* UIViewController+Visibility.swift */ = {isa = PBXFileReference; fileEncoding = 4; lastKnownFileType = sourcecode.swift; path = "UIViewController+Visibility.swift"; sourceTree = "<group>"; };
		BECFC3061CFABE2400D8C4C8 /* ScrollableGraphView.swift */ = {isa = PBXFileReference; fileEncoding = 4; lastKnownFileType = sourcecode.swift; path = ScrollableGraphView.swift; sourceTree = "<group>"; };
		BECFC30A1CFAD43B00D8C4C8 /* ProcessTableViewCell.swift */ = {isa = PBXFileReference; fileEncoding = 4; lastKnownFileType = sourcecode.swift; path = ProcessTableViewCell.swift; sourceTree = "<group>"; };
		BECFC30C1CFADBCD00D8C4C8 /* ProcessDateModel.swift */ = {isa = PBXFileReference; fileEncoding = 4; lastKnownFileType = sourcecode.swift; path = ProcessDateModel.swift; sourceTree = "<group>"; };
		BED76F5F1D167AFB00C8B521 /* AddProcessTableViewController.swift */ = {isa = PBXFileReference; fileEncoding = 4; lastKnownFileType = sourcecode.swift; path = AddProcessTableViewController.swift; sourceTree = "<group>"; };
		BEE477FD1D1FC8CA00EF8C44 /* ChangeTagsViewControl.swift */ = {isa = PBXFileReference; fileEncoding = 4; lastKnownFileType = sourcecode.swift; path = ChangeTagsViewControl.swift; sourceTree = "<group>"; };
		BEFD57E31D4DCA3C00CAD595 /* libc++.tbd */ = {isa = PBXFileReference; lastKnownFileType = "sourcecode.text-based-dylib-definition"; name = "libc++.tbd"; path = "usr/lib/libc++.tbd"; sourceTree = SDKROOT; };
		BEFD57E51D4DCA4A00CAD595 /* libz.tbd */ = {isa = PBXFileReference; lastKnownFileType = "sourcecode.text-based-dylib-definition"; name = libz.tbd; path = usr/lib/libz.tbd; sourceTree = SDKROOT; };
		BEFD57E71D4DCA5500CAD595 /* SystemConfiguration.framework */ = {isa = PBXFileReference; lastKnownFileType = wrapper.framework; name = SystemConfiguration.framework; path = System/Library/Frameworks/SystemConfiguration.framework; sourceTree = SDKROOT; };
		BEFD58061D4DD10900CAD595 /* libsqlite3.tbd */ = {isa = PBXFileReference; lastKnownFileType = "sourcecode.text-based-dylib-definition"; name = libsqlite3.tbd; path = usr/lib/libsqlite3.tbd; sourceTree = SDKROOT; };
		BEFD58081D4DDEDC00CAD595 /* UMMobClick.framework */ = {isa = PBXFileReference; lastKnownFileType = wrapper.framework; path = UMMobClick.framework; sourceTree = "<group>"; };
		BEFD580E1D4DE13400CAD595 /* CoreTelephony.framework */ = {isa = PBXFileReference; lastKnownFileType = wrapper.framework; name = CoreTelephony.framework; path = System/Library/Frameworks/CoreTelephony.framework; sourceTree = SDKROOT; };
/* End PBXFileReference section */

/* Begin PBXFrameworksBuildPhase section */
		BEA520991CCF417F00FFE43E /* Frameworks */ = {
			isa = PBXFrameworksBuildPhase;
			buildActionMask = 2147483647;
			files = (
				BE6CA7441E2A1F4B001975FA /* Security.framework in Frameworks */,
				BEFD57E81D4DCA5500CAD595 /* SystemConfiguration.framework in Frameworks */,
				BEFD580F1D4DE13400CAD595 /* CoreTelephony.framework in Frameworks */,
				BEFD58091D4DDEDC00CAD595 /* UMMobClick.framework in Frameworks */,
				BEFD58071D4DD10900CAD595 /* libsqlite3.tbd in Frameworks */,
				BEFD57E61D4DCA4A00CAD595 /* libz.tbd in Frameworks */,
				BEFD57E41D4DCA3C00CAD595 /* libc++.tbd in Frameworks */,
				BE6CA7421E2A1F0B001975FA /* Bugly.framework in Frameworks */,
				0AA8C566706EFBEE8F482108 /* Pods_PlanIt.framework in Frameworks */,
			);
			runOnlyForDeploymentPostprocessing = 0;
		};
		BEA520B01CCF417F00FFE43E /* Frameworks */ = {
			isa = PBXFrameworksBuildPhase;
			buildActionMask = 2147483647;
			files = (
			);
			runOnlyForDeploymentPostprocessing = 0;
		};
		BEA520BB1CCF417F00FFE43E /* Frameworks */ = {
			isa = PBXFrameworksBuildPhase;
			buildActionMask = 2147483647;
			files = (
			);
			runOnlyForDeploymentPostprocessing = 0;
		};
/* End PBXFrameworksBuildPhase section */

/* Begin PBXGroup section */
		18781393FD6AEC8657ECC396 /* Pods */ = {
			isa = PBXGroup;
			children = (
				5F835661849BEA352693A738 /* Pods-PlanIt.debug.xcconfig */,
				09589BE40F48A418B19A9511 /* Pods-PlanIt.release.xcconfig */,
			);
			name = Pods;
			sourceTree = "<group>";
		};
		200B3328E0DC1CA2BA07C039 /* Frameworks */ = {
			isa = PBXGroup;
			children = (
				BE6CA7431E2A1F4B001975FA /* Security.framework */,
				BEFD580E1D4DE13400CAD595 /* CoreTelephony.framework */,
				BEFD58061D4DD10900CAD595 /* libsqlite3.tbd */,
				BEFD57E71D4DCA5500CAD595 /* SystemConfiguration.framework */,
				BEFD57E51D4DCA4A00CAD595 /* libz.tbd */,
				BEFD57E31D4DCA3C00CAD595 /* libc++.tbd */,
				36006BDC1D3BC83700E08324 /* MBProgressHUD */,
				BEAC77631D363300007BBB0E /* Popover.framework */,
				75936E3A3A1A3413A5114395 /* Pods_PlanIt.framework */,
			);
			name = Frameworks;
			sourceTree = "<group>";
		};
		36006BDC1D3BC83700E08324 /* MBProgressHUD */ = {
			isa = PBXGroup;
			children = (
				36006BDD1D3BC84E00E08324 /* WActivityIndicator.swift */,
				36006BDE1D3BC84E00E08324 /* WIndicator.swift */,
				36006BDF1D3BC84E00E08324 /* WIndicatorText.swift */,
			);
			name = MBProgressHUD;
			sourceTree = "<group>";
		};
		BE1C16041D2CCC2500A4B4A5 /* Options(设置) */ = {
			isa = PBXGroup;
			children = (
				BE1C16051D2CCC3800A4B4A5 /* OptionsTableViewController.swift */,
				BE1C16071D2CCC4200A4B4A5 /* WebviewController.swift */,
				367B7B3C1D4675C80035B099 /* AboutViewController.swift */,
			);
			name = "Options(设置)";
			path = Options;
			sourceTree = "<group>";
		};
		BE24E5BF1D6820E1007CB5D6 /* DynamicBlurView */ = {
			isa = PBXGroup;
			children = (
				BE24E5C01D6820E1007CB5D6 /* DynamicBlurView.swift */,
			);
			path = DynamicBlurView;
			sourceTree = "<group>";
		};
		BE279CEB1CDF1AE700D4FCFB /* KYDrawerController */ = {
			isa = PBXGroup;
			children = (
				BE279CF31CDF1D4D00D4FCFB /* KYDrawerController.swift */,
				BE279CF41CDF1D4D00D4FCFB /* KYEmbedDrawerControllerSegue.swift */,
				BE279CF51CDF1D4D00D4FCFB /* KYEmbedMainControllerSegue.swift */,
			);
			name = KYDrawerController;
			sourceTree = "<group>";
		};
		BE31C12C1D21168800A1A47B /* WaveLoadingIndicator */ = {
			isa = PBXGroup;
			children = (
				BE31C12D1D21168800A1A47B /* WaveLoadingIndicator.swift */,
			);
			path = WaveLoadingIndicator;
			sourceTree = "<group>";
		};
		BE3B754B1D278B3900F7AEC3 /* KDCircularProgress */ = {
			isa = PBXGroup;
			children = (
				BE3B754C1D278B3900F7AEC3 /* KDCircularProgress.swift */,
			);
			path = KDCircularProgress;
			sourceTree = "<group>";
		};
		BE3F86F21D67826D002FACA2 /* UICollectionViewLeftAlignedLayout */ = {
			isa = PBXGroup;
			children = (
				BE3F86F31D67826D002FACA2 /* Info.plist */,
				BE3F86F41D67826D002FACA2 /* UICollectionViewLeftAlignedLayout.h */,
				BE3F86F51D67826D002FACA2 /* UICollectionViewLeftAlignedLayout.m */,
			);
			path = UICollectionViewLeftAlignedLayout;
			sourceTree = "<group>";
		};
		BE4EDFFC1D41F7D2003EA7A0 /* MBProgressHUD */ = {
			isa = PBXGroup;
			children = (
				BE4EDFFD1D41F7D2003EA7A0 /* MBProgressHUD.h */,
				BE4EDFFE1D41F7D2003EA7A0 /* MBProgressHUD.m */,
			);
			path = MBProgressHUD;
			sourceTree = "<group>";
		};
		BE4F02351CEF365F00126237 /* RoundTableviewCell */ = {
			isa = PBXGroup;
			children = (
				BE4F02371CEF365F00126237 /* RoundTableviewCell.h */,
				BE4F02381CEF365F00126237 /* RoundTableviewCell.swift */,
			);
			path = RoundTableviewCell;
			sourceTree = "<group>";
		};
		BE68E5471CE9B5E6006A1750 /* Tag(标签) */ = {
			isa = PBXGroup;
			children = (
				BE68E5481CE9B658006A1750 /* TagsViewController.swift */,
				BEE477FD1D1FC8CA00EF8C44 /* ChangeTagsViewControl.swift */,
				BE004A5E1D2A43A400556E85 /* TagTableViewCell.swift */,
			);
			name = "Tag(标签)";
			path = Tag;
			sourceTree = "<group>";
		};
		BE6A1A641D3CC83200E39B7B /* WActivityIndicator */ = {
			isa = PBXGroup;
			children = (
				BE6A1A651D3CC83200E39B7B /* WActivityIndicator.swift */,
				BE6A1A661D3CC83200E39B7B /* WIndicator.swift */,
				BE6A1A671D3CC83200E39B7B /* WIndicatorText.swift */,
			);
			path = WActivityIndicator;
			sourceTree = "<group>";
		};
		BE6CA7391E2A1A42001975FA /* iCloud */ = {
			isa = PBXGroup;
			children = (
				BE6CA73B1E2A1A42001975FA /* iCloud.h */,
				BE6CA73C1E2A1A42001975FA /* iCloud.m */,
				BE6CA73D1E2A1A42001975FA /* iCloudDocument.h */,
				BE6CA73E1E2A1A42001975FA /* iCloudDocument.m */,
			);
			path = iCloud;
			sourceTree = "<group>";
		};
		BE79BCC11D2D38B2001512D6 /* Extension(扩展) */ = {
			isa = PBXGroup;
			children = (
				BE79BCC21D2D38B2001512D6 /* NSDate+mojiDate.swift */,
				BE79BCC31D2D38B2001512D6 /* String+mojiString.swift */,
				BE79BCC41D2D38B2001512D6 /* UIColor+colorFromHex.swift */,
				BE79BCC51D2D38B2001512D6 /* UIViewController+mojiView.swift */,
				BE79BCCA1D2D38E6001512D6 /* UIImage+mojiImage.swift */,
				BE3F86ED1D676F94002FACA2 /* UILabel+mojiLabel.swift.swift */,
			);
			name = "Extension(扩展)";
			path = Extension;
			sourceTree = "<group>";
		};
		BE7DF7FB1CEC922000DB1CBB /* RRTagController */ = {
			isa = PBXGroup;
			children = (
				BE7DF7FC1CEC922000DB1CBB /* RRAddTagView.swift */,
				BE7DF7FD1CEC922000DB1CBB /* RRTagCollectionViewCell.swift */,
				BE7DF7FE1CEC922000DB1CBB /* RRTagController.swift */,
			);
			path = RRTagController;
			sourceTree = "<group>";
		};
		BE802AEE1CCF4B2B0092F2DE /* Classes */ = {
			isa = PBXGroup;
			children = (
				BE79BCC11D2D38B2001512D6 /* Extension(扩展) */,
				BE802AEF1CCF4B2B0092F2DE /* BusinessModel(业务模型) */,
				BE802AF21CCF4B2B0092F2DE /* UI(界面) */,
				BE802AF01CCF4B2B0092F2DE /* imageFile(大图片) */,
				BE802AF11CCF4B2B0092F2DE /* Tools(工具) */,
				BE802AF31CCF4B2B0092F2DE /* Venders(第三方库) */,
			);
			path = Classes;
			sourceTree = "<group>";
		};
		BE802AEF1CCF4B2B0092F2DE /* BusinessModel(业务模型) */ = {
			isa = PBXGroup;
			children = (
				BE6E09321CD9C373008AABCD /* ProcessModel.swift */,
				BECFC30C1CFADBCD00D8C4C8 /* ProcessDateModel.swift */,
				BE5FE7A61CCF5C5400BC5F86 /* ProjectModel.swift */,
				BE6E09301CD9C2B5008AABCD /* TagMapModel.swift */,
				BE5FE7A81CCF8A0E00BC5F86 /* TagModel.swift */,
				BE93C1051CE84F1700766DD4 /* SQLiteManager.swift */,
			);
			name = "BusinessModel(业务模型)";
			path = BusinessModel;
			sourceTree = "<group>";
		};
		BE802AF01CCF4B2B0092F2DE /* imageFile(大图片) */ = {
			isa = PBXGroup;
			children = (
			);
			name = "imageFile(大图片)";
			path = imageFile;
			sourceTree = "<group>";
		};
		BE802AF11CCF4B2B0092F2DE /* Tools(工具) */ = {
			isa = PBXGroup;
			children = (
				BE8A3DE41DA3E25F00355461 /* DateTool.swift */,
				BEA025211DA5D77500175B2B /* UserDefaultTool.swift */,
			);
			name = "Tools(工具)";
			path = Tools;
			sourceTree = "<group>";
		};
		BE802AF21CCF4B2B0092F2DE /* UI(界面) */ = {
			isa = PBXGroup;
			children = (
				BE1C16041D2CCC2500A4B4A5 /* Options(设置) */,
				BE68E5471CE9B5E6006A1750 /* Tag(标签) */,
				BE802AF91CCF55540092F2DE /* History(添加历史) */,
				BE802AFA1CCF55540092F2DE /* Main(公共) */,
				BE802AFB1CCF55540092F2DE /* EditProject(修改项目) */,
				BE802AFD1CCF55540092F2DE /* Other(其他) */,
				BE802AFE1CCF55540092F2DE /* Projects(项目列表) */,
				BE802AFF1CCF55540092F2DE /* Statistics(统计) */,
			);
			name = "UI(界面)";
			path = UI;
			sourceTree = "<group>";
		};
		BE802AF31CCF4B2B0092F2DE /* Venders(第三方库) */ = {
			isa = PBXGroup;
			children = (
				BE6CA7391E2A1A42001975FA /* iCloud */,
				BECBB7F41DBDEAA900736904 /* PopupDialog */,
				BE24E5BF1D6820E1007CB5D6 /* DynamicBlurView */,
				BE3F86F21D67826D002FACA2 /* UICollectionViewLeftAlignedLayout */,
				BE4EDFFC1D41F7D2003EA7A0 /* MBProgressHUD */,
				BE6A1A641D3CC83200E39B7B /* WActivityIndicator */,
				BE3B754B1D278B3900F7AEC3 /* KDCircularProgress */,
				BE31C12C1D21168800A1A47B /* WaveLoadingIndicator */,
				BECFC3051CFABE2400D8C4C8 /* GraphView */,
				BEB8B3211CF57870002A20FE /* TagListView */,
				BE4F02351CEF365F00126237 /* RoundTableviewCell */,
				BE7DF7FB1CEC922000DB1CBB /* RRTagController */,
				BE279CEB1CDF1AE700D4FCFB /* KYDrawerController */,
			);
			name = "Venders(第三方库)";
			path = Venders;
			sourceTree = "<group>";
		};
		BE802AF91CCF55540092F2DE /* History(添加历史) */ = {
			isa = PBXGroup;
			children = (
				BE45A9F81CF98845007FD5DE /* ProcessesTableViewController.swift */,
				BECFC30A1CFAD43B00D8C4C8 /* ProcessTableViewCell.swift */,
			);
			name = "History(添加历史)";
			path = History;
			sourceTree = "<group>";
		};
		BE802AFA1CCF55540092F2DE /* Main(公共) */ = {
			isa = PBXGroup;
			children = (
				BE279CF91CDF1E1C00D4FCFB /* MenuTableViewControl.swift */,
				BEACC90C1D5F7FF70093FB94 /* GuideViewController.swift */,
			);
			name = "Main(公共)";
			path = Main;
			sourceTree = "<group>";
		};
		BE802AFB1CCF55540092F2DE /* EditProject(修改项目) */ = {
			isa = PBXGroup;
			children = (
				BEB033EC1CE058B4001128D3 /* EditProjectTableViewController.swift */,
			);
			name = "EditProject(修改项目)";
			path = NewProject;
			sourceTree = "<group>";
		};
		BE802AFD1CCF55540092F2DE /* Other(其他) */ = {
			isa = PBXGroup;
			children = (
				BE9ACE791D0C03B30097A76F /* PieChartView.swift */,
			);
			name = "Other(其他)";
			path = Other;
			sourceTree = "<group>";
		};
		BE802AFE1CCF55540092F2DE /* Projects(项目列表) */ = {
			isa = PBXGroup;
			children = (
				BE6E09341CD9D45E008AABCD /* ProjectViewController.swift */,
				BE6E09361CD9D6FF008AABCD /* ProjectTableViewCell.swift */,
				BED76F5F1D167AFB00C8B521 /* AddProcessTableViewController.swift */,
				BE977A801D17B87200D6899C /* CellBackgroundView.swift */,
			);
			name = "Projects(项目列表)";
			path = Projects;
			sourceTree = "<group>";
		};
		BE802AFF1CCF55540092F2DE /* Statistics(统计) */ = {
			isa = PBXGroup;
			children = (
				BE6EEBB61CF4220E0085A9E7 /* StatisticsViewController.swift */,
			);
			name = "Statistics(统计)";
			path = Statistics;
			sourceTree = "<group>";
		};
		BEA520931CCF417F00FFE43E = {
			isa = PBXGroup;
			children = (
				BE9B42FF1E09547700FCA49C /* Markplan.entitlements */,
				BEA5209E1CCF417F00FFE43E /* PlanIt */,
				BEA520B61CCF417F00FFE43E /* PlanItTests */,
				BEA520C11CCF417F00FFE43E /* PlanItUITests */,
				BEA5209D1CCF417F00FFE43E /* Products */,
				18781393FD6AEC8657ECC396 /* Pods */,
				200B3328E0DC1CA2BA07C039 /* Frameworks */,
			);
			sourceTree = "<group>";
		};
		BEA5209D1CCF417F00FFE43E /* Products */ = {
			isa = PBXGroup;
			children = (
				BEA5209C1CCF417F00FFE43E /* Markplan.app */,
				BEA520B31CCF417F00FFE43E /* Markplan.xctest */,
				BEA520BE1CCF417F00FFE43E /* Markplan.xctest */,
			);
			name = Products;
			sourceTree = "<group>";
		};
		BEA5209E1CCF417F00FFE43E /* PlanIt */ = {
			isa = PBXGroup;
			children = (
				BEFD58031D4DCF1A00CAD595 /* Frameworks */,
				BE802AEE1CCF4B2B0092F2DE /* Classes */,
				BEA520D01CCF418B00FFE43E /* Support Files */,
			);
			path = PlanIt;
			sourceTree = "<group>";
		};
		BEA520B61CCF417F00FFE43E /* PlanItTests */ = {
			isa = PBXGroup;
			children = (
				BEA520B71CCF417F00FFE43E /* PlanItTests.swift */,
				BEA520B91CCF417F00FFE43E /* Info.plist */,
			);
			path = PlanItTests;
			sourceTree = "<group>";
		};
		BEA520C11CCF417F00FFE43E /* PlanItUITests */ = {
			isa = PBXGroup;
			children = (
				BEA520C21CCF417F00FFE43E /* PlanItUITests.swift */,
				BEA520C41CCF417F00FFE43E /* Info.plist */,
			);
			path = PlanItUITests;
			sourceTree = "<group>";
		};
		BEA520D01CCF418B00FFE43E /* Support Files */ = {
			isa = PBXGroup;
			children = (
				BE9ACE771D0BE2420097A76F /* Global.swift */,
				BEA5209F1CCF417F00FFE43E /* AppDelegate.swift */,
				BEA520A91CCF417F00FFE43E /* Assets.xcassets */,
				BEA520AE1CCF417F00FFE43E /* Info.plist */,
				36AD31961DB35D7400183458 /* InfoPlist.strings */,
				36AD319D1DB3636E00183458 /* Localizable.strings */,
				BEA520AB1CCF417F00FFE43E /* LaunchScreen.storyboard */,
				BEA520A31CCF417F00FFE43E /* Main.storyboard */,
				BEA520A61CCF417F00FFE43E /* PlanIt.xcdatamodeld */,
				36006BD01D3BC5D800E08324 /* PlanIt-Bridging-Header.h */,
			);
			name = "Support Files";
			sourceTree = "<group>";
		};
		BEB8B3211CF57870002A20FE /* TagListView */ = {
			isa = PBXGroup;
			children = (
				BEB8B3221CF57870002A20FE /* CloseButton.swift */,
				BEB8B3241CF57870002A20FE /* TagListView.h */,
				BEB8B3251CF57870002A20FE /* TagListView.swift */,
				BEB8B3261CF57870002A20FE /* TagView.swift */,
			);
			path = TagListView;
			sourceTree = "<group>";
		};
		BECBB7F41DBDEAA900736904 /* PopupDialog */ = {
			isa = PBXGroup;
			children = (
				BECBB7F51DBDEAA900736904 /* Assets */,
				BECBB7F71DBDEAA900736904 /* Classes */,
			);
			path = PopupDialog;
			sourceTree = "<group>";
		};
		BECBB7F51DBDEAA900736904 /* Assets */ = {
			isa = PBXGroup;
			children = (
				BECBB7F61DBDEAA900736904 /* .gitkeep */,
			);
			path = Assets;
			sourceTree = "<group>";
		};
		BECBB7F71DBDEAA900736904 /* Classes */ = {
			isa = PBXGroup;
			children = (
				BECBB7F81DBDEAA900736904 /* .gitkeep */,
				BECBB7F91DBDEAA900736904 /* FXBlurView.h */,
				BECBB7FA1DBDEAA900736904 /* FXBlurView.m */,
				BECBB7FB1DBDEAA900736904 /* InteractiveTransition.swift */,
				BECBB7FC1DBDEAA900736904 /* PopupDialog+Keyboard.swift */,
				BECBB7FD1DBDEAA900736904 /* PopupDialog.swift */,
				BECBB7FE1DBDEAA900736904 /* PopupDialogButton.swift */,
				BECBB7FF1DBDEAA900736904 /* PopupDialogContainerView.swift */,
				BECBB8001DBDEAA900736904 /* PopupDialogDefaultButtons.swift */,
				BECBB8011DBDEAA900736904 /* PopupDialogDefaultView.swift */,
				BECBB8021DBDEAA900736904 /* PopupDialogDefaultViewController.swift */,
				BECBB8031DBDEAA900736904 /* PopupDialogOverlayView.swift */,
				BECBB8041DBDEAA900736904 /* PresentationController.swift */,
				BECBB8051DBDEAA900736904 /* PresentationManager.swift */,
				BECBB8061DBDEAA900736904 /* TransitionAnimations.swift */,
				BECBB8071DBDEAA900736904 /* TransitionAnimator.swift */,
				BECBB8081DBDEAA900736904 /* UIView+Animations.swift */,
				BECBB8091DBDEAA900736904 /* UIViewController+Visibility.swift */,
			);
			path = Classes;
			sourceTree = "<group>";
		};
		BECFC3051CFABE2400D8C4C8 /* GraphView */ = {
			isa = PBXGroup;
			children = (
				BECFC3061CFABE2400D8C4C8 /* ScrollableGraphView.swift */,
			);
			path = GraphView;
			sourceTree = "<group>";
		};
		BEFD58031D4DCF1A00CAD595 /* Frameworks */ = {
			isa = PBXGroup;
			children = (
				BE6CA7411E2A1F0B001975FA /* Bugly.framework */,
				BEFD58081D4DDEDC00CAD595 /* UMMobClick.framework */,
			);
			path = Frameworks;
			sourceTree = "<group>";
		};
/* End PBXGroup section */

/* Begin PBXNativeTarget section */
		BEA5209B1CCF417F00FFE43E /* Markplan */ = {
			isa = PBXNativeTarget;
			buildConfigurationList = BEA520C71CCF417F00FFE43E /* Build configuration list for PBXNativeTarget "Markplan" */;
			buildPhases = (
				2EB76F99291F69F55CE99C78 /* 📦 Check Pods Manifest.lock */,
				BEA520981CCF417F00FFE43E /* Sources */,
				BEA520991CCF417F00FFE43E /* Frameworks */,
				BEA5209A1CCF417F00FFE43E /* Resources */,
				A7800D7C50F66A735A2BC7C2 /* 📦 Embed Pods Frameworks */,
				A49993F4E05FCD16247DA550 /* 📦 Copy Pods Resources */,
				BE6CA7451E2A2220001975FA /* ShellScript */,
			);
			buildRules = (
			);
			dependencies = (
			);
			name = Markplan;
			productName = PlanIt;
			productReference = BEA5209C1CCF417F00FFE43E /* Markplan.app */;
			productType = "com.apple.product-type.application";
		};
		BEA520B21CCF417F00FFE43E /* MarkplanTests */ = {
			isa = PBXNativeTarget;
			buildConfigurationList = BEA520CA1CCF417F00FFE43E /* Build configuration list for PBXNativeTarget "MarkplanTests" */;
			buildPhases = (
				BEA520AF1CCF417F00FFE43E /* Sources */,
				BEA520B01CCF417F00FFE43E /* Frameworks */,
				BEA520B11CCF417F00FFE43E /* Resources */,
			);
			buildRules = (
			);
			dependencies = (
				BEA520B51CCF417F00FFE43E /* PBXTargetDependency */,
			);
			name = MarkplanTests;
			productName = PlanItTests;
			productReference = BEA520B31CCF417F00FFE43E /* Markplan.xctest */;
			productType = "com.apple.product-type.bundle.unit-test";
		};
		BEA520BD1CCF417F00FFE43E /* MarkplanUITests */ = {
			isa = PBXNativeTarget;
			buildConfigurationList = BEA520CD1CCF417F00FFE43E /* Build configuration list for PBXNativeTarget "MarkplanUITests" */;
			buildPhases = (
				BEA520BA1CCF417F00FFE43E /* Sources */,
				BEA520BB1CCF417F00FFE43E /* Frameworks */,
				BEA520BC1CCF417F00FFE43E /* Resources */,
			);
			buildRules = (
			);
			dependencies = (
				BEA520C01CCF417F00FFE43E /* PBXTargetDependency */,
			);
			name = MarkplanUITests;
			productName = PlanItUITests;
			productReference = BEA520BE1CCF417F00FFE43E /* Markplan.xctest */;
			productType = "com.apple.product-type.bundle.ui-testing";
		};
/* End PBXNativeTarget section */

/* Begin PBXProject section */
		BEA520941CCF417F00FFE43E /* Project object */ = {
			isa = PBXProject;
			attributes = {
				LastSwiftUpdateCheck = 0710;
				LastUpgradeCheck = 0710;
				ORGANIZATIONNAME = Ken;
				TargetAttributes = {
					BEA5209B1CCF417F00FFE43E = {
						CreatedOnToolsVersion = 7.1.1;
						DevelopmentTeam = CYTA756UDU;
						LastSwiftMigration = 0800;
						ProvisioningStyle = Automatic;
						SystemCapabilities = {
							com.apple.Keychain = {
								enabled = 0;
							};
							com.apple.iCloud = {
								enabled = 1;
							};
						};
					};
					BEA520B21CCF417F00FFE43E = {
						CreatedOnToolsVersion = 7.1.1;
						LastSwiftMigration = 0800;
						TestTargetID = BEA5209B1CCF417F00FFE43E;
					};
					BEA520BD1CCF417F00FFE43E = {
						CreatedOnToolsVersion = 7.1.1;
						LastSwiftMigration = 0800;
						TestTargetID = BEA5209B1CCF417F00FFE43E;
					};
				};
			};
			buildConfigurationList = BEA520971CCF417F00FFE43E /* Build configuration list for PBXProject "Markplan" */;
			compatibilityVersion = "Xcode 3.2";
			developmentRegion = English;
			hasScannedForEncodings = 0;
			knownRegions = (
				en,
				Base,
				"zh-Hans",
				"zh-Hant",
			);
			mainGroup = BEA520931CCF417F00FFE43E;
			productRefGroup = BEA5209D1CCF417F00FFE43E /* Products */;
			projectDirPath = "";
			projectRoot = "";
			targets = (
				BEA5209B1CCF417F00FFE43E /* Markplan */,
				BEA520B21CCF417F00FFE43E /* MarkplanTests */,
				BEA520BD1CCF417F00FFE43E /* MarkplanUITests */,
			);
		};
/* End PBXProject section */

/* Begin PBXResourcesBuildPhase section */
		BEA5209A1CCF417F00FFE43E /* Resources */ = {
			isa = PBXResourcesBuildPhase;
			buildActionMask = 2147483647;
			files = (
				BE3F86F61D67826D002FACA2 /* Info.plist in Resources */,
				36AD319B1DB3636E00183458 /* Localizable.strings in Resources */,
				BEA520AD1CCF417F00FFE43E /* LaunchScreen.storyboard in Resources */,
				BEA520AA1CCF417F00FFE43E /* Assets.xcassets in Resources */,
				BEA520A51CCF417F00FFE43E /* Main.storyboard in Resources */,
				36AD31941DB35D7400183458 /* InfoPlist.strings in Resources */,
				BECBB80A1DBDEAA900736904 /* .gitkeep in Resources */,
				BECBB80B1DBDEAA900736904 /* .gitkeep in Resources */,
			);
			runOnlyForDeploymentPostprocessing = 0;
		};
		BEA520B11CCF417F00FFE43E /* Resources */ = {
			isa = PBXResourcesBuildPhase;
			buildActionMask = 2147483647;
			files = (
			);
			runOnlyForDeploymentPostprocessing = 0;
		};
		BEA520BC1CCF417F00FFE43E /* Resources */ = {
			isa = PBXResourcesBuildPhase;
			buildActionMask = 2147483647;
			files = (
			);
			runOnlyForDeploymentPostprocessing = 0;
		};
/* End PBXResourcesBuildPhase section */

/* Begin PBXShellScriptBuildPhase section */
		2EB76F99291F69F55CE99C78 /* 📦 Check Pods Manifest.lock */ = {
			isa = PBXShellScriptBuildPhase;
			buildActionMask = 2147483647;
			files = (
			);
			inputPaths = (
			);
			name = "📦 Check Pods Manifest.lock";
			outputPaths = (
			);
			runOnlyForDeploymentPostprocessing = 0;
			shellPath = /bin/sh;
			shellScript = "diff \"${PODS_ROOT}/../Podfile.lock\" \"${PODS_ROOT}/Manifest.lock\" > /dev/null\nif [[ $? != 0 ]] ; then\n    cat << EOM\nerror: The sandbox is not in sync with the Podfile.lock. Run 'pod install' or update your CocoaPods installation.\nEOM\n    exit 1\nfi\n";
			showEnvVarsInLog = 0;
		};
		A49993F4E05FCD16247DA550 /* 📦 Copy Pods Resources */ = {
			isa = PBXShellScriptBuildPhase;
			buildActionMask = 2147483647;
			files = (
			);
			inputPaths = (
			);
			name = "📦 Copy Pods Resources";
			outputPaths = (
			);
			runOnlyForDeploymentPostprocessing = 0;
			shellPath = /bin/sh;
			shellScript = "\"${SRCROOT}/Pods/Target Support Files/Pods-PlanIt/Pods-PlanIt-resources.sh\"\n";
			showEnvVarsInLog = 0;
		};
		A7800D7C50F66A735A2BC7C2 /* 📦 Embed Pods Frameworks */ = {
			isa = PBXShellScriptBuildPhase;
			buildActionMask = 2147483647;
			files = (
			);
			inputPaths = (
			);
			name = "📦 Embed Pods Frameworks";
			outputPaths = (
			);
			runOnlyForDeploymentPostprocessing = 0;
			shellPath = /bin/sh;
			shellScript = "\"${SRCROOT}/Pods/Target Support Files/Pods-PlanIt/Pods-PlanIt-frameworks.sh\"\n";
			showEnvVarsInLog = 0;
		};
		BE6CA7451E2A2220001975FA /* ShellScript */ = {
			isa = PBXShellScriptBuildPhase;
			buildActionMask = 2147483647;
			files = (
			);
			inputPaths = (
			);
			outputPaths = (
			);
			runOnlyForDeploymentPostprocessing = 0;
			shellPath = /bin/sh;
			shellScript = "#!/bin/sh\n#\n# Copyright 2016 Bugly, Tencent. All rights reserved.\n#\n# V1.4.0\n#\n# 2016.08.03\n#\n#\n#å\n######################################################\n# 1. 脚本集成到Xcode工程的Target\n######################################################\n#\n# --- Copy the SCRIPT to the Run Script of Build Phases in the Xcode project ---\n#\n# #\nBUGLY_APP_ID=\"67d878986c\"\n# #\nBUGLY_APP_KEY=\"78921b67-800e-4e42-8faa-2471688be092\"\n# #\nBUNDLE_IDENTIFIER=\"info.markplan.markplan\"\n# #\nUPLOAD_DSYM_ONLY=1\n#\n# # 脚本默认配置的版本格式为CFBundleShortVersionString(CFBundleVersion),  如果你修改默认的版本格式, 请设置此变量, 如果不想修改, 请忽略此设置\n# CUSTOMIZED_APP_VERSION=\"\"\n#\n# # Debug模式编译是否上传，1＝上传 0＝不上传，默认不上传\n# UPLOAD_DEBUG_SYMBOLS=0\n#\n# # 模拟器编译是否上传，1=上传 0=不上传，默认不上传\n# UPLOAD_SIMULATOR_SYMBOLS=0\n#\n# #只有Archive操作时上传, 1=支持Archive上传 0=所有Release模式编译都上传\n# UPLOAD_ARCHIVE_ONLY=0\n#\n# #\n# source dSYMUpload.sh\n#\n# --- END OF SCRIPT ---\n#\n#\n#\n#\n#######################################################\n# 2. 脚本根据输入参数处理\n#######################################################\n#\n# #命令行下输入应用基本信息, .dSYM文件的父目录路径, 输出文件目录即可\n#\n# sh dSYMUpload.sh <bugly_app_id> <bugly_app_key> <app_bundle_identifier> <app_version> <dSYM_src_dir> <bSYMBOL_dest_dir>\n#\n# #\n#\n# #注意:\n# # 1. dSYMUpload.sh会调用buglySymboliOS.jar进行.dSYM解析，所以依赖Java运行时环境\n# # 2. dSYMUpload.sh和buglySymboliOS.jar的文件路径需一致\n#\n#\n\n#\n# --- CONTENT OF SCRIPT ---\n#\n\n# Bugly服务域名\nBUGLY_DSYM_UPLOAD_DOMAIN=\"api.bugly.qq.com\"\n\n# 注意jar工具的路径跟dSYMUpload.sh脚本路径一致, 请务必保证jar路径的正确性\nBUGLY_SYMBOL_JAR_PATH=\"dsymtool/buglySymboliOS.jar\"\n# 查找添加到系统目录的jar工具\nif [ ! -f \"${BUGLY_SYMBOL_JAR_PATH}\" ]; then\nBUGLY_SYMBOL_JAR_PATH=\"$HOME/bin/buglySymboliOS.jar\"\nfi\n\n# 打印错误信息\nfunction exitWithMessage(){\n    echo \"--------------------------------\"\n    echo \"${1}\"\n    echo \"--------------------------------\"\n    exit ${2}\n}\n\n# 上传bSYMBOL文件\nfunction dSYMUpload() {\n    P_APP_ID=\"$1\"\n    P_APP_KEY=\"$2\"\n    P_APP_BUNDLE_ID=\"$3\"\n    P_APP_VERSION=\"$4\"\n    P_BSYMBOL_ZIP_FILE=\"$5\"\n    \n    #\n    P_BSYMBOL_ZIP_FILE_NAME=${P_BSYMBOL_ZIP_FILE##*/}\n        P_BSYMBOL_ZIP_FILE_NAME=${P_BSYMBOL_ZIP_FILE_NAME//&/_}\n            P_BSYMBOL_ZIP_FILE_NAME=\"${P_BSYMBOL_ZIP_FILE_NAME// /_}\"\n            \n            DSYM_UPLOAD_URL=\"https://${BUGLY_DSYM_UPLOAD_DOMAIN}/openapi/file/upload/symbol?app_id=${P_APP_ID}&app_key=${P_APP_KEY}\"\n            echo \"dSYM upload url: ${DSYM_UPLOAD_URL}\"\n            \n            echo \"-----------------------------\"\n            STATUS=$(/usr/bin/curl -k \"${DSYM_UPLOAD_URL}\" --form \"api_version=1\" --form \"app_id=${P_APP_ID}\" --form \"app_key=${P_APP_KEY}\" --form \"symbolType=2\"  --form \"bundleId=${BUNDLE_IDENTIFIER}\" --form \"productVersion=${BUGLY_APP_VERSION}\" --form \"fileName=${P_BSYMBOL_ZIP_FILE_NAME}\" --form \"file=@${P_BSYMBOL_ZIP_FILE}\" --verbose)\n            echo \"-----------------------------\"\n            \n            UPLOAD_RESULT=\"FAILTURE\"\n            echo \"Bugly server response: ${STATUS}\"\n            if [ ! \"${STATUS}\" ]; then\n            echo \"Error: Failed to upload the zip archive file.\"\n            elif [[ \"${STATUS}\" == *\"{\\\"reponseCode\\\":\\\"0\\\"}\"* ]]; then\n            echo \"Success to upload the dSYM for the app [${BUNDLE_IDENTIFIER} ${BUGLY_APP_VERSION}]\"\n            UPLOAD_RESULT=\"SUCCESS\"\n            else\n            echo \"Error: Failed to upload the zip archive file to Bugly.\"\n            fi\n            \n            #Remove temp dSYM archive\n            #echo \"Remove temporary zip archive: ${DSYM_ZIP_FPATH}\"\n            #/bin/rm -f \"${DSYM_ZIP_FPATH}\"\n            \n            if [ \"$?\" -ne 0 ]; then\n            exitWithMessage \"Error: Failed to remove temporary zip archive.\" 0\n            fi\n            \n            echo \"--------------------------------\"\n            echo \"${UPLOAD_RESULT} - dSYM upload complete.\"\n            \n            if [[ \"${UPLOAD_RESULT}\" == \"FAILTURE\" ]]; then\n            echo \"--------------------------------\"\n            echo \"Failed to upload the dSYM\"\n            echo \"Please check the script and try it again.\"\n            fi\n        }\n        \n        # .dSYM解析为bSYMBOL文件\n        function dSYMParse() {\n            DSYM_FILE=\"$1\"\n            DSYM_SYMBOL_FILE=\"$2\"\n            \n            echo \"--------------------------------\"\n            echo \"Extract symbol info from .dSYM file. to ${DSYM_SYMBOL_FILE}\"\n            (/usr/bin/java -Xms512m -Xmx1024m -Dfile.encoding=UTF8 -jar \"${BUGLY_SYMBOL_JAR_PATH}\" -i \"${DSYM_FILE}\" -o \"${DSYM_SYMBOL_FILE}\" ) || exitWithMessage \"Error: Failed to extract symbols.\" 1\n            echo \"--------------------------------\"\n            \n        }\n        \n        # 执行\n        function run() {\n            \n            CONFIG_BUGLY_APP_ID=\"$1\"\n            CONFIG_BUGLY_APP_KEY=\"$2\"\n            \n            CONFIG_BUGLY_APP_BUNDLE_IDENTIFIER=\"$3\"\n            CONFIG_BUGLY_APP_VERSION=\"$4\"\n            CONFIG_DSYM_SOURCE_DIR=\"$5\"\n            CONFIG_DSYM_DEST_DIR=\"$6\"\n            CONFIG_UPLOAD_DSYM_ONLY=\"$7\"\n            \n            # 检查必须参数是否设置\n            if [ ! \"${CONFIG_BUGLY_APP_ID}\" ]; then\n            exitWithMessage \"Error: Bugly App ID not defined. Please set 'BUGLY_APP_ID' \" 0\n            fi\n            \n            if [[ \"${CONFIG_BUGLY_APP_ID}\" == *\"App ID\"* ]]; then\n            exitWithMessage \"Error: Bugly App ID not defined.\" 0\n            fi\n            \n            if [ ! \"${CONFIG_BUGLY_APP_KEY}\" ]; then\n            exitWithMessage \"Error: Bugly App Key not defined.\" 0\n            fi\n            \n            if [ ! \"${CONFIG_BUGLY_APP_BUNDLE_IDENTIFIER}\" ]; then\n            exitWithMessage \"Error: Bundle Identifier not defined.\" 0\n            fi\n            \n            if [ ! \"${CONFIG_BUGLY_APP_VERSION}\" ]; then\n            exitWithMessage \"Error: App Version not defined.\" 0\n            fi\n            \n            if [ ! -e \"${CONFIG_DSYM_SOURCE_DIR}\" ]; then\n            exitWithMessage \"Error: Invalid dir ${CONFIG_DSYM_SOURCE_DIR}\" 0\n            fi\n            \n            if [ ! \"${CONFIG_DSYM_DEST_DIR}\" ]; then\n            exitWithMessage \"Error: Invalid dir ${CONFIG_DSYM_DEST_DIR}\" 0\n            fi\n            \n            if [ ! -e \"${CONFIG_DSYM_DEST_DIR}\" ]; then\n            mkdir ${CONFIG_DSYM_DEST_DIR}\n            fi\n            \n            DSYM_FOLDER=\"${CONFIG_DSYM_SOURCE_DIR}\"\n            IFS=$'\\n'\n            \n            echo \"Scaning dSYM FOLDER: ${DSYM_FOLDER} ...\"\n            RET=\"F\"\n            \n            #\n            for dsymFile in $(find \"$DSYM_FOLDER\" -name '*.dSYM'); do\n            RET=\"T\"\n            echo \"Found dSYM file: $dsymFile\"\n            \n            DSYM_FILE_NAME=${dsymFile##*/}\n                DSYM_SYMBOL_ZIP_FILE_NAME=\"${DSYM_FILE_NAME}.zip\"\n                DSYM_SYMBOL_ZIP_FILE_NAME=\"${DSYM_SYMBOL_ZIP_FILE_NAME// /_}\"\n                DSYM_SYMBOL_ZIP_FILE=${CONFIG_DSYM_DEST_DIR}/${DSYM_SYMBOL_ZIP_FILE_NAME}\n                \n                if [ $CONFIG_UPLOAD_DSYM_ONLY -eq 1 ]; then\n                if [ -e $DSYM_SYMBOL_ZIP_FILE ]; then\n                rm -f $DSYM_SYMBOL_ZIP_FILE\n                fi\n                # 如果只上传dSYM，直接压缩dSYM目录\n                zip -r -j $DSYM_SYMBOL_ZIP_FILE $dsymFile -x *.plist\n                else\n                # 使用符号表工具来生成Symbol文件\n                dSYMParse $dsymFile $DSYM_SYMBOL_ZIP_FILE\n                fi\n                \n                # 上传\n                dSYMUpload $CONFIG_BUGLY_APP_ID $CONFIG_BUGLY_APP_KEY $CONFIG_BUGLY_APP_BUNDLE_IDENTIFIER $CONFIG_BUGLY_APP_VERSION $DSYM_SYMBOL_ZIP_FILE\n                done\n                \n                if [ $RET = \"F\" ]; then\n                exitWithMessage \"No .dSYM found in ${DSYM_FOLDER}\" 0\n                fi\n            }\n            \n            # 在Xcode工程中执行\n            function runInXcode(){\n                echo \"Uploading dSYM to Bugly in Xcode ...\"\n                \n                echo \"Info.Plist : ${INFOPLIST_FILE}\"\n                \n                BUNDLE_VERSION=$(/usr/libexec/PlistBuddy -c 'Print CFBundleVersion' \"${INFOPLIST_FILE}\")\n                BUNDLE_SHORT_VERSION=$(/usr/libexec/PlistBuddy -c 'Print CFBundleShortVersionString' \"${INFOPLIST_FILE}\")\n                \n                # 组装Bugly默认识别的版本信息(格式为CFBundleShortVersionString(CFBundleVersion), 例如: 1.0(1))\n                if [ ! \"${CUSTOMIZED_APP_VERSION}\" ]; then\n                BUGLY_APP_VERSION=\"${BUNDLE_SHORT_VERSION}(${BUNDLE_VERSION})\"\n                else\n                BUGLY_APP_VERSION=\"${CUSTOMIZED_APP_VERSION}\"\n                fi\n                \n                echo \"--------------------------------\"\n                echo \"Prepare application information.\"\n                echo \"--------------------------------\"\n                \n                echo \"Product Name: ${PRODUCT_NAME}\"\n                echo \"Bundle Identifier: ${BUNDLE_IDENTIFIER}\"\n                echo \"Version: ${BUNDLE_SHORT_VERSION}\"\n                echo \"Build: ${BUNDLE_VERSION}\"\n                \n                echo \"Bugly App ID: ${BUGLY_APP_ID}\"\n                echo \"Bugly App key: ${BUGLY_APP_KEY}\"\n                echo \"Bugly App Version: ${BUGLY_APP_VERSION}\"\n                \n                echo \"--------------------------------\"\n                echo \"Check the arguments ...\"\n                \n                ##检查模拟器编译是否允许上传符号\n                if [ \"$EFFECTIVE_PLATFORM_NAME\" == \"-iphonesimulator\" ]; then\n                if [ $UPLOAD_SIMULATOR_SYMBOLS -eq 0 ]; then\n                exitWithMessage \"Warning: Build for simulator and skipping to upload. \\nYou can modify 'UPLOAD_SIMULATOR_SYMBOLS' to 1 in the script.\" 0\n                fi\n                fi\n                \n                ##检查是否是Release模式编译\n                if [ \"${CONFIGURATION=}\" == \"Debug\" ]; then\n                if [ $UPLOAD_DEBUG_SYMBOLS -eq 0 ]; then\n                exitWithMessage \"Warning: Build for debug mode and skipping to upload. \\nYou can modify 'UPLOAD_DEBUG_SYMBOLS' to 1 in the script.\" 0\n                fi\n                fi\n                \n                ##检查是否Archive操作\n                if [ $UPLOAD_ARCHIVE_ONLY -eq 1 ]; then\n                if [[ \"$TARGET_BUILD_DIR\" == *\"/Archive\"* ]]; then\n                echo \"Archive the package\"\n                else\n                exitWithMessage \"Warning: Build for NOT Archive mode and skipping to upload. \\nYou can modify 'UPLOAD_ARCHIVE_ONLY' to 0 in the script.\" 0\n                fi\n                fi\n                \n                #\n                run ${BUGLY_APP_ID} ${BUGLY_APP_KEY} ${BUNDLE_IDENTIFIER} ${BUGLY_APP_VERSION} ${DWARF_DSYM_FOLDER_PATH} ${BUILD_DIR}/BuglySymbolTemp ${UPLOAD_DSYM_ONLY}\n            }\n            \n            # 根据Xcode的环境变量判断是否处于Xcode环境\n            INFO_PLIST_FILE=\"${INFOPLIST_FILE}\"\n            \n            BuildInXcode=\"F\"\n            if [ -f \"${INFO_PLIST_FILE}\" ]; then\n            BuildInXcode=\"T\"\n            fi\n            \n            if [ $BuildInXcode = \"T\" ]; then\n            runInXcode\n            else\n            echo \"\\nUsage: dSYMUpload.sh <bugly_app_id> <bugly_app_key> <app_bundle_identifier> <app_version> <dSYM_src_dir> <bSYMBOL_dest_dir> [upload_dsym_only]\\n\"\n            # 你可以在此处直接设置BuglyAppID和BuglyAppKey，排除不常变参数的输入\n            BUGLY_APP_ID=\"$1\"\n            BUGLY_APP_KEY=\"$2\"\n            BUNDLE_IDENTIFIER=\"$3\"\n            BUGLY_APP_VERSION=\"$4\"\n            DWARF_DSYM_FOLDER_PATH=\"$5\"\n            SYMBOL_OUTPUT_PATH=\"$6\"\n            UPLOAD_DSYM_ONLY=$7\n            run ${BUGLY_APP_ID} ${BUGLY_APP_KEY} ${BUNDLE_IDENTIFIER} ${BUGLY_APP_VERSION} ${DWARF_DSYM_FOLDER_PATH} ${SYMBOL_OUTPUT_PATH} ${UPLOAD_DSYM_ONLY}\n            fi";
		};
/* End PBXShellScriptBuildPhase section */

/* Begin PBXSourcesBuildPhase section */
		BEA520981CCF417F00FFE43E /* Sources */ = {
			isa = PBXSourcesBuildPhase;
			buildActionMask = 2147483647;
			files = (
				BE9ACE7A1D0C03B30097A76F /* PieChartView.swift in Sources */,
				BE7DF7FF1CEC922000DB1CBB /* RRAddTagView.swift in Sources */,
				BE4F023A1CEF365F00126237 /* RoundTableviewCell.swift in Sources */,
				BECBB8191DBDEAA900736904 /* TransitionAnimator.swift in Sources */,
				BE3F86EE1D676F94002FACA2 /* UILabel+mojiLabel.swift.swift in Sources */,
				BE1C16081D2CCC4200A4B4A5 /* WebviewController.swift in Sources */,
				BEB8B3291CF57870002A20FE /* TagListView.swift in Sources */,
				BE6EEBB71CF4220E0085A9E7 /* StatisticsViewController.swift in Sources */,
				BECBB80D1DBDEAA900736904 /* InteractiveTransition.swift in Sources */,
				BE9ACE781D0BE2420097A76F /* Global.swift in Sources */,
				BE4EDFFF1D41F7D2003EA7A0 /* MBProgressHUD.m in Sources */,
				BECBB80F1DBDEAA900736904 /* PopupDialog.swift in Sources */,
				BE3B754D1D278B3900F7AEC3 /* KDCircularProgress.swift in Sources */,
				BE79BCC91D2D38B2001512D6 /* UIViewController+mojiView.swift in Sources */,
				BE45A9F91CF98845007FD5DE /* ProcessesTableViewController.swift in Sources */,
				BECBB80E1DBDEAA900736904 /* PopupDialog+Keyboard.swift in Sources */,
				BE977A811D17B87200D6899C /* CellBackgroundView.swift in Sources */,
				BE79BCC81D2D38B2001512D6 /* UIColor+colorFromHex.swift in Sources */,
				BE68E5491CE9B658006A1750 /* TagsViewController.swift in Sources */,
				BE6A1A6A1D3CC83200E39B7B /* WIndicatorText.swift in Sources */,
				BE7DF8011CEC922000DB1CBB /* RRTagController.swift in Sources */,
				BE6E09351CD9D45E008AABCD /* ProjectViewController.swift in Sources */,
				BE24E5C11D6820E1007CB5D6 /* DynamicBlurView.swift in Sources */,
				BEACC90D1D5F7FF70093FB94 /* GuideViewController.swift in Sources */,
				BECBB8161DBDEAA900736904 /* PresentationController.swift in Sources */,
				BEA025221DA5D77500175B2B /* UserDefaultTool.swift in Sources */,
				BE6CA7401E2A1A42001975FA /* iCloudDocument.m in Sources */,
				BE279CF81CDF1D4D00D4FCFB /* KYEmbedMainControllerSegue.swift in Sources */,
				BECFC3071CFABE2400D8C4C8 /* ScrollableGraphView.swift in Sources */,
				BECBB8131DBDEAA900736904 /* PopupDialogDefaultView.swift in Sources */,
				BECBB8121DBDEAA900736904 /* PopupDialogDefaultButtons.swift in Sources */,
				BECBB8111DBDEAA900736904 /* PopupDialogContainerView.swift in Sources */,
				BE279CF71CDF1D4D00D4FCFB /* KYEmbedDrawerControllerSegue.swift in Sources */,
				BEE477FE1D1FC8CA00EF8C44 /* ChangeTagsViewControl.swift in Sources */,
				BE004A5F1D2A43A400556E85 /* TagTableViewCell.swift in Sources */,
				BE8A3DE51DA3E25F00355461 /* DateTool.swift in Sources */,
				BEA520A01CCF417F00FFE43E /* AppDelegate.swift in Sources */,
				BEB8B32A1CF57870002A20FE /* TagView.swift in Sources */,
				BE1C16061D2CCC3800A4B4A5 /* OptionsTableViewController.swift in Sources */,
				367B7B3D1D4675C80035B099 /* AboutViewController.swift in Sources */,
				BECBB8151DBDEAA900736904 /* PopupDialogOverlayView.swift in Sources */,
				BEA520A81CCF417F00FFE43E /* PlanIt.xcdatamodeld in Sources */,
				BECBB81A1DBDEAA900736904 /* UIView+Animations.swift in Sources */,
				BE6E09331CD9C373008AABCD /* ProcessModel.swift in Sources */,
				BE5FE7A91CCF8A0E00BC5F86 /* TagModel.swift in Sources */,
				BE279CF61CDF1D4D00D4FCFB /* KYDrawerController.swift in Sources */,
				BECFC30B1CFAD43B00D8C4C8 /* ProcessTableViewCell.swift in Sources */,
				BE3F86F71D67826D002FACA2 /* UICollectionViewLeftAlignedLayout.m in Sources */,
				BE6CA73F1E2A1A42001975FA /* iCloud.m in Sources */,
				BE79BCC71D2D38B2001512D6 /* String+mojiString.swift in Sources */,
				BE6A1A691D3CC83200E39B7B /* WIndicator.swift in Sources */,
				BE79BCCB1D2D38E6001512D6 /* UIImage+mojiImage.swift in Sources */,
				BECBB8171DBDEAA900736904 /* PresentationManager.swift in Sources */,
				BECBB8181DBDEAA900736904 /* TransitionAnimations.swift in Sources */,
				BED76F601D167AFB00C8B521 /* AddProcessTableViewController.swift in Sources */,
				BEB033ED1CE058B4001128D3 /* EditProjectTableViewController.swift in Sources */,
				BE31C12E1D21168800A1A47B /* WaveLoadingIndicator.swift in Sources */,
				BE6A1A681D3CC83200E39B7B /* WActivityIndicator.swift in Sources */,
				BE5FE7A71CCF5C5400BC5F86 /* ProjectModel.swift in Sources */,
				BECBB8101DBDEAA900736904 /* PopupDialogButton.swift in Sources */,
				BE7DF8001CEC922000DB1CBB /* RRTagCollectionViewCell.swift in Sources */,
				BE6E09371CD9D6FF008AABCD /* ProjectTableViewCell.swift in Sources */,
				BE93C1061CE84F1700766DD4 /* SQLiteManager.swift in Sources */,
				BECFC30D1CFADBCD00D8C4C8 /* ProcessDateModel.swift in Sources */,
				BECBB81B1DBDEAA900736904 /* UIViewController+Visibility.swift in Sources */,
				BE279CFA1CDF1E1C00D4FCFB /* MenuTableViewControl.swift in Sources */,
				BEB8B3271CF57870002A20FE /* CloseButton.swift in Sources */,
				BE79BCC61D2D38B2001512D6 /* NSDate+mojiDate.swift in Sources */,
				BE6E09311CD9C2B5008AABCD /* TagMapModel.swift in Sources */,
				BECBB80C1DBDEAA900736904 /* FXBlurView.m in Sources */,
				BECBB8141DBDEAA900736904 /* PopupDialogDefaultViewController.swift in Sources */,
			);
			runOnlyForDeploymentPostprocessing = 0;
		};
		BEA520AF1CCF417F00FFE43E /* Sources */ = {
			isa = PBXSourcesBuildPhase;
			buildActionMask = 2147483647;
			files = (
				BEA520B81CCF417F00FFE43E /* PlanItTests.swift in Sources */,
			);
			runOnlyForDeploymentPostprocessing = 0;
		};
		BEA520BA1CCF417F00FFE43E /* Sources */ = {
			isa = PBXSourcesBuildPhase;
			buildActionMask = 2147483647;
			files = (
				BEA520C31CCF417F00FFE43E /* PlanItUITests.swift in Sources */,
			);
			runOnlyForDeploymentPostprocessing = 0;
		};
/* End PBXSourcesBuildPhase section */

/* Begin PBXTargetDependency section */
		BEA520B51CCF417F00FFE43E /* PBXTargetDependency */ = {
			isa = PBXTargetDependency;
			target = BEA5209B1CCF417F00FFE43E /* Markplan */;
			targetProxy = BEA520B41CCF417F00FFE43E /* PBXContainerItemProxy */;
		};
		BEA520C01CCF417F00FFE43E /* PBXTargetDependency */ = {
			isa = PBXTargetDependency;
			target = BEA5209B1CCF417F00FFE43E /* Markplan */;
			targetProxy = BEA520BF1CCF417F00FFE43E /* PBXContainerItemProxy */;
		};
/* End PBXTargetDependency section */

/* Begin PBXVariantGroup section */
		36AD31961DB35D7400183458 /* InfoPlist.strings */ = {
			isa = PBXVariantGroup;
			children = (
				36AD31951DB35D7400183458 /* en */,
				36AD31971DB35D9B00183458 /* zh-Hans */,
				36AD31981DB35DA000183458 /* zh-Hant */,
			);
			name = InfoPlist.strings;
			sourceTree = "<group>";
		};
		36AD319D1DB3636E00183458 /* Localizable.strings */ = {
			isa = PBXVariantGroup;
			children = (
				36AD319C1DB3636E00183458 /* en */,
				36AD319E1DB3637000183458 /* zh-Hans */,
				36AD319F1DB3637100183458 /* zh-Hant */,
			);
			name = Localizable.strings;
			sourceTree = "<group>";
		};
		BEA520A31CCF417F00FFE43E /* Main.storyboard */ = {
			isa = PBXVariantGroup;
			children = (
				BEA520A41CCF417F00FFE43E /* Base */,
				3673984D1E07C21900B0490F /* zh-Hans */,
				3673984F1E07C22100B0490F /* zh-Hant */,
			);
			name = Main.storyboard;
			sourceTree = "<group>";
		};
		BEA520AB1CCF417F00FFE43E /* LaunchScreen.storyboard */ = {
			isa = PBXVariantGroup;
			children = (
				BEA520AC1CCF417F00FFE43E /* Base */,
				36AD318E1DB35BB500183458 /* zh-Hans */,
				36AD31901DB35BFC00183458 /* zh-Hant */,
			);
			name = LaunchScreen.storyboard;
			sourceTree = "<group>";
		};
/* End PBXVariantGroup section */

/* Begin XCBuildConfiguration section */
		BEA520C51CCF417F00FFE43E /* Debug */ = {
			isa = XCBuildConfiguration;
			buildSettings = {
				ALWAYS_SEARCH_USER_PATHS = NO;
				CLANG_ANALYZER_LOCALIZABILITY_NONLOCALIZED = YES;
				CLANG_CXX_LANGUAGE_STANDARD = "gnu++0x";
				CLANG_CXX_LIBRARY = "libc++";
				CLANG_ENABLE_MODULES = YES;
				CLANG_ENABLE_OBJC_ARC = YES;
				CLANG_WARN_BOOL_CONVERSION = YES;
				CLANG_WARN_CONSTANT_CONVERSION = YES;
				CLANG_WARN_DIRECT_OBJC_ISA_USAGE = YES_ERROR;
				CLANG_WARN_EMPTY_BODY = YES;
				CLANG_WARN_ENUM_CONVERSION = YES;
				CLANG_WARN_INT_CONVERSION = YES;
				CLANG_WARN_OBJC_ROOT_CLASS = YES_ERROR;
				CLANG_WARN_UNREACHABLE_CODE = YES;
				CLANG_WARN__DUPLICATE_METHOD_MATCH = YES;
				"CODE_SIGN_IDENTITY[sdk=iphoneos*]" = "iPhone Developer";
				COPY_PHASE_STRIP = NO;
				DEBUG_INFORMATION_FORMAT = dwarf;
				ENABLE_STRICT_OBJC_MSGSEND = YES;
				ENABLE_TESTABILITY = YES;
				GCC_C_LANGUAGE_STANDARD = gnu99;
				GCC_DYNAMIC_NO_PIC = NO;
				GCC_NO_COMMON_BLOCKS = YES;
				GCC_OPTIMIZATION_LEVEL = 0;
				GCC_PREPROCESSOR_DEFINITIONS = (
					"DEBUG=1",
					"$(inherited)",
				);
				GCC_WARN_64_TO_32_BIT_CONVERSION = YES;
				GCC_WARN_ABOUT_RETURN_TYPE = YES_ERROR;
				GCC_WARN_UNDECLARED_SELECTOR = YES;
				GCC_WARN_UNINITIALIZED_AUTOS = YES_AGGRESSIVE;
				GCC_WARN_UNUSED_FUNCTION = YES;
				GCC_WARN_UNUSED_VARIABLE = YES;
				IPHONEOS_DEPLOYMENT_TARGET = 9.0;
				MTL_ENABLE_DEBUG_INFO = YES;
				ONLY_ACTIVE_ARCH = YES;
				SDKROOT = iphoneos;
				SWIFT_OPTIMIZATION_LEVEL = "-Onone";
				TARGETED_DEVICE_FAMILY = "1,2";
			};
			name = Debug;
		};
		BEA520C61CCF417F00FFE43E /* Release */ = {
			isa = XCBuildConfiguration;
			buildSettings = {
				ALWAYS_SEARCH_USER_PATHS = NO;
				CLANG_ANALYZER_LOCALIZABILITY_NONLOCALIZED = YES;
				CLANG_CXX_LANGUAGE_STANDARD = "gnu++0x";
				CLANG_CXX_LIBRARY = "libc++";
				CLANG_ENABLE_MODULES = YES;
				CLANG_ENABLE_OBJC_ARC = YES;
				CLANG_WARN_BOOL_CONVERSION = YES;
				CLANG_WARN_CONSTANT_CONVERSION = YES;
				CLANG_WARN_DIRECT_OBJC_ISA_USAGE = YES_ERROR;
				CLANG_WARN_EMPTY_BODY = YES;
				CLANG_WARN_ENUM_CONVERSION = YES;
				CLANG_WARN_INT_CONVERSION = YES;
				CLANG_WARN_OBJC_ROOT_CLASS = YES_ERROR;
				CLANG_WARN_UNREACHABLE_CODE = YES;
				CLANG_WARN__DUPLICATE_METHOD_MATCH = YES;
				"CODE_SIGN_IDENTITY[sdk=iphoneos*]" = "iPhone Developer";
				COPY_PHASE_STRIP = NO;
				DEBUG_INFORMATION_FORMAT = "dwarf-with-dsym";
				ENABLE_NS_ASSERTIONS = NO;
				ENABLE_STRICT_OBJC_MSGSEND = YES;
				GCC_C_LANGUAGE_STANDARD = gnu99;
				GCC_NO_COMMON_BLOCKS = YES;
				GCC_WARN_64_TO_32_BIT_CONVERSION = YES;
				GCC_WARN_ABOUT_RETURN_TYPE = YES_ERROR;
				GCC_WARN_UNDECLARED_SELECTOR = YES;
				GCC_WARN_UNINITIALIZED_AUTOS = YES_AGGRESSIVE;
				GCC_WARN_UNUSED_FUNCTION = YES;
				GCC_WARN_UNUSED_VARIABLE = YES;
				IPHONEOS_DEPLOYMENT_TARGET = 9.0;
				MTL_ENABLE_DEBUG_INFO = NO;
				SDKROOT = iphoneos;
				TARGETED_DEVICE_FAMILY = "1,2";
				VALIDATE_PRODUCT = YES;
			};
			name = Release;
		};
		BEA520C81CCF417F00FFE43E /* Debug */ = {
			isa = XCBuildConfiguration;
			baseConfigurationReference = 5F835661849BEA352693A738 /* Pods-PlanIt.debug.xcconfig */;
			buildSettings = {
				ASSETCATALOG_COMPILER_APPICON_NAME = AppIcon;
				ASSETCATALOG_COMPILER_LAUNCHIMAGE_NAME = LauchImage;
				CLANG_ENABLE_MODULES = YES;
				CODE_SIGN_ENTITLEMENTS = Markplan.entitlements;
				CODE_SIGN_IDENTITY = "iPhone Developer";
				"CODE_SIGN_IDENTITY[sdk=iphoneos*]" = "iPhone Developer";
				DEVELOPMENT_TEAM = "";
				FRAMEWORK_SEARCH_PATHS = (
					"$(inherited)",
					"$(PROJECT_DIR)/PlanIt/Frameworks",
				);
				INFOPLIST_FILE = PlanIt/Info.plist;
				IPHONEOS_DEPLOYMENT_TARGET = 8.2;
				LD_RUNPATH_SEARCH_PATHS = "$(inherited) @executable_path/Frameworks";
				PRODUCT_BUNDLE_IDENTIFIER = info.markplan.markplan;
				PRODUCT_NAME = Markplan;
				PROVISIONING_PROFILE = "";
				PROVISIONING_PROFILE_SPECIFIER = "";
				SWIFT_OBJC_BRIDGING_HEADER = "PlanIt-Bridging-Header.h";
				SWIFT_OPTIMIZATION_LEVEL = "-Onone";
				SWIFT_VERSION = 3.0;
				TARGETED_DEVICE_FAMILY = "1,2";
			};
			name = Debug;
		};
		BEA520C91CCF417F00FFE43E /* Release */ = {
			isa = XCBuildConfiguration;
			baseConfigurationReference = 09589BE40F48A418B19A9511 /* Pods-PlanIt.release.xcconfig */;
			buildSettings = {
				ASSETCATALOG_COMPILER_APPICON_NAME = AppIcon;
				ASSETCATALOG_COMPILER_LAUNCHIMAGE_NAME = LauchImage;
				CLANG_ENABLE_MODULES = YES;
				CODE_SIGN_ENTITLEMENTS = Markplan.entitlements;
				CODE_SIGN_IDENTITY = "iPhone Distribution: Ji Mo (CYTA756UDU)";
				"CODE_SIGN_IDENTITY[sdk=iphoneos*]" = "iPhone Developer";
				DEVELOPMENT_TEAM = "";
				FRAMEWORK_SEARCH_PATHS = (
					"$(inherited)",
					"$(PROJECT_DIR)/PlanIt/Frameworks",
				);
				INFOPLIST_FILE = PlanIt/Info.plist;
				IPHONEOS_DEPLOYMENT_TARGET = 8.2;
				LD_RUNPATH_SEARCH_PATHS = "$(inherited) @executable_path/Frameworks";
				PRODUCT_BUNDLE_IDENTIFIER = info.markplan.markplan;
				PRODUCT_NAME = Markplan;
				PROVISIONING_PROFILE = "";
				PROVISIONING_PROFILE_SPECIFIER = "";
				SWIFT_OBJC_BRIDGING_HEADER = "PlanIt-Bridging-Header.h";
				SWIFT_VERSION = 3.0;
				TARGETED_DEVICE_FAMILY = "1,2";
			};
			name = Release;
		};
		BEA520CB1CCF417F00FFE43E /* Debug */ = {
			isa = XCBuildConfiguration;
			buildSettings = {
				BUNDLE_LOADER = "$(TEST_HOST)";
				INFOPLIST_FILE = PlanItTests/Info.plist;
				LD_RUNPATH_SEARCH_PATHS = "$(inherited) @executable_path/Frameworks @loader_path/Frameworks";
				PRODUCT_BUNDLE_IDENTIFIER = Moji.PlanItTests;
				PRODUCT_NAME = Markplan;
				SWIFT_VERSION = 3.0;
				TEST_HOST = "$(BUILT_PRODUCTS_DIR)/Markplan.app/Markplan";
			};
			name = Debug;
		};
		BEA520CC1CCF417F00FFE43E /* Release */ = {
			isa = XCBuildConfiguration;
			buildSettings = {
				BUNDLE_LOADER = "$(TEST_HOST)";
				INFOPLIST_FILE = PlanItTests/Info.plist;
				LD_RUNPATH_SEARCH_PATHS = "$(inherited) @executable_path/Frameworks @loader_path/Frameworks";
				PRODUCT_BUNDLE_IDENTIFIER = Moji.PlanItTests;
				PRODUCT_NAME = Markplan;
				SWIFT_VERSION = 3.0;
				TEST_HOST = "$(BUILT_PRODUCTS_DIR)/Markplan.app/Markplan";
			};
			name = Release;
		};
		BEA520CE1CCF417F00FFE43E /* Debug */ = {
			isa = XCBuildConfiguration;
			buildSettings = {
				INFOPLIST_FILE = PlanItUITests/Info.plist;
				LD_RUNPATH_SEARCH_PATHS = "$(inherited) @executable_path/Frameworks @loader_path/Frameworks";
				PRODUCT_BUNDLE_IDENTIFIER = Moji.PlanItUITests;
				PRODUCT_NAME = Markplan;
				SWIFT_VERSION = 3.0;
				TEST_TARGET_NAME = PlanIt;
				USES_XCTRUNNER = YES;
			};
			name = Debug;
		};
		BEA520CF1CCF417F00FFE43E /* Release */ = {
			isa = XCBuildConfiguration;
			buildSettings = {
				INFOPLIST_FILE = PlanItUITests/Info.plist;
				LD_RUNPATH_SEARCH_PATHS = "$(inherited) @executable_path/Frameworks @loader_path/Frameworks";
				PRODUCT_BUNDLE_IDENTIFIER = Moji.PlanItUITests;
				PRODUCT_NAME = Markplan;
				SWIFT_VERSION = 3.0;
				TEST_TARGET_NAME = PlanIt;
				USES_XCTRUNNER = YES;
			};
			name = Release;
		};
		BEA824641D30DB03006A01E0 /* Ad Hoc */ = {
			isa = XCBuildConfiguration;
			buildSettings = {
				ALWAYS_SEARCH_USER_PATHS = NO;
				CLANG_ANALYZER_LOCALIZABILITY_NONLOCALIZED = YES;
				CLANG_CXX_LANGUAGE_STANDARD = "gnu++0x";
				CLANG_CXX_LIBRARY = "libc++";
				CLANG_ENABLE_MODULES = YES;
				CLANG_ENABLE_OBJC_ARC = YES;
				CLANG_WARN_BOOL_CONVERSION = YES;
				CLANG_WARN_CONSTANT_CONVERSION = YES;
				CLANG_WARN_DIRECT_OBJC_ISA_USAGE = YES_ERROR;
				CLANG_WARN_EMPTY_BODY = YES;
				CLANG_WARN_ENUM_CONVERSION = YES;
				CLANG_WARN_INT_CONVERSION = YES;
				CLANG_WARN_OBJC_ROOT_CLASS = YES_ERROR;
				CLANG_WARN_UNREACHABLE_CODE = YES;
				CLANG_WARN__DUPLICATE_METHOD_MATCH = YES;
				"CODE_SIGN_IDENTITY[sdk=iphoneos*]" = "iPhone Developer";
				COPY_PHASE_STRIP = NO;
				DEBUG_INFORMATION_FORMAT = "dwarf-with-dsym";
				ENABLE_NS_ASSERTIONS = NO;
				ENABLE_STRICT_OBJC_MSGSEND = YES;
				GCC_C_LANGUAGE_STANDARD = gnu99;
				GCC_NO_COMMON_BLOCKS = YES;
				GCC_WARN_64_TO_32_BIT_CONVERSION = YES;
				GCC_WARN_ABOUT_RETURN_TYPE = YES_ERROR;
				GCC_WARN_UNDECLARED_SELECTOR = YES;
				GCC_WARN_UNINITIALIZED_AUTOS = YES_AGGRESSIVE;
				GCC_WARN_UNUSED_FUNCTION = YES;
				GCC_WARN_UNUSED_VARIABLE = YES;
				IPHONEOS_DEPLOYMENT_TARGET = 9.0;
				MTL_ENABLE_DEBUG_INFO = NO;
				SDKROOT = iphoneos;
				TARGETED_DEVICE_FAMILY = "1,2";
				VALIDATE_PRODUCT = YES;
			};
			name = "Ad Hoc";
		};
		BEA824651D30DB03006A01E0 /* Ad Hoc */ = {
			isa = XCBuildConfiguration;
			baseConfigurationReference = 09589BE40F48A418B19A9511 /* Pods-PlanIt.release.xcconfig */;
			buildSettings = {
				ASSETCATALOG_COMPILER_APPICON_NAME = AppIcon;
				ASSETCATALOG_COMPILER_LAUNCHIMAGE_NAME = LauchImage;
				CLANG_ENABLE_MODULES = YES;
				CODE_SIGN_ENTITLEMENTS = Markplan.entitlements;
				CODE_SIGN_IDENTITY = "iPhone Developer";
				"CODE_SIGN_IDENTITY[sdk=iphoneos*]" = "iPhone Developer";
				DEVELOPMENT_TEAM = "";
				FRAMEWORK_SEARCH_PATHS = (
					"$(inherited)",
					"$(PROJECT_DIR)/PlanIt/Frameworks",
				);
				INFOPLIST_FILE = PlanIt/Info.plist;
				IPHONEOS_DEPLOYMENT_TARGET = 8.2;
				LD_RUNPATH_SEARCH_PATHS = "$(inherited) @executable_path/Frameworks";
				PRODUCT_BUNDLE_IDENTIFIER = info.markplan.markplan;
				PRODUCT_NAME = Markplan;
				PROVISIONING_PROFILE = "";
				PROVISIONING_PROFILE_SPECIFIER = "";
				SWIFT_OBJC_BRIDGING_HEADER = "PlanIt-Bridging-Header.h";
				SWIFT_VERSION = 3.0;
				TARGETED_DEVICE_FAMILY = "1,2";
			};
			name = "Ad Hoc";
		};
		BEA824661D30DB03006A01E0 /* Ad Hoc */ = {
			isa = XCBuildConfiguration;
			buildSettings = {
				BUNDLE_LOADER = "$(TEST_HOST)";
				INFOPLIST_FILE = PlanItTests/Info.plist;
				LD_RUNPATH_SEARCH_PATHS = "$(inherited) @executable_path/Frameworks @loader_path/Frameworks";
				PRODUCT_BUNDLE_IDENTIFIER = Moji.PlanItTests;
				PRODUCT_NAME = Markplan;
				SWIFT_VERSION = 3.0;
				TEST_HOST = "$(BUILT_PRODUCTS_DIR)/Markplan.app/Markplan";
			};
			name = "Ad Hoc";
		};
		BEA824671D30DB03006A01E0 /* Ad Hoc */ = {
			isa = XCBuildConfiguration;
			buildSettings = {
				INFOPLIST_FILE = PlanItUITests/Info.plist;
				LD_RUNPATH_SEARCH_PATHS = "$(inherited) @executable_path/Frameworks @loader_path/Frameworks";
				PRODUCT_BUNDLE_IDENTIFIER = Moji.PlanItUITests;
				PRODUCT_NAME = Markplan;
				SWIFT_VERSION = 3.0;
				TEST_TARGET_NAME = PlanIt;
				USES_XCTRUNNER = YES;
			};
			name = "Ad Hoc";
		};
/* End XCBuildConfiguration section */

/* Begin XCConfigurationList section */
		BEA520971CCF417F00FFE43E /* Build configuration list for PBXProject "Markplan" */ = {
			isa = XCConfigurationList;
			buildConfigurations = (
				BEA520C51CCF417F00FFE43E /* Debug */,
				BEA520C61CCF417F00FFE43E /* Release */,
				BEA824641D30DB03006A01E0 /* Ad Hoc */,
			);
			defaultConfigurationIsVisible = 0;
			defaultConfigurationName = Release;
		};
		BEA520C71CCF417F00FFE43E /* Build configuration list for PBXNativeTarget "Markplan" */ = {
			isa = XCConfigurationList;
			buildConfigurations = (
				BEA520C81CCF417F00FFE43E /* Debug */,
				BEA520C91CCF417F00FFE43E /* Release */,
				BEA824651D30DB03006A01E0 /* Ad Hoc */,
			);
			defaultConfigurationIsVisible = 0;
			defaultConfigurationName = Release;
		};
		BEA520CA1CCF417F00FFE43E /* Build configuration list for PBXNativeTarget "MarkplanTests" */ = {
			isa = XCConfigurationList;
			buildConfigurations = (
				BEA520CB1CCF417F00FFE43E /* Debug */,
				BEA520CC1CCF417F00FFE43E /* Release */,
				BEA824661D30DB03006A01E0 /* Ad Hoc */,
			);
			defaultConfigurationIsVisible = 0;
			defaultConfigurationName = Release;
		};
		BEA520CD1CCF417F00FFE43E /* Build configuration list for PBXNativeTarget "MarkplanUITests" */ = {
			isa = XCConfigurationList;
			buildConfigurations = (
				BEA520CE1CCF417F00FFE43E /* Debug */,
				BEA520CF1CCF417F00FFE43E /* Release */,
				BEA824671D30DB03006A01E0 /* Ad Hoc */,
			);
			defaultConfigurationIsVisible = 0;
			defaultConfigurationName = Release;
		};
/* End XCConfigurationList section */

/* Begin XCVersionGroup section */
		BEA520A61CCF417F00FFE43E /* PlanIt.xcdatamodeld */ = {
			isa = XCVersionGroup;
			children = (
				BEA520A71CCF417F00FFE43E /* PlanIt.xcdatamodel */,
			);
			currentVersion = BEA520A71CCF417F00FFE43E /* PlanIt.xcdatamodel */;
			path = PlanIt.xcdatamodeld;
			sourceTree = "<group>";
			versionGroupType = wrapper.xcdatamodel;
		};
/* End XCVersionGroup section */
	};
	rootObject = BEA520941CCF417F00FFE43E /* Project object */;
}
