// !$*UTF8*$!
{
	archiveVersion = 1;
	classes = {
	};
	objectVersion = 46;
	objects = {

/* Begin PBXBuildFile section */
		0AA8C566706EFBEE8F482108 /* Pods_PlanIt.framework in Frameworks */ = {isa = PBXBuildFile; fileRef = 75936E3A3A1A3413A5114395 /* Pods_PlanIt.framework */; };
		BE004A5F1D2A43A400556E85 /* TagTableViewCell.swift in Sources */ = {isa = PBXBuildFile; fileRef = BE004A5E1D2A43A400556E85 /* TagTableViewCell.swift */; };
		BE1C16061D2CCC3800A4B4A5 /* OptionsTableViewController.swift in Sources */ = {isa = PBXBuildFile; fileRef = BE1C16051D2CCC3800A4B4A5 /* OptionsTableViewController.swift */; };
		BE1C16081D2CCC4200A4B4A5 /* WebviewController.swift in Sources */ = {isa = PBXBuildFile; fileRef = BE1C16071D2CCC4200A4B4A5 /* WebviewController.swift */; };
		BE1C160A1D2CCC4600A4B4A5 /* AboutUsWebviewController.swift in Sources */ = {isa = PBXBuildFile; fileRef = BE1C16091D2CCC4600A4B4A5 /* AboutUsWebviewController.swift */; };
		BE279CF61CDF1D4D00D4FCFB /* KYDrawerController.swift in Sources */ = {isa = PBXBuildFile; fileRef = BE279CF31CDF1D4D00D4FCFB /* KYDrawerController.swift */; };
		BE279CF71CDF1D4D00D4FCFB /* KYEmbedDrawerControllerSegue.swift in Sources */ = {isa = PBXBuildFile; fileRef = BE279CF41CDF1D4D00D4FCFB /* KYEmbedDrawerControllerSegue.swift */; };
		BE279CF81CDF1D4D00D4FCFB /* KYEmbedMainControllerSegue.swift in Sources */ = {isa = PBXBuildFile; fileRef = BE279CF51CDF1D4D00D4FCFB /* KYEmbedMainControllerSegue.swift */; };
		BE279CFA1CDF1E1C00D4FCFB /* MenuTableViewControl.swift in Sources */ = {isa = PBXBuildFile; fileRef = BE279CF91CDF1E1C00D4FCFB /* MenuTableViewControl.swift */; };
		BE31C12E1D21168800A1A47B /* WaveLoadingIndicator.swift in Sources */ = {isa = PBXBuildFile; fileRef = BE31C12D1D21168800A1A47B /* WaveLoadingIndicator.swift */; };
		BE3B754D1D278B3900F7AEC3 /* KDCircularProgress.swift in Sources */ = {isa = PBXBuildFile; fileRef = BE3B754C1D278B3900F7AEC3 /* KDCircularProgress.swift */; };
		BE45A9F91CF98845007FD5DE /* ProcessesTableViewController.swift in Sources */ = {isa = PBXBuildFile; fileRef = BE45A9F81CF98845007FD5DE /* ProcessesTableViewController.swift */; };
		BE4F023A1CEF365F00126237 /* RoundTableviewCell.swift in Sources */ = {isa = PBXBuildFile; fileRef = BE4F02381CEF365F00126237 /* RoundTableviewCell.swift */; };
		BE5FE7A71CCF5C5400BC5F86 /* ProjectModel.swift in Sources */ = {isa = PBXBuildFile; fileRef = BE5FE7A61CCF5C5400BC5F86 /* ProjectModel.swift */; };
		BE5FE7A91CCF8A0E00BC5F86 /* TagModel.swift in Sources */ = {isa = PBXBuildFile; fileRef = BE5FE7A81CCF8A0E00BC5F86 /* TagModel.swift */; };
		BE68E5491CE9B658006A1750 /* TagsViewController.swift in Sources */ = {isa = PBXBuildFile; fileRef = BE68E5481CE9B658006A1750 /* TagsViewController.swift */; };
		BE6A1A681D3CC83200E39B7B /* WActivityIndicator.swift in Sources */ = {isa = PBXBuildFile; fileRef = BE6A1A651D3CC83200E39B7B /* WActivityIndicator.swift */; };
		BE6A1A691D3CC83200E39B7B /* WIndicator.swift in Sources */ = {isa = PBXBuildFile; fileRef = BE6A1A661D3CC83200E39B7B /* WIndicator.swift */; };
		BE6A1A6A1D3CC83200E39B7B /* WIndicatorText.swift in Sources */ = {isa = PBXBuildFile; fileRef = BE6A1A671D3CC83200E39B7B /* WIndicatorText.swift */; };
		BE6E09311CD9C2B5008AABCD /* TagMapModel.swift in Sources */ = {isa = PBXBuildFile; fileRef = BE6E09301CD9C2B5008AABCD /* TagMapModel.swift */; };
		BE6E09331CD9C373008AABCD /* ProcessModel.swift in Sources */ = {isa = PBXBuildFile; fileRef = BE6E09321CD9C373008AABCD /* ProcessModel.swift */; };
		BE6E09351CD9D45E008AABCD /* ProjectViewController.swift in Sources */ = {isa = PBXBuildFile; fileRef = BE6E09341CD9D45E008AABCD /* ProjectViewController.swift */; };
		BE6E09371CD9D6FF008AABCD /* ProjectTableViewCell.swift in Sources */ = {isa = PBXBuildFile; fileRef = BE6E09361CD9D6FF008AABCD /* ProjectTableViewCell.swift */; };
		BE6EEBB71CF4220E0085A9E7 /* StatisticsViewController.swift in Sources */ = {isa = PBXBuildFile; fileRef = BE6EEBB61CF4220E0085A9E7 /* StatisticsViewController.swift */; };
		BE79BCC61D2D38B2001512D6 /* NSDate+mojiDate.swift in Sources */ = {isa = PBXBuildFile; fileRef = BE79BCC21D2D38B2001512D6 /* NSDate+mojiDate.swift */; };
		BE79BCC71D2D38B2001512D6 /* String+mojiString.swift in Sources */ = {isa = PBXBuildFile; fileRef = BE79BCC31D2D38B2001512D6 /* String+mojiString.swift */; };
		BE79BCC81D2D38B2001512D6 /* UIColor+colorFromHex.swift in Sources */ = {isa = PBXBuildFile; fileRef = BE79BCC41D2D38B2001512D6 /* UIColor+colorFromHex.swift */; };
		BE79BCC91D2D38B2001512D6 /* UIViewController+mojiView.swift in Sources */ = {isa = PBXBuildFile; fileRef = BE79BCC51D2D38B2001512D6 /* UIViewController+mojiView.swift */; };
		BE79BCCB1D2D38E6001512D6 /* UIImage+mojiImage.swift in Sources */ = {isa = PBXBuildFile; fileRef = BE79BCCA1D2D38E6001512D6 /* UIImage+mojiImage.swift */; };
		BE7DF7FF1CEC922000DB1CBB /* RRAddTagView.swift in Sources */ = {isa = PBXBuildFile; fileRef = BE7DF7FC1CEC922000DB1CBB /* RRAddTagView.swift */; };
		BE7DF8001CEC922000DB1CBB /* RRTagCollectionViewCell.swift in Sources */ = {isa = PBXBuildFile; fileRef = BE7DF7FD1CEC922000DB1CBB /* RRTagCollectionViewCell.swift */; };
		BE7DF8011CEC922000DB1CBB /* RRTagController.swift in Sources */ = {isa = PBXBuildFile; fileRef = BE7DF7FE1CEC922000DB1CBB /* RRTagController.swift */; };
		BE93C1061CE84F1700766DD4 /* SQLiteManager.swift in Sources */ = {isa = PBXBuildFile; fileRef = BE93C1051CE84F1700766DD4 /* SQLiteManager.swift */; };
		BE977A811D17B87200D6899C /* CellBackgroundView.swift in Sources */ = {isa = PBXBuildFile; fileRef = BE977A801D17B87200D6899C /* CellBackgroundView.swift */; };
		BE9ACE781D0BE2420097A76F /* Global.swift in Sources */ = {isa = PBXBuildFile; fileRef = BE9ACE771D0BE2420097A76F /* Global.swift */; };
		BE9ACE7A1D0C03B30097A76F /* PieChartView.swift in Sources */ = {isa = PBXBuildFile; fileRef = BE9ACE791D0C03B30097A76F /* PieChartView.swift */; };
		BEA520A01CCF417F00FFE43E /* AppDelegate.swift in Sources */ = {isa = PBXBuildFile; fileRef = BEA5209F1CCF417F00FFE43E /* AppDelegate.swift */; };
		BEA520A51CCF417F00FFE43E /* Main.storyboard in Resources */ = {isa = PBXBuildFile; fileRef = BEA520A31CCF417F00FFE43E /* Main.storyboard */; };
		BEA520A81CCF417F00FFE43E /* PlanIt.xcdatamodeld in Sources */ = {isa = PBXBuildFile; fileRef = BEA520A61CCF417F00FFE43E /* PlanIt.xcdatamodeld */; };
		BEA520AA1CCF417F00FFE43E /* Assets.xcassets in Resources */ = {isa = PBXBuildFile; fileRef = BEA520A91CCF417F00FFE43E /* Assets.xcassets */; };
		BEA520AD1CCF417F00FFE43E /* LaunchScreen.storyboard in Resources */ = {isa = PBXBuildFile; fileRef = BEA520AB1CCF417F00FFE43E /* LaunchScreen.storyboard */; };
		BEA520B81CCF417F00FFE43E /* PlanItTests.swift in Sources */ = {isa = PBXBuildFile; fileRef = BEA520B71CCF417F00FFE43E /* PlanItTests.swift */; };
		BEA520C31CCF417F00FFE43E /* PlanItUITests.swift in Sources */ = {isa = PBXBuildFile; fileRef = BEA520C21CCF417F00FFE43E /* PlanItUITests.swift */; };
		BEB033ED1CE058B4001128D3 /* EditProjectTableViewController.swift in Sources */ = {isa = PBXBuildFile; fileRef = BEB033EC1CE058B4001128D3 /* EditProjectTableViewController.swift */; };
		BEB8B3271CF57870002A20FE /* CloseButton.swift in Sources */ = {isa = PBXBuildFile; fileRef = BEB8B3221CF57870002A20FE /* CloseButton.swift */; };
		BEB8B3291CF57870002A20FE /* TagListView.swift in Sources */ = {isa = PBXBuildFile; fileRef = BEB8B3251CF57870002A20FE /* TagListView.swift */; };
		BEB8B32A1CF57870002A20FE /* TagView.swift in Sources */ = {isa = PBXBuildFile; fileRef = BEB8B3261CF57870002A20FE /* TagView.swift */; };
		BECFC3071CFABE2400D8C4C8 /* ScrollableGraphView.swift in Sources */ = {isa = PBXBuildFile; fileRef = BECFC3061CFABE2400D8C4C8 /* ScrollableGraphView.swift */; };
		BECFC30B1CFAD43B00D8C4C8 /* ProcessTableViewCell.swift in Sources */ = {isa = PBXBuildFile; fileRef = BECFC30A1CFAD43B00D8C4C8 /* ProcessTableViewCell.swift */; };
		BECFC30D1CFADBCD00D8C4C8 /* ProcessDateModel.swift in Sources */ = {isa = PBXBuildFile; fileRef = BECFC30C1CFADBCD00D8C4C8 /* ProcessDateModel.swift */; };
		BED76F601D167AFB00C8B521 /* AddProcessTableViewController.swift in Sources */ = {isa = PBXBuildFile; fileRef = BED76F5F1D167AFB00C8B521 /* AddProcessTableViewController.swift */; };
		BED9DB341CD87D05007043AA /* libsqlite3.dylib in Frameworks */ = {isa = PBXBuildFile; fileRef = BED9DB321CD87D05007043AA /* libsqlite3.dylib */; };
		BEE477FE1D1FC8CA00EF8C44 /* ChangeTagsViewControl.swift in Sources */ = {isa = PBXBuildFile; fileRef = BEE477FD1D1FC8CA00EF8C44 /* ChangeTagsViewControl.swift */; };
/* End PBXBuildFile section */

/* Begin PBXContainerItemProxy section */
		BEA520B41CCF417F00FFE43E /* PBXContainerItemProxy */ = {
			isa = PBXContainerItemProxy;
			containerPortal = BEA520941CCF417F00FFE43E /* Project object */;
			proxyType = 1;
			remoteGlobalIDString = BEA5209B1CCF417F00FFE43E;
			remoteInfo = PlanIt;
		};
		BEA520BF1CCF417F00FFE43E /* PBXContainerItemProxy */ = {
			isa = PBXContainerItemProxy;
			containerPortal = BEA520941CCF417F00FFE43E /* Project object */;
			proxyType = 1;
			remoteGlobalIDString = BEA5209B1CCF417F00FFE43E;
			remoteInfo = PlanIt;
		};
/* End PBXContainerItemProxy section */

/* Begin PBXFileReference section */
		09589BE40F48A418B19A9511 /* Pods-PlanIt.release.xcconfig */ = {isa = PBXFileReference; includeInIndex = 1; lastKnownFileType = text.xcconfig; name = "Pods-PlanIt.release.xcconfig"; path = "Pods/Target Support Files/Pods-PlanIt/Pods-PlanIt.release.xcconfig"; sourceTree = "<group>"; };
		36006BD01D3BC5D800E08324 /* PlanIt-Bridging-Header.h */ = {isa = PBXFileReference; fileEncoding = 4; lastKnownFileType = sourcecode.c.h; path = "PlanIt-Bridging-Header.h"; sourceTree = SOURCE_ROOT; };
		36006BDD1D3BC84E00E08324 /* WActivityIndicator.swift */ = {isa = PBXFileReference; fileEncoding = 4; lastKnownFileType = sourcecode.swift; name = WActivityIndicator.swift; path = "Pods/../../../../Desktop/WIndicator-master/indicatorDemo/WActivityIndicator.swift"; sourceTree = "<group>"; };
		36006BDE1D3BC84E00E08324 /* WIndicator.swift */ = {isa = PBXFileReference; fileEncoding = 4; lastKnownFileType = sourcecode.swift; name = WIndicator.swift; path = "Pods/../../../../Desktop/WIndicator-master/indicatorDemo/WIndicator.swift"; sourceTree = "<group>"; };
		36006BDF1D3BC84E00E08324 /* WIndicatorText.swift */ = {isa = PBXFileReference; fileEncoding = 4; lastKnownFileType = sourcecode.swift; name = WIndicatorText.swift; path = "Pods/../../../../Desktop/WIndicator-master/indicatorDemo/WIndicatorText.swift"; sourceTree = "<group>"; };
		5F835661849BEA352693A738 /* Pods-PlanIt.debug.xcconfig */ = {isa = PBXFileReference; includeInIndex = 1; lastKnownFileType = text.xcconfig; name = "Pods-PlanIt.debug.xcconfig"; path = "Pods/Target Support Files/Pods-PlanIt/Pods-PlanIt.debug.xcconfig"; sourceTree = "<group>"; };
		75936E3A3A1A3413A5114395 /* Pods_PlanIt.framework */ = {isa = PBXFileReference; explicitFileType = wrapper.framework; includeInIndex = 0; path = Pods_PlanIt.framework; sourceTree = BUILT_PRODUCTS_DIR; };
		BE004A5E1D2A43A400556E85 /* TagTableViewCell.swift */ = {isa = PBXFileReference; fileEncoding = 4; lastKnownFileType = sourcecode.swift; path = TagTableViewCell.swift; sourceTree = "<group>"; };
		BE1C16051D2CCC3800A4B4A5 /* OptionsTableViewController.swift */ = {isa = PBXFileReference; fileEncoding = 4; lastKnownFileType = sourcecode.swift; path = OptionsTableViewController.swift; sourceTree = "<group>"; };
		BE1C16071D2CCC4200A4B4A5 /* WebviewController.swift */ = {isa = PBXFileReference; fileEncoding = 4; lastKnownFileType = sourcecode.swift; path = WebviewController.swift; sourceTree = "<group>"; };
		BE1C16091D2CCC4600A4B4A5 /* AboutUsWebviewController.swift */ = {isa = PBXFileReference; fileEncoding = 4; lastKnownFileType = sourcecode.swift; path = AboutUsWebviewController.swift; sourceTree = "<group>"; };
		BE279CF21CDF1D0D00D4FCFB /* PlanIt-Bridging-Header.h */ = {isa = PBXFileReference; lastKnownFileType = sourcecode.c.h; path = "PlanIt-Bridging-Header.h"; sourceTree = "<group>"; };
		BE279CF31CDF1D4D00D4FCFB /* KYDrawerController.swift */ = {isa = PBXFileReference; fileEncoding = 4; lastKnownFileType = sourcecode.swift; name = KYDrawerController.swift; path = KYDrawerController/Classes/KYDrawerController.swift; sourceTree = "<group>"; };
		BE279CF41CDF1D4D00D4FCFB /* KYEmbedDrawerControllerSegue.swift */ = {isa = PBXFileReference; fileEncoding = 4; lastKnownFileType = sourcecode.swift; name = KYEmbedDrawerControllerSegue.swift; path = KYDrawerController/Classes/KYEmbedDrawerControllerSegue.swift; sourceTree = "<group>"; };
		BE279CF51CDF1D4D00D4FCFB /* KYEmbedMainControllerSegue.swift */ = {isa = PBXFileReference; fileEncoding = 4; lastKnownFileType = sourcecode.swift; name = KYEmbedMainControllerSegue.swift; path = KYDrawerController/Classes/KYEmbedMainControllerSegue.swift; sourceTree = "<group>"; };
		BE279CF91CDF1E1C00D4FCFB /* MenuTableViewControl.swift */ = {isa = PBXFileReference; fileEncoding = 4; lastKnownFileType = sourcecode.swift; path = MenuTableViewControl.swift; sourceTree = "<group>"; };
		BE31C12D1D21168800A1A47B /* WaveLoadingIndicator.swift */ = {isa = PBXFileReference; fileEncoding = 4; lastKnownFileType = sourcecode.swift; path = WaveLoadingIndicator.swift; sourceTree = "<group>"; };
		BE3B754C1D278B3900F7AEC3 /* KDCircularProgress.swift */ = {isa = PBXFileReference; fileEncoding = 4; lastKnownFileType = sourcecode.swift; path = KDCircularProgress.swift; sourceTree = "<group>"; };
		BE45A9F81CF98845007FD5DE /* ProcessesTableViewController.swift */ = {isa = PBXFileReference; fileEncoding = 4; lastKnownFileType = sourcecode.swift; name = ProcessesTableViewController.swift; path = ../Statistics/ProcessesTableViewController.swift; sourceTree = "<group>"; };
		BE4F02371CEF365F00126237 /* RoundTableviewCell.h */ = {isa = PBXFileReference; fileEncoding = 4; lastKnownFileType = sourcecode.c.h; path = RoundTableviewCell.h; sourceTree = "<group>"; };
		BE4F02381CEF365F00126237 /* RoundTableviewCell.swift */ = {isa = PBXFileReference; fileEncoding = 4; lastKnownFileType = sourcecode.swift; path = RoundTableviewCell.swift; sourceTree = "<group>"; };
		BE5FE7A61CCF5C5400BC5F86 /* ProjectModel.swift */ = {isa = PBXFileReference; fileEncoding = 4; lastKnownFileType = sourcecode.swift; path = ProjectModel.swift; sourceTree = "<group>"; };
		BE5FE7A81CCF8A0E00BC5F86 /* TagModel.swift */ = {isa = PBXFileReference; fileEncoding = 4; lastKnownFileType = sourcecode.swift; path = TagModel.swift; sourceTree = "<group>"; };
		BE68E5481CE9B658006A1750 /* TagsViewController.swift */ = {isa = PBXFileReference; fileEncoding = 4; lastKnownFileType = sourcecode.swift; path = TagsViewController.swift; sourceTree = "<group>"; };
		BE6A1A651D3CC83200E39B7B /* WActivityIndicator.swift */ = {isa = PBXFileReference; fileEncoding = 4; lastKnownFileType = sourcecode.swift; path = WActivityIndicator.swift; sourceTree = "<group>"; };
		BE6A1A661D3CC83200E39B7B /* WIndicator.swift */ = {isa = PBXFileReference; fileEncoding = 4; lastKnownFileType = sourcecode.swift; path = WIndicator.swift; sourceTree = "<group>"; };
		BE6A1A671D3CC83200E39B7B /* WIndicatorText.swift */ = {isa = PBXFileReference; fileEncoding = 4; lastKnownFileType = sourcecode.swift; path = WIndicatorText.swift; sourceTree = "<group>"; };
		BE6E09301CD9C2B5008AABCD /* TagMapModel.swift */ = {isa = PBXFileReference; fileEncoding = 4; lastKnownFileType = sourcecode.swift; path = TagMapModel.swift; sourceTree = "<group>"; };
		BE6E09321CD9C373008AABCD /* ProcessModel.swift */ = {isa = PBXFileReference; fileEncoding = 4; lastKnownFileType = sourcecode.swift; path = ProcessModel.swift; sourceTree = "<group>"; };
		BE6E09341CD9D45E008AABCD /* ProjectViewController.swift */ = {isa = PBXFileReference; fileEncoding = 4; lastKnownFileType = sourcecode.swift; path = ProjectViewController.swift; sourceTree = "<group>"; };
		BE6E09361CD9D6FF008AABCD /* ProjectTableViewCell.swift */ = {isa = PBXFileReference; fileEncoding = 4; lastKnownFileType = sourcecode.swift; path = ProjectTableViewCell.swift; sourceTree = "<group>"; };
		BE6EEBB61CF4220E0085A9E7 /* StatisticsViewController.swift */ = {isa = PBXFileReference; fileEncoding = 4; lastKnownFileType = sourcecode.swift; path = StatisticsViewController.swift; sourceTree = "<group>"; };
		BE79BCC21D2D38B2001512D6 /* NSDate+mojiDate.swift */ = {isa = PBXFileReference; fileEncoding = 4; lastKnownFileType = sourcecode.swift; path = "NSDate+mojiDate.swift"; sourceTree = "<group>"; };
		BE79BCC31D2D38B2001512D6 /* String+mojiString.swift */ = {isa = PBXFileReference; fileEncoding = 4; lastKnownFileType = sourcecode.swift; path = "String+mojiString.swift"; sourceTree = "<group>"; };
		BE79BCC41D2D38B2001512D6 /* UIColor+colorFromHex.swift */ = {isa = PBXFileReference; fileEncoding = 4; lastKnownFileType = sourcecode.swift; path = "UIColor+colorFromHex.swift"; sourceTree = "<group>"; };
		BE79BCC51D2D38B2001512D6 /* UIViewController+mojiView.swift */ = {isa = PBXFileReference; fileEncoding = 4; lastKnownFileType = sourcecode.swift; path = "UIViewController+mojiView.swift"; sourceTree = "<group>"; };
		BE79BCCA1D2D38E6001512D6 /* UIImage+mojiImage.swift */ = {isa = PBXFileReference; fileEncoding = 4; lastKnownFileType = sourcecode.swift; path = "UIImage+mojiImage.swift"; sourceTree = "<group>"; };
		BE7DF7FC1CEC922000DB1CBB /* RRAddTagView.swift */ = {isa = PBXFileReference; fileEncoding = 4; lastKnownFileType = sourcecode.swift; path = RRAddTagView.swift; sourceTree = "<group>"; };
		BE7DF7FD1CEC922000DB1CBB /* RRTagCollectionViewCell.swift */ = {isa = PBXFileReference; fileEncoding = 4; lastKnownFileType = sourcecode.swift; path = RRTagCollectionViewCell.swift; sourceTree = "<group>"; };
		BE7DF7FE1CEC922000DB1CBB /* RRTagController.swift */ = {isa = PBXFileReference; fileEncoding = 4; lastKnownFileType = sourcecode.swift; path = RRTagController.swift; sourceTree = "<group>"; };
		BE93C1051CE84F1700766DD4 /* SQLiteManager.swift */ = {isa = PBXFileReference; fileEncoding = 4; lastKnownFileType = sourcecode.swift; path = SQLiteManager.swift; sourceTree = "<group>"; };
		BE977A801D17B87200D6899C /* CellBackgroundView.swift */ = {isa = PBXFileReference; fileEncoding = 4; lastKnownFileType = sourcecode.swift; path = CellBackgroundView.swift; sourceTree = "<group>"; };
		BE9ACE771D0BE2420097A76F /* Global.swift */ = {isa = PBXFileReference; fileEncoding = 4; lastKnownFileType = sourcecode.swift; path = Global.swift; sourceTree = "<group>"; };
		BE9ACE791D0C03B30097A76F /* PieChartView.swift */ = {isa = PBXFileReference; fileEncoding = 4; lastKnownFileType = sourcecode.swift; name = PieChartView.swift; path = PlanIt/Classes/UI/Projects/PieChartView.swift; sourceTree = SOURCE_ROOT; };
		BEA5209C1CCF417F00FFE43E /* PlanIt.app */ = {isa = PBXFileReference; explicitFileType = wrapper.application; includeInIndex = 0; path = PlanIt.app; sourceTree = BUILT_PRODUCTS_DIR; };
		BEA5209F1CCF417F00FFE43E /* AppDelegate.swift */ = {isa = PBXFileReference; lastKnownFileType = sourcecode.swift; path = AppDelegate.swift; sourceTree = "<group>"; };
		BEA520A41CCF417F00FFE43E /* Base */ = {isa = PBXFileReference; lastKnownFileType = file.storyboard; name = Base; path = Base.lproj/Main.storyboard; sourceTree = "<group>"; };
		BEA520A71CCF417F00FFE43E /* PlanIt.xcdatamodel */ = {isa = PBXFileReference; lastKnownFileType = wrapper.xcdatamodel; path = PlanIt.xcdatamodel; sourceTree = "<group>"; };
		BEA520A91CCF417F00FFE43E /* Assets.xcassets */ = {isa = PBXFileReference; lastKnownFileType = folder.assetcatalog; path = Assets.xcassets; sourceTree = "<group>"; };
		BEA520AC1CCF417F00FFE43E /* Base */ = {isa = PBXFileReference; lastKnownFileType = file.storyboard; name = Base; path = Base.lproj/LaunchScreen.storyboard; sourceTree = "<group>"; };
		BEA520AE1CCF417F00FFE43E /* Info.plist */ = {isa = PBXFileReference; lastKnownFileType = text.plist.xml; path = Info.plist; sourceTree = "<group>"; };
		BEA520B31CCF417F00FFE43E /* PlanItTests.xctest */ = {isa = PBXFileReference; explicitFileType = wrapper.cfbundle; includeInIndex = 0; path = PlanItTests.xctest; sourceTree = BUILT_PRODUCTS_DIR; };
		BEA520B71CCF417F00FFE43E /* PlanItTests.swift */ = {isa = PBXFileReference; lastKnownFileType = sourcecode.swift; path = PlanItTests.swift; sourceTree = "<group>"; };
		BEA520B91CCF417F00FFE43E /* Info.plist */ = {isa = PBXFileReference; lastKnownFileType = text.plist.xml; path = Info.plist; sourceTree = "<group>"; };
		BEA520BE1CCF417F00FFE43E /* PlanItUITests.xctest */ = {isa = PBXFileReference; explicitFileType = wrapper.cfbundle; includeInIndex = 0; path = PlanItUITests.xctest; sourceTree = BUILT_PRODUCTS_DIR; };
		BEA520C21CCF417F00FFE43E /* PlanItUITests.swift */ = {isa = PBXFileReference; lastKnownFileType = sourcecode.swift; path = PlanItUITests.swift; sourceTree = "<group>"; };
		BEA520C41CCF417F00FFE43E /* Info.plist */ = {isa = PBXFileReference; lastKnownFileType = text.plist.xml; path = Info.plist; sourceTree = "<group>"; };
		BEAC77631D363300007BBB0E /* Popover.framework */ = {isa = PBXFileReference; lastKnownFileType = wrapper.framework; name = Popover.framework; path = "Pods/../build/Release-iphoneos/Popover/Popover.framework"; sourceTree = "<group>"; };
		BEB033EC1CE058B4001128D3 /* EditProjectTableViewController.swift */ = {isa = PBXFileReference; fileEncoding = 4; lastKnownFileType = sourcecode.swift; path = EditProjectTableViewController.swift; sourceTree = "<group>"; };
		BEB8B3221CF57870002A20FE /* CloseButton.swift */ = {isa = PBXFileReference; fileEncoding = 4; lastKnownFileType = sourcecode.swift; path = CloseButton.swift; sourceTree = "<group>"; };
		BEB8B3241CF57870002A20FE /* TagListView.h */ = {isa = PBXFileReference; fileEncoding = 4; lastKnownFileType = sourcecode.c.h; path = TagListView.h; sourceTree = "<group>"; };
		BEB8B3251CF57870002A20FE /* TagListView.swift */ = {isa = PBXFileReference; fileEncoding = 4; lastKnownFileType = sourcecode.swift; path = TagListView.swift; sourceTree = "<group>"; };
		BEB8B3261CF57870002A20FE /* TagView.swift */ = {isa = PBXFileReference; fileEncoding = 4; lastKnownFileType = sourcecode.swift; path = TagView.swift; sourceTree = "<group>"; };
		BECFC3061CFABE2400D8C4C8 /* ScrollableGraphView.swift */ = {isa = PBXFileReference; fileEncoding = 4; lastKnownFileType = sourcecode.swift; path = ScrollableGraphView.swift; sourceTree = "<group>"; };
		BECFC30A1CFAD43B00D8C4C8 /* ProcessTableViewCell.swift */ = {isa = PBXFileReference; fileEncoding = 4; lastKnownFileType = sourcecode.swift; path = ProcessTableViewCell.swift; sourceTree = "<group>"; };
		BECFC30C1CFADBCD00D8C4C8 /* ProcessDateModel.swift */ = {isa = PBXFileReference; fileEncoding = 4; lastKnownFileType = sourcecode.swift; path = ProcessDateModel.swift; sourceTree = "<group>"; };
		BED76F5F1D167AFB00C8B521 /* AddProcessTableViewController.swift */ = {isa = PBXFileReference; fileEncoding = 4; lastKnownFileType = sourcecode.swift; path = AddProcessTableViewController.swift; sourceTree = "<group>"; };
		BED9DB321CD87D05007043AA /* libsqlite3.dylib */ = {isa = PBXFileReference; lastKnownFileType = "compiled.mach-o.dylib"; name = libsqlite3.dylib; path = usr/lib/libsqlite3.dylib; sourceTree = SOURCE_ROOT; };
		BEE477FD1D1FC8CA00EF8C44 /* ChangeTagsViewControl.swift */ = {isa = PBXFileReference; fileEncoding = 4; lastKnownFileType = sourcecode.swift; path = ChangeTagsViewControl.swift; sourceTree = "<group>"; };
/* End PBXFileReference section */

/* Begin PBXFrameworksBuildPhase section */
		BEA520991CCF417F00FFE43E /* Frameworks */ = {
			isa = PBXFrameworksBuildPhase;
			buildActionMask = 2147483647;
			files = (
				BED9DB341CD87D05007043AA /* libsqlite3.dylib in Frameworks */,
				0AA8C566706EFBEE8F482108 /* Pods_PlanIt.framework in Frameworks */,
			);
			runOnlyForDeploymentPostprocessing = 0;
		};
		BEA520B01CCF417F00FFE43E /* Frameworks */ = {
			isa = PBXFrameworksBuildPhase;
			buildActionMask = 2147483647;
			files = (
			);
			runOnlyForDeploymentPostprocessing = 0;
		};
		BEA520BB1CCF417F00FFE43E /* Frameworks */ = {
			isa = PBXFrameworksBuildPhase;
			buildActionMask = 2147483647;
			files = (
			);
			runOnlyForDeploymentPostprocessing = 0;
		};
/* End PBXFrameworksBuildPhase section */

/* Begin PBXGroup section */
		18781393FD6AEC8657ECC396 /* Pods */ = {
			isa = PBXGroup;
			children = (
				5F835661849BEA352693A738 /* Pods-PlanIt.debug.xcconfig */,
				09589BE40F48A418B19A9511 /* Pods-PlanIt.release.xcconfig */,
			);
			name = Pods;
			sourceTree = "<group>";
		};
		200B3328E0DC1CA2BA07C039 /* Frameworks */ = {
			isa = PBXGroup;
			children = (
				36006BDC1D3BC83700E08324 /* MBProgressHUD */,
				BEAC77631D363300007BBB0E /* Popover.framework */,
				75936E3A3A1A3413A5114395 /* Pods_PlanIt.framework */,
			);
			name = Frameworks;
			sourceTree = "<group>";
		};
		36006BDC1D3BC83700E08324 /* MBProgressHUD */ = {
			isa = PBXGroup;
			children = (
				36006BDD1D3BC84E00E08324 /* WActivityIndicator.swift */,
				36006BDE1D3BC84E00E08324 /* WIndicator.swift */,
				36006BDF1D3BC84E00E08324 /* WIndicatorText.swift */,
			);
			name = MBProgressHUD;
			sourceTree = "<group>";
		};
		BE1C16041D2CCC2500A4B4A5 /* Options(设置) */ = {
			isa = PBXGroup;
			children = (
				BE1C16091D2CCC4600A4B4A5 /* AboutUsWebviewController.swift */,
				BE1C16051D2CCC3800A4B4A5 /* OptionsTableViewController.swift */,
				BE1C16071D2CCC4200A4B4A5 /* WebviewController.swift */,
			);
			name = "Options(设置)";
			path = Options;
			sourceTree = "<group>";
		};
		BE279CEB1CDF1AE700D4FCFB /* KYDrawerController */ = {
			isa = PBXGroup;
			children = (
				BE279CF31CDF1D4D00D4FCFB /* KYDrawerController.swift */,
				BE279CF41CDF1D4D00D4FCFB /* KYEmbedDrawerControllerSegue.swift */,
				BE279CF51CDF1D4D00D4FCFB /* KYEmbedMainControllerSegue.swift */,
			);
			name = KYDrawerController;
			sourceTree = "<group>";
		};
		BE31C12C1D21168800A1A47B /* WaveLoadingIndicator */ = {
			isa = PBXGroup;
			children = (
				BE31C12D1D21168800A1A47B /* WaveLoadingIndicator.swift */,
			);
			path = WaveLoadingIndicator;
			sourceTree = "<group>";
		};
		BE3B754B1D278B3900F7AEC3 /* KDCircularProgress */ = {
			isa = PBXGroup;
			children = (
				BE3B754C1D278B3900F7AEC3 /* KDCircularProgress.swift */,
			);
			path = KDCircularProgress;
			sourceTree = "<group>";
		};
		BE4F02351CEF365F00126237 /* RoundTableviewCell */ = {
			isa = PBXGroup;
			children = (
				BE4F02371CEF365F00126237 /* RoundTableviewCell.h */,
				BE4F02381CEF365F00126237 /* RoundTableviewCell.swift */,
			);
			path = RoundTableviewCell;
			sourceTree = "<group>";
		};
		BE68E5471CE9B5E6006A1750 /* Tag(标签) */ = {
			isa = PBXGroup;
			children = (
				BE68E5481CE9B658006A1750 /* TagsViewController.swift */,
				BEE477FD1D1FC8CA00EF8C44 /* ChangeTagsViewControl.swift */,
				BE004A5E1D2A43A400556E85 /* TagTableViewCell.swift */,
			);
			name = "Tag(标签)";
			path = Tag;
			sourceTree = "<group>";
		};
		BE6A1A641D3CC83200E39B7B /* WActivityIndicator */ = {
			isa = PBXGroup;
			children = (
				BE6A1A651D3CC83200E39B7B /* WActivityIndicator.swift */,
				BE6A1A661D3CC83200E39B7B /* WIndicator.swift */,
				BE6A1A671D3CC83200E39B7B /* WIndicatorText.swift */,
			);
			path = WActivityIndicator;
			sourceTree = "<group>";
		};
		BE79BCC11D2D38B2001512D6 /* Extension(扩展) */ = {
			isa = PBXGroup;
			children = (
				BE79BCC21D2D38B2001512D6 /* NSDate+mojiDate.swift */,
				BE79BCC31D2D38B2001512D6 /* String+mojiString.swift */,
				BE79BCC41D2D38B2001512D6 /* UIColor+colorFromHex.swift */,
				BE79BCC51D2D38B2001512D6 /* UIViewController+mojiView.swift */,
				BE79BCCA1D2D38E6001512D6 /* UIImage+mojiImage.swift */,
			);
			name = "Extension(扩展)";
			path = Extension;
			sourceTree = "<group>";
		};
		BE7DF7FB1CEC922000DB1CBB /* RRTagController */ = {
			isa = PBXGroup;
			children = (
				BE7DF7FC1CEC922000DB1CBB /* RRAddTagView.swift */,
				BE7DF7FD1CEC922000DB1CBB /* RRTagCollectionViewCell.swift */,
				BE7DF7FE1CEC922000DB1CBB /* RRTagController.swift */,
			);
			path = RRTagController;
			sourceTree = "<group>";
		};
		BE802AEE1CCF4B2B0092F2DE /* Classes */ = {
			isa = PBXGroup;
			children = (
				BE79BCC11D2D38B2001512D6 /* Extension(扩展) */,
				BE802AEF1CCF4B2B0092F2DE /* BusinessModel(业务模型) */,
				BE802AF21CCF4B2B0092F2DE /* UI(界面) */,
				BE802AF01CCF4B2B0092F2DE /* imageFile(大图片) */,
				BE802AF11CCF4B2B0092F2DE /* Tools(工具) */,
				BE802AF31CCF4B2B0092F2DE /* Venders(第三方库) */,
			);
			path = Classes;
			sourceTree = "<group>";
		};
		BE802AEF1CCF4B2B0092F2DE /* BusinessModel(业务模型) */ = {
			isa = PBXGroup;
			children = (
				BE6E09321CD9C373008AABCD /* ProcessModel.swift */,
				BECFC30C1CFADBCD00D8C4C8 /* ProcessDateModel.swift */,
				BE5FE7A61CCF5C5400BC5F86 /* ProjectModel.swift */,
				BE6E09301CD9C2B5008AABCD /* TagMapModel.swift */,
				BE5FE7A81CCF8A0E00BC5F86 /* TagModel.swift */,
				BE93C1051CE84F1700766DD4 /* SQLiteManager.swift */,
			);
			name = "BusinessModel(业务模型)";
			path = BusinessModel;
			sourceTree = "<group>";
		};
		BE802AF01CCF4B2B0092F2DE /* imageFile(大图片) */ = {
			isa = PBXGroup;
			children = (
			);
			name = "imageFile(大图片)";
			path = imageFile;
			sourceTree = "<group>";
		};
		BE802AF11CCF4B2B0092F2DE /* Tools(工具) */ = {
			isa = PBXGroup;
			children = (
			);
			name = "Tools(工具)";
			path = Tools;
			sourceTree = "<group>";
		};
		BE802AF21CCF4B2B0092F2DE /* UI(界面) */ = {
			isa = PBXGroup;
			children = (
				BE1C16041D2CCC2500A4B4A5 /* Options(设置) */,
				BE68E5471CE9B5E6006A1750 /* Tag(标签) */,
				BE802AF91CCF55540092F2DE /* History(添加历史) */,
				BE802AFA1CCF55540092F2DE /* Main(公共) */,
				BE802AFB1CCF55540092F2DE /* EditProject(修改项目) */,
				BE802AFD1CCF55540092F2DE /* Other(其他) */,
				BE802AFE1CCF55540092F2DE /* Projects(项目列表) */,
				BE802AFF1CCF55540092F2DE /* Statistics(统计) */,
			);
			name = "UI(界面)";
			path = UI;
			sourceTree = "<group>";
		};
		BE802AF31CCF4B2B0092F2DE /* Venders(第三方库) */ = {
			isa = PBXGroup;
			children = (
				BE6A1A641D3CC83200E39B7B /* WActivityIndicator */,
				BE3B754B1D278B3900F7AEC3 /* KDCircularProgress */,
				BE31C12C1D21168800A1A47B /* WaveLoadingIndicator */,
				BECFC3051CFABE2400D8C4C8 /* GraphView */,
				BEB8B3211CF57870002A20FE /* TagListView */,
				BE4F02351CEF365F00126237 /* RoundTableviewCell */,
				BE7DF7FB1CEC922000DB1CBB /* RRTagController */,
				BE279CEB1CDF1AE700D4FCFB /* KYDrawerController */,
			);
			name = "Venders(第三方库)";
			path = Venders;
			sourceTree = "<group>";
		};
		BE802AF91CCF55540092F2DE /* History(添加历史) */ = {
			isa = PBXGroup;
			children = (
				BE45A9F81CF98845007FD5DE /* ProcessesTableViewController.swift */,
				BECFC30A1CFAD43B00D8C4C8 /* ProcessTableViewCell.swift */,
			);
			name = "History(添加历史)";
			path = History;
			sourceTree = "<group>";
		};
		BE802AFA1CCF55540092F2DE /* Main(公共) */ = {
			isa = PBXGroup;
			children = (
				BE279CF91CDF1E1C00D4FCFB /* MenuTableViewControl.swift */,
				BE9ACE771D0BE2420097A76F /* Global.swift */,
			);
			name = "Main(公共)";
			path = Main;
			sourceTree = "<group>";
		};
		BE802AFB1CCF55540092F2DE /* EditProject(修改项目) */ = {
			isa = PBXGroup;
			children = (
				BEB033EC1CE058B4001128D3 /* EditProjectTableViewController.swift */,
			);
			name = "EditProject(修改项目)";
			path = NewProject;
			sourceTree = "<group>";
		};
		BE802AFD1CCF55540092F2DE /* Other(其他) */ = {
			isa = PBXGroup;
			children = (
				BE9ACE791D0C03B30097A76F /* PieChartView.swift */,
			);
			name = "Other(其他)";
			path = Other;
			sourceTree = "<group>";
		};
		BE802AFE1CCF55540092F2DE /* Projects(项目列表) */ = {
			isa = PBXGroup;
			children = (
				BE6E09341CD9D45E008AABCD /* ProjectViewController.swift */,
				BE6E09361CD9D6FF008AABCD /* ProjectTableViewCell.swift */,
				BED76F5F1D167AFB00C8B521 /* AddProcessTableViewController.swift */,
				BE977A801D17B87200D6899C /* CellBackgroundView.swift */,
			);
			name = "Projects(项目列表)";
			path = Projects;
			sourceTree = "<group>";
		};
		BE802AFF1CCF55540092F2DE /* Statistics(统计) */ = {
			isa = PBXGroup;
			children = (
				BE6EEBB61CF4220E0085A9E7 /* StatisticsViewController.swift */,
			);
			name = "Statistics(统计)";
			path = Statistics;
			sourceTree = "<group>";
		};
		BEA520931CCF417F00FFE43E = {
			isa = PBXGroup;
			children = (
				BEA5209E1CCF417F00FFE43E /* PlanIt */,
				BEA520B61CCF417F00FFE43E /* PlanItTests */,
				BEA520C11CCF417F00FFE43E /* PlanItUITests */,
				BEA5209D1CCF417F00FFE43E /* Products */,
				18781393FD6AEC8657ECC396 /* Pods */,
				200B3328E0DC1CA2BA07C039 /* Frameworks */,
			);
			sourceTree = "<group>";
		};
		BEA5209D1CCF417F00FFE43E /* Products */ = {
			isa = PBXGroup;
			children = (
				BEA5209C1CCF417F00FFE43E /* PlanIt.app */,
				BEA520B31CCF417F00FFE43E /* PlanItTests.xctest */,
				BEA520BE1CCF417F00FFE43E /* PlanItUITests.xctest */,
			);
			name = Products;
			sourceTree = "<group>";
		};
		BEA5209E1CCF417F00FFE43E /* PlanIt */ = {
			isa = PBXGroup;
			children = (
				BE802AEE1CCF4B2B0092F2DE /* Classes */,
				BEA520D01CCF418B00FFE43E /* Support Files */,
				BED9DB331CD87D05007043AA /* Frameworks */,
			);
			path = PlanIt;
			sourceTree = "<group>";
		};
		BEA520B61CCF417F00FFE43E /* PlanItTests */ = {
			isa = PBXGroup;
			children = (
				BEA520B71CCF417F00FFE43E /* PlanItTests.swift */,
				BEA520B91CCF417F00FFE43E /* Info.plist */,
			);
			path = PlanItTests;
			sourceTree = "<group>";
		};
		BEA520C11CCF417F00FFE43E /* PlanItUITests */ = {
			isa = PBXGroup;
			children = (
				BEA520C21CCF417F00FFE43E /* PlanItUITests.swift */,
				BEA520C41CCF417F00FFE43E /* Info.plist */,
			);
			path = PlanItUITests;
			sourceTree = "<group>";
		};
		BEA520D01CCF418B00FFE43E /* Support Files */ = {
			isa = PBXGroup;
			children = (
				BEA5209F1CCF417F00FFE43E /* AppDelegate.swift */,
				BEA520A91CCF417F00FFE43E /* Assets.xcassets */,
				BEA520AE1CCF417F00FFE43E /* Info.plist */,
				BEA520AB1CCF417F00FFE43E /* LaunchScreen.storyboard */,
				BEA520A31CCF417F00FFE43E /* Main.storyboard */,
				BEA520A61CCF417F00FFE43E /* PlanIt.xcdatamodeld */,
				36006BD01D3BC5D800E08324 /* PlanIt-Bridging-Header.h */,
				BE279CF21CDF1D0D00D4FCFB /* PlanIt-Bridging-Header.h */,
			);
			name = "Support Files";
			sourceTree = "<group>";
		};
		BEB8B3211CF57870002A20FE /* TagListView */ = {
			isa = PBXGroup;
			children = (
				BEB8B3221CF57870002A20FE /* CloseButton.swift */,
				BEB8B3241CF57870002A20FE /* TagListView.h */,
				BEB8B3251CF57870002A20FE /* TagListView.swift */,
				BEB8B3261CF57870002A20FE /* TagView.swift */,
			);
			path = TagListView;
			sourceTree = "<group>";
		};
		BECFC3051CFABE2400D8C4C8 /* GraphView */ = {
			isa = PBXGroup;
			children = (
				BECFC3061CFABE2400D8C4C8 /* ScrollableGraphView.swift */,
			);
			path = GraphView;
			sourceTree = "<group>";
		};
		BED9DB331CD87D05007043AA /* Frameworks */ = {
			isa = PBXGroup;
			children = (
				BED9DB321CD87D05007043AA /* libsqlite3.dylib */,
			);
			name = Frameworks;
			path = "../../../../SQLiteDB-master/Examples/iOS";
			sourceTree = "<group>";
		};
/* End PBXGroup section */

/* Begin PBXNativeTarget section */
		BEA5209B1CCF417F00FFE43E /* PlanIt */ = {
			isa = PBXNativeTarget;
			buildConfigurationList = BEA520C71CCF417F00FFE43E /* Build configuration list for PBXNativeTarget "PlanIt" */;
			buildPhases = (
				2EB76F99291F69F55CE99C78 /* 📦 Check Pods Manifest.lock */,
				BEA520981CCF417F00FFE43E /* Sources */,
				BEA520991CCF417F00FFE43E /* Frameworks */,
				BEA5209A1CCF417F00FFE43E /* Resources */,
				A7800D7C50F66A735A2BC7C2 /* 📦 Embed Pods Frameworks */,
				A49993F4E05FCD16247DA550 /* 📦 Copy Pods Resources */,
			);
			buildRules = (
			);
			dependencies = (
			);
			name = PlanIt;
			productName = PlanIt;
			productReference = BEA5209C1CCF417F00FFE43E /* PlanIt.app */;
			productType = "com.apple.product-type.application";
		};
		BEA520B21CCF417F00FFE43E /* PlanItTests */ = {
			isa = PBXNativeTarget;
			buildConfigurationList = BEA520CA1CCF417F00FFE43E /* Build configuration list for PBXNativeTarget "PlanItTests" */;
			buildPhases = (
				BEA520AF1CCF417F00FFE43E /* Sources */,
				BEA520B01CCF417F00FFE43E /* Frameworks */,
				BEA520B11CCF417F00FFE43E /* Resources */,
			);
			buildRules = (
			);
			dependencies = (
				BEA520B51CCF417F00FFE43E /* PBXTargetDependency */,
			);
			name = PlanItTests;
			productName = PlanItTests;
			productReference = BEA520B31CCF417F00FFE43E /* PlanItTests.xctest */;
			productType = "com.apple.product-type.bundle.unit-test";
		};
		BEA520BD1CCF417F00FFE43E /* PlanItUITests */ = {
			isa = PBXNativeTarget;
			buildConfigurationList = BEA520CD1CCF417F00FFE43E /* Build configuration list for PBXNativeTarget "PlanItUITests" */;
			buildPhases = (
				BEA520BA1CCF417F00FFE43E /* Sources */,
				BEA520BB1CCF417F00FFE43E /* Frameworks */,
				BEA520BC1CCF417F00FFE43E /* Resources */,
			);
			buildRules = (
			);
			dependencies = (
				BEA520C01CCF417F00FFE43E /* PBXTargetDependency */,
			);
			name = PlanItUITests;
			productName = PlanItUITests;
			productReference = BEA520BE1CCF417F00FFE43E /* PlanItUITests.xctest */;
			productType = "com.apple.product-type.bundle.ui-testing";
		};
/* End PBXNativeTarget section */

/* Begin PBXProject section */
		BEA520941CCF417F00FFE43E /* Project object */ = {
			isa = PBXProject;
			attributes = {
				LastSwiftUpdateCheck = 0710;
				LastUpgradeCheck = 0710;
				ORGANIZATIONNAME = Ken;
				TargetAttributes = {
					BEA5209B1CCF417F00FFE43E = {
						CreatedOnToolsVersion = 7.1.1;
						DevelopmentTeam = CYTA756UDU;
					};
					BEA520B21CCF417F00FFE43E = {
						CreatedOnToolsVersion = 7.1.1;
						TestTargetID = BEA5209B1CCF417F00FFE43E;
					};
					BEA520BD1CCF417F00FFE43E = {
						CreatedOnToolsVersion = 7.1.1;
						TestTargetID = BEA5209B1CCF417F00FFE43E;
					};
				};
			};
			buildConfigurationList = BEA520971CCF417F00FFE43E /* Build configuration list for PBXProject "PlanIt" */;
			compatibilityVersion = "Xcode 3.2";
			developmentRegion = English;
			hasScannedForEncodings = 0;
			knownRegions = (
				en,
				Base,
			);
			mainGroup = BEA520931CCF417F00FFE43E;
			productRefGroup = BEA5209D1CCF417F00FFE43E /* Products */;
			projectDirPath = "";
			projectRoot = "";
			targets = (
				BEA5209B1CCF417F00FFE43E /* PlanIt */,
				BEA520B21CCF417F00FFE43E /* PlanItTests */,
				BEA520BD1CCF417F00FFE43E /* PlanItUITests */,
			);
		};
/* End PBXProject section */

/* Begin PBXResourcesBuildPhase section */
		BEA5209A1CCF417F00FFE43E /* Resources */ = {
			isa = PBXResourcesBuildPhase;
			buildActionMask = 2147483647;
			files = (
				BEA520AD1CCF417F00FFE43E /* LaunchScreen.storyboard in Resources */,
				BEA520AA1CCF417F00FFE43E /* Assets.xcassets in Resources */,
				BEA520A51CCF417F00FFE43E /* Main.storyboard in Resources */,
			);
			runOnlyForDeploymentPostprocessing = 0;
		};
		BEA520B11CCF417F00FFE43E /* Resources */ = {
			isa = PBXResourcesBuildPhase;
			buildActionMask = 2147483647;
			files = (
			);
			runOnlyForDeploymentPostprocessing = 0;
		};
		BEA520BC1CCF417F00FFE43E /* Resources */ = {
			isa = PBXResourcesBuildPhase;
			buildActionMask = 2147483647;
			files = (
			);
			runOnlyForDeploymentPostprocessing = 0;
		};
/* End PBXResourcesBuildPhase section */

/* Begin PBXShellScriptBuildPhase section */
		2EB76F99291F69F55CE99C78 /* 📦 Check Pods Manifest.lock */ = {
			isa = PBXShellScriptBuildPhase;
			buildActionMask = 2147483647;
			files = (
			);
			inputPaths = (
			);
			name = "📦 Check Pods Manifest.lock";
			outputPaths = (
			);
			runOnlyForDeploymentPostprocessing = 0;
			shellPath = /bin/sh;
			shellScript = "diff \"${PODS_ROOT}/../Podfile.lock\" \"${PODS_ROOT}/Manifest.lock\" > /dev/null\nif [[ $? != 0 ]] ; then\n    cat << EOM\nerror: The sandbox is not in sync with the Podfile.lock. Run 'pod install' or update your CocoaPods installation.\nEOM\n    exit 1\nfi\n";
			showEnvVarsInLog = 0;
		};
		A49993F4E05FCD16247DA550 /* 📦 Copy Pods Resources */ = {
			isa = PBXShellScriptBuildPhase;
			buildActionMask = 2147483647;
			files = (
			);
			inputPaths = (
			);
			name = "📦 Copy Pods Resources";
			outputPaths = (
			);
			runOnlyForDeploymentPostprocessing = 0;
			shellPath = /bin/sh;
			shellScript = "\"${SRCROOT}/Pods/Target Support Files/Pods-PlanIt/Pods-PlanIt-resources.sh\"\n";
			showEnvVarsInLog = 0;
		};
		A7800D7C50F66A735A2BC7C2 /* 📦 Embed Pods Frameworks */ = {
			isa = PBXShellScriptBuildPhase;
			buildActionMask = 2147483647;
			files = (
			);
			inputPaths = (
			);
			name = "📦 Embed Pods Frameworks";
			outputPaths = (
			);
			runOnlyForDeploymentPostprocessing = 0;
			shellPath = /bin/sh;
			shellScript = "\"${SRCROOT}/Pods/Target Support Files/Pods-PlanIt/Pods-PlanIt-frameworks.sh\"\n";
			showEnvVarsInLog = 0;
		};
/* End PBXShellScriptBuildPhase section */

/* Begin PBXSourcesBuildPhase section */
		BEA520981CCF417F00FFE43E /* Sources */ = {
			isa = PBXSourcesBuildPhase;
			buildActionMask = 2147483647;
			files = (
				BE9ACE7A1D0C03B30097A76F /* PieChartView.swift in Sources */,
				BE7DF7FF1CEC922000DB1CBB /* RRAddTagView.swift in Sources */,
				BE4F023A1CEF365F00126237 /* RoundTableviewCell.swift in Sources */,
				BE1C16081D2CCC4200A4B4A5 /* WebviewController.swift in Sources */,
				BEB8B3291CF57870002A20FE /* TagListView.swift in Sources */,
				BE6EEBB71CF4220E0085A9E7 /* StatisticsViewController.swift in Sources */,
				BE9ACE781D0BE2420097A76F /* Global.swift in Sources */,
				BE3B754D1D278B3900F7AEC3 /* KDCircularProgress.swift in Sources */,
				BE79BCC91D2D38B2001512D6 /* UIViewController+mojiView.swift in Sources */,
				BE45A9F91CF98845007FD5DE /* ProcessesTableViewController.swift in Sources */,
				BE977A811D17B87200D6899C /* CellBackgroundView.swift in Sources */,
				BE79BCC81D2D38B2001512D6 /* UIColor+colorFromHex.swift in Sources */,
				BE68E5491CE9B658006A1750 /* TagsViewController.swift in Sources */,
				BE6A1A6A1D3CC83200E39B7B /* WIndicatorText.swift in Sources */,
				BE7DF8011CEC922000DB1CBB /* RRTagController.swift in Sources */,
				BE6E09351CD9D45E008AABCD /* ProjectViewController.swift in Sources */,
				BE279CF81CDF1D4D00D4FCFB /* KYEmbedMainControllerSegue.swift in Sources */,
				BECFC3071CFABE2400D8C4C8 /* ScrollableGraphView.swift in Sources */,
				BE279CF71CDF1D4D00D4FCFB /* KYEmbedDrawerControllerSegue.swift in Sources */,
				BEE477FE1D1FC8CA00EF8C44 /* ChangeTagsViewControl.swift in Sources */,
				BE004A5F1D2A43A400556E85 /* TagTableViewCell.swift in Sources */,
				BEA520A01CCF417F00FFE43E /* AppDelegate.swift in Sources */,
				BEB8B32A1CF57870002A20FE /* TagView.swift in Sources */,
				BE1C16061D2CCC3800A4B4A5 /* OptionsTableViewController.swift in Sources */,
				BEA520A81CCF417F00FFE43E /* PlanIt.xcdatamodeld in Sources */,
				BE6E09331CD9C373008AABCD /* ProcessModel.swift in Sources */,
				BE5FE7A91CCF8A0E00BC5F86 /* TagModel.swift in Sources */,
				BE279CF61CDF1D4D00D4FCFB /* KYDrawerController.swift in Sources */,
				BECFC30B1CFAD43B00D8C4C8 /* ProcessTableViewCell.swift in Sources */,
				BE79BCC71D2D38B2001512D6 /* String+mojiString.swift in Sources */,
				BE6A1A691D3CC83200E39B7B /* WIndicator.swift in Sources */,
				BE79BCCB1D2D38E6001512D6 /* UIImage+mojiImage.swift in Sources */,
				BED76F601D167AFB00C8B521 /* AddProcessTableViewController.swift in Sources */,
				BEB033ED1CE058B4001128D3 /* EditProjectTableViewController.swift in Sources */,
				BE31C12E1D21168800A1A47B /* WaveLoadingIndicator.swift in Sources */,
				BE6A1A681D3CC83200E39B7B /* WActivityIndicator.swift in Sources */,
				BE5FE7A71CCF5C5400BC5F86 /* ProjectModel.swift in Sources */,
				BE7DF8001CEC922000DB1CBB /* RRTagCollectionViewCell.swift in Sources */,
				BE6E09371CD9D6FF008AABCD /* ProjectTableViewCell.swift in Sources */,
				BE93C1061CE84F1700766DD4 /* SQLiteManager.swift in Sources */,
				BECFC30D1CFADBCD00D8C4C8 /* ProcessDateModel.swift in Sources */,
				BE279CFA1CDF1E1C00D4FCFB /* MenuTableViewControl.swift in Sources */,
				BEB8B3271CF57870002A20FE /* CloseButton.swift in Sources */,
				BE79BCC61D2D38B2001512D6 /* NSDate+mojiDate.swift in Sources */,
				BE6E09311CD9C2B5008AABCD /* TagMapModel.swift in Sources */,
				BE1C160A1D2CCC4600A4B4A5 /* AboutUsWebviewController.swift in Sources */,
			);
			runOnlyForDeploymentPostprocessing = 0;
		};
		BEA520AF1CCF417F00FFE43E /* Sources */ = {
			isa = PBXSourcesBuildPhase;
			buildActionMask = 2147483647;
			files = (
				BEA520B81CCF417F00FFE43E /* PlanItTests.swift in Sources */,
			);
			runOnlyForDeploymentPostprocessing = 0;
		};
		BEA520BA1CCF417F00FFE43E /* Sources */ = {
			isa = PBXSourcesBuildPhase;
			buildActionMask = 2147483647;
			files = (
				BEA520C31CCF417F00FFE43E /* PlanItUITests.swift in Sources */,
			);
			runOnlyForDeploymentPostprocessing = 0;
		};
/* End PBXSourcesBuildPhase section */

/* Begin PBXTargetDependency section */
		BEA520B51CCF417F00FFE43E /* PBXTargetDependency */ = {
			isa = PBXTargetDependency;
			target = BEA5209B1CCF417F00FFE43E /* PlanIt */;
			targetProxy = BEA520B41CCF417F00FFE43E /* PBXContainerItemProxy */;
		};
		BEA520C01CCF417F00FFE43E /* PBXTargetDependency */ = {
			isa = PBXTargetDependency;
			target = BEA5209B1CCF417F00FFE43E /* PlanIt */;
			targetProxy = BEA520BF1CCF417F00FFE43E /* PBXContainerItemProxy */;
		};
/* End PBXTargetDependency section */

/* Begin PBXVariantGroup section */
		BEA520A31CCF417F00FFE43E /* Main.storyboard */ = {
			isa = PBXVariantGroup;
			children = (
				BEA520A41CCF417F00FFE43E /* Base */,
			);
			name = Main.storyboard;
			sourceTree = "<group>";
		};
		BEA520AB1CCF417F00FFE43E /* LaunchScreen.storyboard */ = {
			isa = PBXVariantGroup;
			children = (
				BEA520AC1CCF417F00FFE43E /* Base */,
			);
			name = LaunchScreen.storyboard;
			sourceTree = "<group>";
		};
/* End PBXVariantGroup section */

/* Begin XCBuildConfiguration section */
		BEA520C51CCF417F00FFE43E /* Debug */ = {
			isa = XCBuildConfiguration;
			buildSettings = {
				ALWAYS_SEARCH_USER_PATHS = NO;
				CLANG_CXX_LANGUAGE_STANDARD = "gnu++0x";
				CLANG_CXX_LIBRARY = "libc++";
				CLANG_ENABLE_MODULES = YES;
				CLANG_ENABLE_OBJC_ARC = YES;
				CLANG_WARN_BOOL_CONVERSION = YES;
				CLANG_WARN_CONSTANT_CONVERSION = YES;
				CLANG_WARN_DIRECT_OBJC_ISA_USAGE = YES_ERROR;
				CLANG_WARN_EMPTY_BODY = YES;
				CLANG_WARN_ENUM_CONVERSION = YES;
				CLANG_WARN_INT_CONVERSION = YES;
				CLANG_WARN_OBJC_ROOT_CLASS = YES_ERROR;
				CLANG_WARN_UNREACHABLE_CODE = YES;
				CLANG_WARN__DUPLICATE_METHOD_MATCH = YES;
				"CODE_SIGN_IDENTITY[sdk=iphoneos*]" = "iPhone Developer";
				COPY_PHASE_STRIP = NO;
				DEBUG_INFORMATION_FORMAT = dwarf;
				ENABLE_STRICT_OBJC_MSGSEND = YES;
				ENABLE_TESTABILITY = YES;
				GCC_C_LANGUAGE_STANDARD = gnu99;
				GCC_DYNAMIC_NO_PIC = NO;
				GCC_NO_COMMON_BLOCKS = YES;
				GCC_OPTIMIZATION_LEVEL = 0;
				GCC_PREPROCESSOR_DEFINITIONS = (
					"DEBUG=1",
					"$(inherited)",
				);
				GCC_WARN_64_TO_32_BIT_CONVERSION = YES;
				GCC_WARN_ABOUT_RETURN_TYPE = YES_ERROR;
				GCC_WARN_UNDECLARED_SELECTOR = YES;
				GCC_WARN_UNINITIALIZED_AUTOS = YES_AGGRESSIVE;
				GCC_WARN_UNUSED_FUNCTION = YES;
				GCC_WARN_UNUSED_VARIABLE = YES;
				IPHONEOS_DEPLOYMENT_TARGET = 9.1;
				MTL_ENABLE_DEBUG_INFO = YES;
				ONLY_ACTIVE_ARCH = YES;
				SDKROOT = iphoneos;
				SWIFT_OPTIMIZATION_LEVEL = "-Onone";
				TARGETED_DEVICE_FAMILY = "1,2";
			};
			name = Debug;
		};
		BEA520C61CCF417F00FFE43E /* Release */ = {
			isa = XCBuildConfiguration;
			buildSettings = {
				ALWAYS_SEARCH_USER_PATHS = NO;
				CLANG_CXX_LANGUAGE_STANDARD = "gnu++0x";
				CLANG_CXX_LIBRARY = "libc++";
				CLANG_ENABLE_MODULES = YES;
				CLANG_ENABLE_OBJC_ARC = YES;
				CLANG_WARN_BOOL_CONVERSION = YES;
				CLANG_WARN_CONSTANT_CONVERSION = YES;
				CLANG_WARN_DIRECT_OBJC_ISA_USAGE = YES_ERROR;
				CLANG_WARN_EMPTY_BODY = YES;
				CLANG_WARN_ENUM_CONVERSION = YES;
				CLANG_WARN_INT_CONVERSION = YES;
				CLANG_WARN_OBJC_ROOT_CLASS = YES_ERROR;
				CLANG_WARN_UNREACHABLE_CODE = YES;
				CLANG_WARN__DUPLICATE_METHOD_MATCH = YES;
				"CODE_SIGN_IDENTITY[sdk=iphoneos*]" = "iPhone Developer";
				COPY_PHASE_STRIP = NO;
				DEBUG_INFORMATION_FORMAT = "dwarf-with-dsym";
				ENABLE_NS_ASSERTIONS = NO;
				ENABLE_STRICT_OBJC_MSGSEND = YES;
				GCC_C_LANGUAGE_STANDARD = gnu99;
				GCC_NO_COMMON_BLOCKS = YES;
				GCC_WARN_64_TO_32_BIT_CONVERSION = YES;
				GCC_WARN_ABOUT_RETURN_TYPE = YES_ERROR;
				GCC_WARN_UNDECLARED_SELECTOR = YES;
				GCC_WARN_UNINITIALIZED_AUTOS = YES_AGGRESSIVE;
				GCC_WARN_UNUSED_FUNCTION = YES;
				GCC_WARN_UNUSED_VARIABLE = YES;
				IPHONEOS_DEPLOYMENT_TARGET = 9.1;
				MTL_ENABLE_DEBUG_INFO = NO;
				SDKROOT = iphoneos;
				TARGETED_DEVICE_FAMILY = "1,2";
				VALIDATE_PRODUCT = YES;
			};
			name = Release;
		};
		BEA520C81CCF417F00FFE43E /* Debug */ = {
			isa = XCBuildConfiguration;
			baseConfigurationReference = 5F835661849BEA352693A738 /* Pods-PlanIt.debug.xcconfig */;
			buildSettings = {
				ASSETCATALOG_COMPILER_APPICON_NAME = AppIcon;
				CLANG_ENABLE_MODULES = YES;
				CODE_SIGN_IDENTITY = "iPhone Developer";
				FRAMEWORK_SEARCH_PATHS = (
					"$(inherited)",
					"$(PROJECT_DIR)/build/Release-iphoneos/Popover",
				);
				INFOPLIST_FILE = PlanIt/Info.plist;
				IPHONEOS_DEPLOYMENT_TARGET = 9.0;
				LD_RUNPATH_SEARCH_PATHS = "$(inherited) @executable_path/Frameworks";
				LIBRARY_SEARCH_PATHS = (
					"$(inherited)",
					"$(PROJECT_DIR)/usr/lib",
				);
				PRODUCT_BUNDLE_IDENTIFIER = com.mojimomo.PlanIt;
				PRODUCT_NAME = "$(TARGET_NAME)";
				SWIFT_OBJC_BRIDGING_HEADER = "PlanIt-Bridging-Header.h";
				SWIFT_OPTIMIZATION_LEVEL = "-Onone";
				TARGETED_DEVICE_FAMILY = "1,2";
			};
			name = Debug;
		};
		BEA520C91CCF417F00FFE43E /* Release */ = {
			isa = XCBuildConfiguration;
			baseConfigurationReference = 09589BE40F48A418B19A9511 /* Pods-PlanIt.release.xcconfig */;
			buildSettings = {
				ASSETCATALOG_COMPILER_APPICON_NAME = AppIcon;
				CLANG_ENABLE_MODULES = YES;
				CODE_SIGN_IDENTITY = "iPhone Distribution";
				FRAMEWORK_SEARCH_PATHS = (
					"$(inherited)",
					"$(PROJECT_DIR)/build/Release-iphoneos/Popover",
				);
				INFOPLIST_FILE = PlanIt/Info.plist;
				IPHONEOS_DEPLOYMENT_TARGET = 9.0;
				LD_RUNPATH_SEARCH_PATHS = "$(inherited) @executable_path/Frameworks";
				LIBRARY_SEARCH_PATHS = (
					"$(inherited)",
					"$(PROJECT_DIR)/usr/lib",
				);
				PRODUCT_BUNDLE_IDENTIFIER = com.mojimomo.PlanIt;
				PRODUCT_NAME = "$(TARGET_NAME)";
				SWIFT_OBJC_BRIDGING_HEADER = "PlanIt-Bridging-Header.h";
				TARGETED_DEVICE_FAMILY = "1,2";
			};
			name = Release;
		};
		BEA520CB1CCF417F00FFE43E /* Debug */ = {
			isa = XCBuildConfiguration;
			buildSettings = {
				BUNDLE_LOADER = "$(TEST_HOST)";
				INFOPLIST_FILE = PlanItTests/Info.plist;
				LD_RUNPATH_SEARCH_PATHS = "$(inherited) @executable_path/Frameworks @loader_path/Frameworks";
				PRODUCT_BUNDLE_IDENTIFIER = Moji.PlanItTests;
				PRODUCT_NAME = "$(TARGET_NAME)";
				TEST_HOST = "$(BUILT_PRODUCTS_DIR)/PlanIt.app/PlanIt";
			};
			name = Debug;
		};
		BEA520CC1CCF417F00FFE43E /* Release */ = {
			isa = XCBuildConfiguration;
			buildSettings = {
				BUNDLE_LOADER = "$(TEST_HOST)";
				INFOPLIST_FILE = PlanItTests/Info.plist;
				LD_RUNPATH_SEARCH_PATHS = "$(inherited) @executable_path/Frameworks @loader_path/Frameworks";
				PRODUCT_BUNDLE_IDENTIFIER = Moji.PlanItTests;
				PRODUCT_NAME = "$(TARGET_NAME)";
				TEST_HOST = "$(BUILT_PRODUCTS_DIR)/PlanIt.app/PlanIt";
			};
			name = Release;
		};
		BEA520CE1CCF417F00FFE43E /* Debug */ = {
			isa = XCBuildConfiguration;
			buildSettings = {
				INFOPLIST_FILE = PlanItUITests/Info.plist;
				LD_RUNPATH_SEARCH_PATHS = "$(inherited) @executable_path/Frameworks @loader_path/Frameworks";
				PRODUCT_BUNDLE_IDENTIFIER = Moji.PlanItUITests;
				PRODUCT_NAME = "$(TARGET_NAME)";
				TEST_TARGET_NAME = PlanIt;
				USES_XCTRUNNER = YES;
			};
			name = Debug;
		};
		BEA520CF1CCF417F00FFE43E /* Release */ = {
			isa = XCBuildConfiguration;
			buildSettings = {
				INFOPLIST_FILE = PlanItUITests/Info.plist;
				LD_RUNPATH_SEARCH_PATHS = "$(inherited) @executable_path/Frameworks @loader_path/Frameworks";
				PRODUCT_BUNDLE_IDENTIFIER = Moji.PlanItUITests;
				PRODUCT_NAME = "$(TARGET_NAME)";
				TEST_TARGET_NAME = PlanIt;
				USES_XCTRUNNER = YES;
			};
			name = Release;
		};
		BEA824641D30DB03006A01E0 /* Ad Hoc */ = {
			isa = XCBuildConfiguration;
			buildSettings = {
				ALWAYS_SEARCH_USER_PATHS = NO;
				CLANG_CXX_LANGUAGE_STANDARD = "gnu++0x";
				CLANG_CXX_LIBRARY = "libc++";
				CLANG_ENABLE_MODULES = YES;
				CLANG_ENABLE_OBJC_ARC = YES;
				CLANG_WARN_BOOL_CONVERSION = YES;
				CLANG_WARN_CONSTANT_CONVERSION = YES;
				CLANG_WARN_DIRECT_OBJC_ISA_USAGE = YES_ERROR;
				CLANG_WARN_EMPTY_BODY = YES;
				CLANG_WARN_ENUM_CONVERSION = YES;
				CLANG_WARN_INT_CONVERSION = YES;
				CLANG_WARN_OBJC_ROOT_CLASS = YES_ERROR;
				CLANG_WARN_UNREACHABLE_CODE = YES;
				CLANG_WARN__DUPLICATE_METHOD_MATCH = YES;
				"CODE_SIGN_IDENTITY[sdk=iphoneos*]" = "iPhone Developer";
				COPY_PHASE_STRIP = NO;
				DEBUG_INFORMATION_FORMAT = "dwarf-with-dsym";
				ENABLE_NS_ASSERTIONS = NO;
				ENABLE_STRICT_OBJC_MSGSEND = YES;
				GCC_C_LANGUAGE_STANDARD = gnu99;
				GCC_NO_COMMON_BLOCKS = YES;
				GCC_WARN_64_TO_32_BIT_CONVERSION = YES;
				GCC_WARN_ABOUT_RETURN_TYPE = YES_ERROR;
				GCC_WARN_UNDECLARED_SELECTOR = YES;
				GCC_WARN_UNINITIALIZED_AUTOS = YES_AGGRESSIVE;
				GCC_WARN_UNUSED_FUNCTION = YES;
				GCC_WARN_UNUSED_VARIABLE = YES;
				IPHONEOS_DEPLOYMENT_TARGET = 9.1;
				MTL_ENABLE_DEBUG_INFO = NO;
				SDKROOT = iphoneos;
				TARGETED_DEVICE_FAMILY = "1,2";
				VALIDATE_PRODUCT = YES;
			};
			name = "Ad Hoc";
		};
		BEA824651D30DB03006A01E0 /* Ad Hoc */ = {
			isa = XCBuildConfiguration;
			baseConfigurationReference = 09589BE40F48A418B19A9511 /* Pods-PlanIt.release.xcconfig */;
			buildSettings = {
				ASSETCATALOG_COMPILER_APPICON_NAME = AppIcon;
				CLANG_ENABLE_MODULES = YES;
				CODE_SIGN_IDENTITY = "iPhone Distribution";
				FRAMEWORK_SEARCH_PATHS = (
					"$(inherited)",
					"$(PROJECT_DIR)/build/Release-iphoneos/Popover",
				);
				INFOPLIST_FILE = PlanIt/Info.plist;
				IPHONEOS_DEPLOYMENT_TARGET = 9.0;
				LD_RUNPATH_SEARCH_PATHS = "$(inherited) @executable_path/Frameworks";
				LIBRARY_SEARCH_PATHS = (
					"$(inherited)",
					"$(PROJECT_DIR)/usr/lib",
				);
				PRODUCT_BUNDLE_IDENTIFIER = com.mojimomo.PlanIt;
				PRODUCT_NAME = "$(TARGET_NAME)";
				SWIFT_OBJC_BRIDGING_HEADER = "PlanIt-Bridging-Header.h";
				TARGETED_DEVICE_FAMILY = "1,2";
			};
			name = "Ad Hoc";
		};
		BEA824661D30DB03006A01E0 /* Ad Hoc */ = {
			isa = XCBuildConfiguration;
			buildSettings = {
				BUNDLE_LOADER = "$(TEST_HOST)";
				INFOPLIST_FILE = PlanItTests/Info.plist;
				LD_RUNPATH_SEARCH_PATHS = "$(inherited) @executable_path/Frameworks @loader_path/Frameworks";
				PRODUCT_BUNDLE_IDENTIFIER = Moji.PlanItTests;
				PRODUCT_NAME = "$(TARGET_NAME)";
				TEST_HOST = "$(BUILT_PRODUCTS_DIR)/PlanIt.app/PlanIt";
			};
			name = "Ad Hoc";
		};
		BEA824671D30DB03006A01E0 /* Ad Hoc */ = {
			isa = XCBuildConfiguration;
			buildSettings = {
				INFOPLIST_FILE = PlanItUITests/Info.plist;
				LD_RUNPATH_SEARCH_PATHS = "$(inherited) @executable_path/Frameworks @loader_path/Frameworks";
				PRODUCT_BUNDLE_IDENTIFIER = Moji.PlanItUITests;
				PRODUCT_NAME = "$(TARGET_NAME)";
				TEST_TARGET_NAME = PlanIt;
				USES_XCTRUNNER = YES;
			};
			name = "Ad Hoc";
		};
/* End XCBuildConfiguration section */

/* Begin XCConfigurationList section */
		BEA520971CCF417F00FFE43E /* Build configuration list for PBXProject "PlanIt" */ = {
			isa = XCConfigurationList;
			buildConfigurations = (
				BEA520C51CCF417F00FFE43E /* Debug */,
				BEA520C61CCF417F00FFE43E /* Release */,
				BEA824641D30DB03006A01E0 /* Ad Hoc */,
			);
			defaultConfigurationIsVisible = 0;
			defaultConfigurationName = Release;
		};
		BEA520C71CCF417F00FFE43E /* Build configuration list for PBXNativeTarget "PlanIt" */ = {
			isa = XCConfigurationList;
			buildConfigurations = (
				BEA520C81CCF417F00FFE43E /* Debug */,
				BEA520C91CCF417F00FFE43E /* Release */,
				BEA824651D30DB03006A01E0 /* Ad Hoc */,
			);
			defaultConfigurationIsVisible = 0;
			defaultConfigurationName = Release;
		};
		BEA520CA1CCF417F00FFE43E /* Build configuration list for PBXNativeTarget "PlanItTests" */ = {
			isa = XCConfigurationList;
			buildConfigurations = (
				BEA520CB1CCF417F00FFE43E /* Debug */,
				BEA520CC1CCF417F00FFE43E /* Release */,
				BEA824661D30DB03006A01E0 /* Ad Hoc */,
			);
			defaultConfigurationIsVisible = 0;
			defaultConfigurationName = Release;
		};
		BEA520CD1CCF417F00FFE43E /* Build configuration list for PBXNativeTarget "PlanItUITests" */ = {
			isa = XCConfigurationList;
			buildConfigurations = (
				BEA520CE1CCF417F00FFE43E /* Debug */,
				BEA520CF1CCF417F00FFE43E /* Release */,
				BEA824671D30DB03006A01E0 /* Ad Hoc */,
			);
			defaultConfigurationIsVisible = 0;
			defaultConfigurationName = Release;
		};
/* End XCConfigurationList section */

/* Begin XCVersionGroup section */
		BEA520A61CCF417F00FFE43E /* PlanIt.xcdatamodeld */ = {
			isa = XCVersionGroup;
			children = (
				BEA520A71CCF417F00FFE43E /* PlanIt.xcdatamodel */,
			);
			currentVersion = BEA520A71CCF417F00FFE43E /* PlanIt.xcdatamodel */;
			path = PlanIt.xcdatamodeld;
			sourceTree = "<group>";
			versionGroupType = wrapper.xcdatamodel;
		};
/* End XCVersionGroup section */
	};
	rootObject = BEA520941CCF417F00FFE43E /* Project object */;
}
